
Microsoft Visual Studio Solution File, Format Version 12.00
# Visual Studio 2013
VisualStudioVersion = 12.0.20827.3
MinimumVisualStudioVersion = 10.0.40219.1
Project("{2150E333-8FDC-42A3-9474-1A3956D46DE8}") = "Platforms", "Platforms", "{59584026-7610-4CD5-A74E-D2B0A2E1CE87}"
EndProject
Project("{2150E333-8FDC-42A3-9474-1A3956D46DE8}") = "Tests", "Tests", "{0C4021EF-617B-4620-ADD3-A702B4F9FA86}"
EndProject
Project("{2150E333-8FDC-42A3-9474-1A3956D46DE8}") = "Examples", "Examples", "{49C7015B-F41A-47A6-8200-B925902E74E9}"
EndProject
Project("{2150E333-8FDC-42A3-9474-1A3956D46DE8}") = ".nuget", ".nuget", "{5BD976ED-6E22-44A3-A5A1-D6C6633BAADD}"
	ProjectSection(SolutionItems) = preProject
		.nuget\NuGet.Config = .nuget\NuGet.Config
		.nuget\NuGet.exe = .nuget\NuGet.exe
		.nuget\NuGet.targets = .nuget\NuGet.targets
	EndProjectSection
EndProject
Project("{FAE04EC0-301F-11D3-BF4B-00C04F79EFBC}") = "SQLite.Net", "src\SQLite.Net\SQLite.Net.csproj", "{4971D437-0694-4297-A8CC-146CE08C3BD9}"
EndProject
Project("{FAE04EC0-301F-11D3-BF4B-00C04F79EFBC}") = "SQLite.Net.Tests", "tests\SQLite.Net.Tests.csproj", "{9A22AD2D-9DF8-4036-A64B-47ED35524EBC}"
EndProject
Project("{FAE04EC0-301F-11D3-BF4B-00C04F79EFBC}") = "SQLite.Net.Async", "src\SQLite.Net.Async\SQLite.Net.Async.csproj", "{3AB34E91-8E1A-442F-8E66-2494B371A890}"
EndProject
Project("{FAE04EC0-301F-11D3-BF4B-00C04F79EFBC}") = "SQLite.Net.Platform.Win32", "src\SQLite.Net.Platform.Win32\SQLite.Net.Platform.Win32.csproj", "{03799AD1-9FCF-48CB-8E6E-B233DF583B10}"
EndProject
Project("{FAE04EC0-301F-11D3-BF4B-00C04F79EFBC}") = "SQLite.Net.Platform.WinRT", "src\SQLite.Net.Platform.WinRT\SQLite.Net.Platform.WinRT.csproj", "{6891E212-AEEE-4763-AC6F-BD7213C13890}"
EndProject
Project("{FAE04EC0-301F-11D3-BF4B-00C04F79EFBC}") = "SQLite.Net.Platform.Silverlight", "src\SQLite.Net.Platform.Silverlight\SQLite.Net.Platform.Silverlight.csproj", "{3890B56D-EAE8-4A12-A98F-F2637A71F6C0}"
EndProject
Project("{FAE04EC0-301F-11D3-BF4B-00C04F79EFBC}") = "SQLite.Net.Platform.WindowsPhone8", "src\SQLite.Net.Platform.WindowsPhone8\SQLite.Net.Platform.WindowsPhone8.csproj", "{741521F8-F9D8-40F4-A5D4-AED4E26841ED}"
EndProject
Project("{FAE04EC0-301F-11D3-BF4B-00C04F79EFBC}") = "SQLite.Net.Platform.WindowsPhone8.CSharpSqlite", "src\SQLite.Net.Platform.WindowsPhone8.CSharpSqlite\SQLite.Net.Platform.WindowsPhone8.CSharpSqlite.csproj", "{BC4BFEB2-05EE-4EAD-BC41-023BFB79F187}"
EndProject
Project("{FAE04EC0-301F-11D3-BF4B-00C04F79EFBC}") = "SQLite.Net.Platform.WindowsPhone8.NativeSqlite", "src\SQLite.Net.Platform.WindowsPhone8.NativeSqlite\SQLite.Net.Platform.WindowsPhone8.NativeSqlite.csproj", "{90E22561-0D77-4981-B1EA-F588E96FB27F}"
EndProject
Project("{FAE04EC0-301F-11D3-BF4B-00C04F79EFBC}") = "SQLite.Net.Platform.XamarinIOS", "src\SQLite.Net.Platform.XamarinIOS\SQLite.Net.Platform.XamarinIOS.csproj", "{6377929D-6253-450D-BF4B-3E8ECE2564F7}"
EndProject
Project("{FAE04EC0-301F-11D3-BF4B-00C04F79EFBC}") = "SQLite.Net.Platform.XamarinAndroid", "src\SQLite.Net.Platform.XamarinAndroid\SQLite.Net.Platform.XamarinAndroid.csproj", "{219700F0-5444-4250-87D6-0551B39CA402}"
EndProject
Project("{FAE04EC0-301F-11D3-BF4B-00C04F79EFBC}") = "SQLite.Net.Platform.WindowsPhone71", "src\SQLite.Net.Platform.WindowsPhone71\SQLite.Net.Platform.WindowsPhone71.csproj", "{60C7FE20-0404-47CD-BCA0-10E0E7383E33}"
EndProject
Project("{FAE04EC0-301F-11D3-BF4B-00C04F79EFBC}") = "Stocks", "examples\Stocks\Stocks.csproj", "{9E5D6B89-B69B-486B-9F7B-406BE8690589}"
EndProject
Global
	GlobalSection(SolutionConfigurationPlatforms) = preSolution
		Debug|Any CPU = Debug|Any CPU
		Debug|ARM = Debug|ARM
		Debug|x64 = Debug|x64
		Debug|x86 = Debug|x86
		Release|Any CPU = Release|Any CPU
		Release|ARM = Release|ARM
		Release|x64 = Release|x64
		Release|x86 = Release|x86
	EndGlobalSection
	GlobalSection(ProjectConfigurationPlatforms) = postSolution
		{4971D437-0694-4297-A8CC-146CE08C3BD9}.Debug|Any CPU.ActiveCfg = Debug|Any CPU
		{4971D437-0694-4297-A8CC-146CE08C3BD9}.Debug|Any CPU.Build.0 = Debug|Any CPU
		{4971D437-0694-4297-A8CC-146CE08C3BD9}.Debug|ARM.ActiveCfg = Debug|Any CPU
		{4971D437-0694-4297-A8CC-146CE08C3BD9}.Debug|x64.ActiveCfg = Debug|Any CPU
		{4971D437-0694-4297-A8CC-146CE08C3BD9}.Debug|x86.ActiveCfg = Debug|Any CPU
		{4971D437-0694-4297-A8CC-146CE08C3BD9}.Release|Any CPU.ActiveCfg = Release|Any CPU
		{4971D437-0694-4297-A8CC-146CE08C3BD9}.Release|Any CPU.Build.0 = Release|Any CPU
		{4971D437-0694-4297-A8CC-146CE08C3BD9}.Release|ARM.ActiveCfg = Release|Any CPU
		{4971D437-0694-4297-A8CC-146CE08C3BD9}.Release|x64.ActiveCfg = Release|Any CPU
		{4971D437-0694-4297-A8CC-146CE08C3BD9}.Release|x86.ActiveCfg = Release|Any CPU
		{9A22AD2D-9DF8-4036-A64B-47ED35524EBC}.Debug|Any CPU.ActiveCfg = Debug|Any CPU
		{9A22AD2D-9DF8-4036-A64B-47ED35524EBC}.Debug|Any CPU.Build.0 = Debug|Any CPU
		{9A22AD2D-9DF8-4036-A64B-47ED35524EBC}.Debug|ARM.ActiveCfg = Debug|Any CPU
		{9A22AD2D-9DF8-4036-A64B-47ED35524EBC}.Debug|x64.ActiveCfg = Debug|Any CPU
		{9A22AD2D-9DF8-4036-A64B-47ED35524EBC}.Debug|x86.ActiveCfg = Debug|Any CPU
		{9A22AD2D-9DF8-4036-A64B-47ED35524EBC}.Release|Any CPU.ActiveCfg = Release|Any CPU
		{9A22AD2D-9DF8-4036-A64B-47ED35524EBC}.Release|Any CPU.Build.0 = Release|Any CPU
		{9A22AD2D-9DF8-4036-A64B-47ED35524EBC}.Release|ARM.ActiveCfg = Release|Any CPU
		{9A22AD2D-9DF8-4036-A64B-47ED35524EBC}.Release|x64.ActiveCfg = Release|Any CPU
		{9A22AD2D-9DF8-4036-A64B-47ED35524EBC}.Release|x86.ActiveCfg = Release|Any CPU
		{3AB34E91-8E1A-442F-8E66-2494B371A890}.Debug|Any CPU.ActiveCfg = Debug|Any CPU
		{3AB34E91-8E1A-442F-8E66-2494B371A890}.Debug|Any CPU.Build.0 = Debug|Any CPU
		{3AB34E91-8E1A-442F-8E66-2494B371A890}.Debug|ARM.ActiveCfg = Debug|Any CPU
		{3AB34E91-8E1A-442F-8E66-2494B371A890}.Debug|x64.ActiveCfg = Debug|Any CPU
		{3AB34E91-8E1A-442F-8E66-2494B371A890}.Debug|x86.ActiveCfg = Debug|Any CPU
		{3AB34E91-8E1A-442F-8E66-2494B371A890}.Release|Any CPU.ActiveCfg = Release|Any CPU
		{3AB34E91-8E1A-442F-8E66-2494B371A890}.Release|Any CPU.Build.0 = Release|Any CPU
		{3AB34E91-8E1A-442F-8E66-2494B371A890}.Release|ARM.ActiveCfg = Release|Any CPU
		{3AB34E91-8E1A-442F-8E66-2494B371A890}.Release|x64.ActiveCfg = Release|Any CPU
		{3AB34E91-8E1A-442F-8E66-2494B371A890}.Release|x86.ActiveCfg = Release|Any CPU
		{03799AD1-9FCF-48CB-8E6E-B233DF583B10}.Debug|Any CPU.ActiveCfg = Debug|Any CPU
		{03799AD1-9FCF-48CB-8E6E-B233DF583B10}.Debug|Any CPU.Build.0 = Debug|Any CPU
		{03799AD1-9FCF-48CB-8E6E-B233DF583B10}.Debug|ARM.ActiveCfg = Debug|Any CPU
		{03799AD1-9FCF-48CB-8E6E-B233DF583B10}.Debug|x64.ActiveCfg = Debug|Any CPU
		{03799AD1-9FCF-48CB-8E6E-B233DF583B10}.Debug|x86.ActiveCfg = Debug|Any CPU
		{03799AD1-9FCF-48CB-8E6E-B233DF583B10}.Release|Any CPU.ActiveCfg = Release|Any CPU
		{03799AD1-9FCF-48CB-8E6E-B233DF583B10}.Release|Any CPU.Build.0 = Release|Any CPU
		{03799AD1-9FCF-48CB-8E6E-B233DF583B10}.Release|ARM.ActiveCfg = Release|Any CPU
		{03799AD1-9FCF-48CB-8E6E-B233DF583B10}.Release|x64.ActiveCfg = Release|Any CPU
		{03799AD1-9FCF-48CB-8E6E-B233DF583B10}.Release|x86.ActiveCfg = Release|Any CPU
		{6891E212-AEEE-4763-AC6F-BD7213C13890}.Debug|Any CPU.ActiveCfg = Debug|Any CPU
		{6891E212-AEEE-4763-AC6F-BD7213C13890}.Debug|Any CPU.Build.0 = Debug|Any CPU
		{6891E212-AEEE-4763-AC6F-BD7213C13890}.Debug|ARM.ActiveCfg = Debug|ARM
		{6891E212-AEEE-4763-AC6F-BD7213C13890}.Debug|ARM.Build.0 = Debug|ARM
		{6891E212-AEEE-4763-AC6F-BD7213C13890}.Debug|x64.ActiveCfg = Debug|x64
		{6891E212-AEEE-4763-AC6F-BD7213C13890}.Debug|x64.Build.0 = Debug|x64
		{6891E212-AEEE-4763-AC6F-BD7213C13890}.Debug|x86.ActiveCfg = Debug|x86
		{6891E212-AEEE-4763-AC6F-BD7213C13890}.Debug|x86.Build.0 = Debug|x86
		{6891E212-AEEE-4763-AC6F-BD7213C13890}.Release|Any CPU.ActiveCfg = Release|Any CPU
		{6891E212-AEEE-4763-AC6F-BD7213C13890}.Release|Any CPU.Build.0 = Release|Any CPU
		{6891E212-AEEE-4763-AC6F-BD7213C13890}.Release|ARM.ActiveCfg = Release|ARM
		{6891E212-AEEE-4763-AC6F-BD7213C13890}.Release|ARM.Build.0 = Release|ARM
		{6891E212-AEEE-4763-AC6F-BD7213C13890}.Release|x64.ActiveCfg = Release|x64
		{6891E212-AEEE-4763-AC6F-BD7213C13890}.Release|x64.Build.0 = Release|x64
		{6891E212-AEEE-4763-AC6F-BD7213C13890}.Release|x86.ActiveCfg = Release|x86
		{6891E212-AEEE-4763-AC6F-BD7213C13890}.Release|x86.Build.0 = Release|x86
		{3890B56D-EAE8-4A12-A98F-F2637A71F6C0}.Debug|Any CPU.ActiveCfg = Debug|Any CPU
		{3890B56D-EAE8-4A12-A98F-F2637A71F6C0}.Debug|Any CPU.Build.0 = Debug|Any CPU
		{3890B56D-EAE8-4A12-A98F-F2637A71F6C0}.Debug|ARM.ActiveCfg = Debug|Any CPU
		{3890B56D-EAE8-4A12-A98F-F2637A71F6C0}.Debug|x64.ActiveCfg = Debug|Any CPU
		{3890B56D-EAE8-4A12-A98F-F2637A71F6C0}.Debug|x86.ActiveCfg = Debug|Any CPU
		{3890B56D-EAE8-4A12-A98F-F2637A71F6C0}.Release|Any CPU.ActiveCfg = Release|Any CPU
		{3890B56D-EAE8-4A12-A98F-F2637A71F6C0}.Release|Any CPU.Build.0 = Release|Any CPU
		{3890B56D-EAE8-4A12-A98F-F2637A71F6C0}.Release|ARM.ActiveCfg = Release|Any CPU
		{3890B56D-EAE8-4A12-A98F-F2637A71F6C0}.Release|x64.ActiveCfg = Release|Any CPU
		{3890B56D-EAE8-4A12-A98F-F2637A71F6C0}.Release|x86.ActiveCfg = Release|Any CPU
		{741521F8-F9D8-40F4-A5D4-AED4E26841ED}.Debug|Any CPU.ActiveCfg = Debug|Any CPU
		{741521F8-F9D8-40F4-A5D4-AED4E26841ED}.Debug|Any CPU.Build.0 = Debug|Any CPU
		{741521F8-F9D8-40F4-A5D4-AED4E26841ED}.Debug|ARM.ActiveCfg = Debug|ARM
		{741521F8-F9D8-40F4-A5D4-AED4E26841ED}.Debug|ARM.Build.0 = Debug|ARM
		{741521F8-F9D8-40F4-A5D4-AED4E26841ED}.Debug|x64.ActiveCfg = Debug|Any CPU
		{741521F8-F9D8-40F4-A5D4-AED4E26841ED}.Debug|x86.ActiveCfg = Debug|x86
		{741521F8-F9D8-40F4-A5D4-AED4E26841ED}.Debug|x86.Build.0 = Debug|x86
		{741521F8-F9D8-40F4-A5D4-AED4E26841ED}.Release|Any CPU.ActiveCfg = Release|Any CPU
		{741521F8-F9D8-40F4-A5D4-AED4E26841ED}.Release|Any CPU.Build.0 = Release|Any CPU
		{741521F8-F9D8-40F4-A5D4-AED4E26841ED}.Release|ARM.ActiveCfg = Release|ARM
		{741521F8-F9D8-40F4-A5D4-AED4E26841ED}.Release|ARM.Build.0 = Release|ARM
		{741521F8-F9D8-40F4-A5D4-AED4E26841ED}.Release|x64.ActiveCfg = Release|Any CPU
		{741521F8-F9D8-40F4-A5D4-AED4E26841ED}.Release|x86.ActiveCfg = Release|x86
		{741521F8-F9D8-40F4-A5D4-AED4E26841ED}.Release|x86.Build.0 = Release|x86
		{BC4BFEB2-05EE-4EAD-BC41-023BFB79F187}.Debug|Any CPU.ActiveCfg = Debug|Any CPU
		{BC4BFEB2-05EE-4EAD-BC41-023BFB79F187}.Debug|Any CPU.Build.0 = Debug|Any CPU
		{BC4BFEB2-05EE-4EAD-BC41-023BFB79F187}.Debug|ARM.ActiveCfg = Debug|ARM
		{BC4BFEB2-05EE-4EAD-BC41-023BFB79F187}.Debug|ARM.Build.0 = Debug|ARM
		{BC4BFEB2-05EE-4EAD-BC41-023BFB79F187}.Debug|x64.ActiveCfg = Debug|Any CPU
		{BC4BFEB2-05EE-4EAD-BC41-023BFB79F187}.Debug|x86.ActiveCfg = Debug|x86
		{BC4BFEB2-05EE-4EAD-BC41-023BFB79F187}.Debug|x86.Build.0 = Debug|x86
		{BC4BFEB2-05EE-4EAD-BC41-023BFB79F187}.Release|Any CPU.ActiveCfg = Release|Any CPU
		{BC4BFEB2-05EE-4EAD-BC41-023BFB79F187}.Release|Any CPU.Build.0 = Release|Any CPU
		{BC4BFEB2-05EE-4EAD-BC41-023BFB79F187}.Release|ARM.ActiveCfg = Release|ARM
		{BC4BFEB2-05EE-4EAD-BC41-023BFB79F187}.Release|ARM.Build.0 = Release|ARM
		{BC4BFEB2-05EE-4EAD-BC41-023BFB79F187}.Release|x64.ActiveCfg = Release|Any CPU
		{BC4BFEB2-05EE-4EAD-BC41-023BFB79F187}.Release|x86.ActiveCfg = Release|x86
		{BC4BFEB2-05EE-4EAD-BC41-023BFB79F187}.Release|x86.Build.0 = Release|x86
		{90E22561-0D77-4981-B1EA-F588E96FB27F}.Debug|Any CPU.ActiveCfg = Debug|Any CPU
		{90E22561-0D77-4981-B1EA-F588E96FB27F}.Debug|Any CPU.Build.0 = Debug|Any CPU
		{90E22561-0D77-4981-B1EA-F588E96FB27F}.Debug|ARM.ActiveCfg = Debug|ARM
		{90E22561-0D77-4981-B1EA-F588E96FB27F}.Debug|ARM.Build.0 = Debug|ARM
		{90E22561-0D77-4981-B1EA-F588E96FB27F}.Debug|x64.ActiveCfg = Debug|Any CPU
		{90E22561-0D77-4981-B1EA-F588E96FB27F}.Debug|x86.ActiveCfg = Debug|x86
		{90E22561-0D77-4981-B1EA-F588E96FB27F}.Debug|x86.Build.0 = Debug|x86
		{90E22561-0D77-4981-B1EA-F588E96FB27F}.Release|Any CPU.ActiveCfg = Release|Any CPU
		{90E22561-0D77-4981-B1EA-F588E96FB27F}.Release|Any CPU.Build.0 = Release|Any CPU
		{90E22561-0D77-4981-B1EA-F588E96FB27F}.Release|ARM.ActiveCfg = Release|ARM
		{90E22561-0D77-4981-B1EA-F588E96FB27F}.Release|ARM.Build.0 = Release|ARM
		{90E22561-0D77-4981-B1EA-F588E96FB27F}.Release|x64.ActiveCfg = Release|Any CPU
		{90E22561-0D77-4981-B1EA-F588E96FB27F}.Release|x86.ActiveCfg = Release|x86
		{90E22561-0D77-4981-B1EA-F588E96FB27F}.Release|x86.Build.0 = Release|x86
		{6377929D-6253-450D-BF4B-3E8ECE2564F7}.Debug|Any CPU.ActiveCfg = Debug|Any CPU
		{6377929D-6253-450D-BF4B-3E8ECE2564F7}.Debug|Any CPU.Build.0 = Debug|Any CPU
		{6377929D-6253-450D-BF4B-3E8ECE2564F7}.Debug|ARM.ActiveCfg = Debug|Any CPU
		{6377929D-6253-450D-BF4B-3E8ECE2564F7}.Debug|x64.ActiveCfg = Debug|Any CPU
		{6377929D-6253-450D-BF4B-3E8ECE2564F7}.Debug|x86.ActiveCfg = Debug|Any CPU
		{6377929D-6253-450D-BF4B-3E8ECE2564F7}.Release|Any CPU.ActiveCfg = Release|Any CPU
		{6377929D-6253-450D-BF4B-3E8ECE2564F7}.Release|Any CPU.Build.0 = Release|Any CPU
		{6377929D-6253-450D-BF4B-3E8ECE2564F7}.Release|ARM.ActiveCfg = Release|Any CPU
		{6377929D-6253-450D-BF4B-3E8ECE2564F7}.Release|x64.ActiveCfg = Release|Any CPU
		{6377929D-6253-450D-BF4B-3E8ECE2564F7}.Release|x86.ActiveCfg = Release|Any CPU
		{219700F0-5444-4250-87D6-0551B39CA402}.Debug|Any CPU.ActiveCfg = Debug|Any CPU
		{219700F0-5444-4250-87D6-0551B39CA402}.Debug|Any CPU.Build.0 = Debug|Any CPU
		{219700F0-5444-4250-87D6-0551B39CA402}.Debug|ARM.ActiveCfg = Debug|Any CPU
		{219700F0-5444-4250-87D6-0551B39CA402}.Debug|x64.ActiveCfg = Debug|Any CPU
		{219700F0-5444-4250-87D6-0551B39CA402}.Debug|x86.ActiveCfg = Debug|Any CPU
		{219700F0-5444-4250-87D6-0551B39CA402}.Release|Any CPU.ActiveCfg = Release|Any CPU
		{219700F0-5444-4250-87D6-0551B39CA402}.Release|Any CPU.Build.0 = Release|Any CPU
		{219700F0-5444-4250-87D6-0551B39CA402}.Release|ARM.ActiveCfg = Release|Any CPU
		{219700F0-5444-4250-87D6-0551B39CA402}.Release|x64.ActiveCfg = Release|Any CPU
		{219700F0-5444-4250-87D6-0551B39CA402}.Release|x86.ActiveCfg = Release|Any CPU
		{60C7FE20-0404-47CD-BCA0-10E0E7383E33}.Debug|Any CPU.ActiveCfg = Debug|Any CPU
		{60C7FE20-0404-47CD-BCA0-10E0E7383E33}.Debug|Any CPU.Build.0 = Debug|Any CPU
		{60C7FE20-0404-47CD-BCA0-10E0E7383E33}.Debug|ARM.ActiveCfg = Debug|Any CPU
		{60C7FE20-0404-47CD-BCA0-10E0E7383E33}.Debug|x64.ActiveCfg = Debug|Any CPU
		{60C7FE20-0404-47CD-BCA0-10E0E7383E33}.Debug|x86.ActiveCfg = Debug|Any CPU
		{60C7FE20-0404-47CD-BCA0-10E0E7383E33}.Release|Any CPU.ActiveCfg = Release|Any CPU
		{60C7FE20-0404-47CD-BCA0-10E0E7383E33}.Release|Any CPU.Build.0 = Release|Any CPU
		{60C7FE20-0404-47CD-BCA0-10E0E7383E33}.Release|ARM.ActiveCfg = Release|Any CPU
		{60C7FE20-0404-47CD-BCA0-10E0E7383E33}.Release|x64.ActiveCfg = Release|Any CPU
		{60C7FE20-0404-47CD-BCA0-10E0E7383E33}.Release|x86.ActiveCfg = Release|Any CPU
		{9E5D6B89-B69B-486B-9F7B-406BE8690589}.Debug|Any CPU.ActiveCfg = Debug|Any CPU
		{9E5D6B89-B69B-486B-9F7B-406BE8690589}.Debug|Any CPU.Build.0 = Debug|Any CPU
		{9E5D6B89-B69B-486B-9F7B-406BE8690589}.Debug|ARM.ActiveCfg = Debug|Any CPU
		{9E5D6B89-B69B-486B-9F7B-406BE8690589}.Debug|x64.ActiveCfg = Debug|Any CPU
		{9E5D6B89-B69B-486B-9F7B-406BE8690589}.Debug|x86.ActiveCfg = Debug|Any CPU
		{9E5D6B89-B69B-486B-9F7B-406BE8690589}.Release|Any CPU.ActiveCfg = Release|Any CPU
		{9E5D6B89-B69B-486B-9F7B-406BE8690589}.Release|Any CPU.Build.0 = Release|Any CPU
		{9E5D6B89-B69B-486B-9F7B-406BE8690589}.Release|ARM.ActiveCfg = Release|Any CPU
		{9E5D6B89-B69B-486B-9F7B-406BE8690589}.Release|x64.ActiveCfg = Release|Any CPU
		{9E5D6B89-B69B-486B-9F7B-406BE8690589}.Release|x86.ActiveCfg = Release|Any CPU
	EndGlobalSection
	GlobalSection(SolutionProperties) = preSolution
		HideSolutionNode = FALSE
	EndGlobalSection
	GlobalSection(NestedProjects) = preSolution
		{03799AD1-9FCF-48CB-8E6E-B233DF583B10} = {59584026-7610-4CD5-A74E-D2B0A2E1CE87}
		{6891E212-AEEE-4763-AC6F-BD7213C13890} = {59584026-7610-4CD5-A74E-D2B0A2E1CE87}
		{3890B56D-EAE8-4A12-A98F-F2637A71F6C0} = {59584026-7610-4CD5-A74E-D2B0A2E1CE87}
		{741521F8-F9D8-40F4-A5D4-AED4E26841ED} = {59584026-7610-4CD5-A74E-D2B0A2E1CE87}
		{BC4BFEB2-05EE-4EAD-BC41-023BFB79F187} = {59584026-7610-4CD5-A74E-D2B0A2E1CE87}
		{90E22561-0D77-4981-B1EA-F588E96FB27F} = {59584026-7610-4CD5-A74E-D2B0A2E1CE87}
		{6377929D-6253-450D-BF4B-3E8ECE2564F7} = {59584026-7610-4CD5-A74E-D2B0A2E1CE87}
		{219700F0-5444-4250-87D6-0551B39CA402} = {59584026-7610-4CD5-A74E-D2B0A2E1CE87}
		{60C7FE20-0404-47CD-BCA0-10E0E7383E33} = {59584026-7610-4CD5-A74E-D2B0A2E1CE87}
		{9A22AD2D-9DF8-4036-A64B-47ED35524EBC} = {0C4021EF-617B-4620-ADD3-A702B4F9FA86}
		{9E5D6B89-B69B-486B-9F7B-406BE8690589} = {49C7015B-F41A-47A6-8200-B925902E74E9}
	EndGlobalSection
	GlobalSection(MonoDevelopProperties) = preSolution
		StartupItem = tests\SQLite.Tests.csproj
	EndGlobalSection
EndGlobal
