
Microsoft Visual Studio Solution File, Format Version 12.00
# Visual Studio 14
VisualStudioVersion = 14.0.23107.0
MinimumVisualStudioVersion = 10.0.40219.1
Project("{2150E333-8FDC-42A3-9474-1A3956D46DE8}") = "Platforms", "Platforms", "{59584026-7610-4CD5-A74E-D2B0A2E1CE87}"
EndProject
Project("{FAE04EC0-301F-11D3-BF4B-00C04F79EFBC}") = "SQLite.Net.Platform.Win32", "src\SQLite.Net.Platform.Win32\SQLite.Net.Platform.Win32.csproj", "{03799AD1-9FCF-48CB-8E6E-B233DF583B10}"
EndProject
Project("{FAE04EC0-301F-11D3-BF4B-00C04F79EFBC}") = "SQLite.Net.Platform.WinRT", "src\SQLite.Net.Platform.WinRT\SQLite.Net.Platform.WinRT.csproj", "{6891E212-AEEE-4763-AC6F-BD7213C13890}"
EndProject
Project("{FAE04EC0-301F-11D3-BF4B-00C04F79EFBC}") = "SQLite.Net.Platform.WindowsPhone8", "src\SQLite.Net.Platform.WindowsPhone8\SQLite.Net.Platform.WindowsPhone8.csproj", "{741521F8-F9D8-40F4-A5D4-AED4E26841ED}"
EndProject
Project("{FAE04EC0-301F-11D3-BF4B-00C04F79EFBC}") = "SQLite.Net.Platform.XamarinIOS", "src\SQLite.Net.Platform.XamarinIOS\SQLite.Net.Platform.XamarinIOS.csproj", "{6377929D-6253-450D-BF4B-3E8ECE2564F7}"
EndProject
Project("{FAE04EC0-301F-11D3-BF4B-00C04F79EFBC}") = "SQLite.Net.Platform.XamarinAndroid", "src\SQLite.Net.Platform.XamarinAndroid\SQLite.Net.Platform.XamarinAndroid.csproj", "{219700F0-5444-4250-87D6-0551B39CA402}"
EndProject
Project("{FAE04EC0-301F-11D3-BF4B-00C04F79EFBC}") = "SQLite.Net.Platform.Generic", "src\SQLite.Net.Platform.Generic\SQLite.Net.Platform.Generic.csproj", "{F662E15A-8753-468E-A67E-3FCF45F12B89}"
EndProject
Project("{FAE04EC0-301F-11D3-BF4B-00C04F79EFBC}") = "SQLite.Net.Platform.WindowsPhoneApp81", "src\SQLite.Net.Platform.WindowsPhoneApp81\SQLite.Net.Platform.WindowsPhoneApp81.csproj", "{38AF8105-65B6-4A14-A258-1137D9E40EF1}"
EndProject
Project("{FAE04EC0-301F-11D3-BF4B-00C04F79EFBC}") = "SQLite.Net.Platform.XamarinIOS.Unified", "src\SQLite.Net.Platform.XamarinIOS.Unified\SQLite.Net.Platform.XamarinIOS.Unified.csproj", "{3173703F-8B1F-4772-9AE3-44913F413FB1}"
EndProject
Project("{FAE04EC0-301F-11D3-BF4B-00C04F79EFBC}") = "SQLite.Net.Platform.OSX", "src\SQLite.Net.Platform.OSX\SQLite.Net.Platform.OSX.csproj", "{03799AD1-9FCF-48CB-8E6E-B233DF583B11}"
EndProject
Project("{2150E333-8FDC-42A3-9474-1A3956D46DE8}") = "Tests", "Tests", "{0C4021EF-617B-4620-ADD3-A702B4F9FA86}"
EndProject
Project("{FAE04EC0-301F-11D3-BF4B-00C04F79EFBC}") = "SQLite.Net.Tests.Win32", "tests\SQLite.Net.Tests.Win32\SQLite.Net.Tests.Win32.csproj", "{BFF4B373-2844-40AD-8994-2BA5AC42AEE0}"
EndProject
Project("{FAE04EC0-301F-11D3-BF4B-00C04F79EFBC}") = "SQLite.Net.Tests.XamarinIOS", "tests\SQLite.Net.Tests.XamarinIOS\SQLite.Net.Tests.XamarinIOS.csproj", "{4B386F57-D313-4842-AE9B-F54EDBF1EBD5}"
EndProject
Project("{FAE04EC0-301F-11D3-BF4B-00C04F79EFBC}") = "SQLite.Net.Tests.WinRT", "tests\SQLite.Net.Tests.WinRT\SQLite.Net.Tests.WinRT.csproj", "{5BB50827-ECC8-4BCD-9AFD-DCCA71F6D753}"
EndProject
Project("{FAE04EC0-301F-11D3-BF4B-00C04F79EFBC}") = "SQLite.Net.Tests.XamarinAndroid", "tests\SQLite.Net.Tests.XamarinAndroid\SQLite.Net.Tests.XamarinAndroid.csproj", "{2C3224FB-4513-4A16-B67F-3C4F1BDC7765}"
EndProject
Project("{FAE04EC0-301F-11D3-BF4B-00C04F79EFBC}") = "SQLite.Net.Tests.Generic", "tests\SQLite.Net.Tests.Generic\SQLite.Net.Tests.Generic.csproj", "{C129735F-5D4B-40BE-9410-F43E548FFF5E}"
EndProject
Project("{FAE04EC0-301F-11D3-BF4B-00C04F79EFBC}") = "SQLite.Net.Tests.WindowsPhone8", "tests\SQLite.Net.Tests.WindowsPhone8\SQLite.Net.Tests.WindowsPhone8.csproj", "{46DF3E43-6B65-4C3D-8911-64FCC301040F}"
EndProject
Project("{FAE04EC0-301F-11D3-BF4B-00C04F79EFBC}") = "SQLite.Net.Tests.XamarinIOS.Unified", "tests\SQLite.Net.Tests.XamarinIOS.Unified\SQLite.Net.Tests.XamarinIOS.Unified.csproj", "{0A947CD1-3C6F-415A-A122-233BAE3005FD}"
EndProject
Project("{FAE04EC0-301F-11D3-BF4B-00C04F79EFBC}") = "SQLite.Net.Tests.OSX", "tests\SQLite.Net.Tests.OSX\SQLite.Net.Tests.OSX.csproj", "{8EA10208-DC51-48A1-A0FE-726FEE55DE79}"
EndProject
Project("{2150E333-8FDC-42A3-9474-1A3956D46DE8}") = "Examples", "Examples", "{49C7015B-F41A-47A6-8200-B925902E74E9}"
EndProject
Project("{FAE04EC0-301F-11D3-BF4B-00C04F79EFBC}") = "Stocks", "examples\Stocks\Stocks.csproj", "{9E5D6B89-B69B-486B-9F7B-406BE8690589}"
EndProject
Project("{2150E333-8FDC-42A3-9474-1A3956D46DE8}") = ".nuget", ".nuget", "{5BD976ED-6E22-44A3-A5A1-D6C6633BAADD}"
	ProjectSection(SolutionItems) = preProject
		.nuget\NuGet.Config = .nuget\NuGet.Config
		.nuget\NuGet.exe = .nuget\NuGet.exe
		.nuget\NuGet.targets = .nuget\NuGet.targets
	EndProjectSection
EndProject
Project("{FAE04EC0-301F-11D3-BF4B-00C04F79EFBC}") = "SQLite.Net", "src\SQLite.Net\SQLite.Net.csproj", "{4971D437-0694-4297-A8CC-146CE08C3BD9}"
EndProject
Project("{FAE04EC0-301F-11D3-BF4B-00C04F79EFBC}") = "SQLite.Net.Async", "src\SQLite.Net.Async\SQLite.Net.Async.csproj", "{3AB34E91-8E1A-442F-8E66-2494B371A890}"
EndProject
Global
	GlobalSection(SolutionConfigurationPlatforms) = preSolution
		Ad-Hoc|Any CPU = Ad-Hoc|Any CPU
		Ad-Hoc|ARM = Ad-Hoc|ARM
		Ad-Hoc|iPhone = Ad-Hoc|iPhone
		Ad-Hoc|iPhoneSimulator = Ad-Hoc|iPhoneSimulator
		Ad-Hoc|Mixed Platforms = Ad-Hoc|Mixed Platforms
		Ad-Hoc|x64 = Ad-Hoc|x64
		Ad-Hoc|x86 = Ad-Hoc|x86
		AppStore|Any CPU = AppStore|Any CPU
		AppStore|ARM = AppStore|ARM
		AppStore|iPhone = AppStore|iPhone
		AppStore|iPhoneSimulator = AppStore|iPhoneSimulator
		AppStore|Mixed Platforms = AppStore|Mixed Platforms
		AppStore|x64 = AppStore|x64
		AppStore|x86 = AppStore|x86
		Debug|Any CPU = Debug|Any CPU
		Debug|ARM = Debug|ARM
		Debug|iPhone = Debug|iPhone
		Debug|iPhoneSimulator = Debug|iPhoneSimulator
		Debug|Mixed Platforms = Debug|Mixed Platforms
		Debug|x64 = Debug|x64
		Debug|x86 = Debug|x86
		Release|Any CPU = Release|Any CPU
		Release|ARM = Release|ARM
		Release|iPhone = Release|iPhone
		Release|iPhoneSimulator = Release|iPhoneSimulator
		Release|Mixed Platforms = Release|Mixed Platforms
		Release|x64 = Release|x64
		Release|x86 = Release|x86
	EndGlobalSection
	GlobalSection(ProjectConfigurationPlatforms) = postSolution
		{03799AD1-9FCF-48CB-8E6E-B233DF583B10}.Ad-Hoc|Any CPU.ActiveCfg = Release|Any CPU
		{03799AD1-9FCF-48CB-8E6E-B233DF583B10}.Ad-Hoc|Any CPU.Build.0 = Release|Any CPU
		{03799AD1-9FCF-48CB-8E6E-B233DF583B10}.Ad-Hoc|ARM.ActiveCfg = Release|Any CPU
		{03799AD1-9FCF-48CB-8E6E-B233DF583B10}.Ad-Hoc|iPhone.ActiveCfg = Release|Any CPU
		{03799AD1-9FCF-48CB-8E6E-B233DF583B10}.Ad-Hoc|iPhoneSimulator.ActiveCfg = Release|Any CPU
		{03799AD1-9FCF-48CB-8E6E-B233DF583B10}.Ad-Hoc|Mixed Platforms.ActiveCfg = Release|Any CPU
		{03799AD1-9FCF-48CB-8E6E-B233DF583B10}.Ad-Hoc|Mixed Platforms.Build.0 = Release|Any CPU
		{03799AD1-9FCF-48CB-8E6E-B233DF583B10}.Ad-Hoc|x64.ActiveCfg = Release|Any CPU
		{03799AD1-9FCF-48CB-8E6E-B233DF583B10}.Ad-Hoc|x64.Build.0 = Release|Any CPU
		{03799AD1-9FCF-48CB-8E6E-B233DF583B10}.Ad-Hoc|x86.ActiveCfg = Release|Any CPU
		{03799AD1-9FCF-48CB-8E6E-B233DF583B10}.AppStore|Any CPU.ActiveCfg = Release|Any CPU
		{03799AD1-9FCF-48CB-8E6E-B233DF583B10}.AppStore|Any CPU.Build.0 = Release|Any CPU
		{03799AD1-9FCF-48CB-8E6E-B233DF583B10}.AppStore|ARM.ActiveCfg = Release|Any CPU
		{03799AD1-9FCF-48CB-8E6E-B233DF583B10}.AppStore|iPhone.ActiveCfg = Release|Any CPU
		{03799AD1-9FCF-48CB-8E6E-B233DF583B10}.AppStore|iPhoneSimulator.ActiveCfg = Release|Any CPU
		{03799AD1-9FCF-48CB-8E6E-B233DF583B10}.AppStore|Mixed Platforms.ActiveCfg = Release|Any CPU
		{03799AD1-9FCF-48CB-8E6E-B233DF583B10}.AppStore|Mixed Platforms.Build.0 = Release|Any CPU
		{03799AD1-9FCF-48CB-8E6E-B233DF583B10}.AppStore|x64.ActiveCfg = Release|Any CPU
		{03799AD1-9FCF-48CB-8E6E-B233DF583B10}.AppStore|x86.ActiveCfg = Release|Any CPU
		{03799AD1-9FCF-48CB-8E6E-B233DF583B10}.Debug|Any CPU.ActiveCfg = Debug|Any CPU
		{03799AD1-9FCF-48CB-8E6E-B233DF583B10}.Debug|Any CPU.Build.0 = Debug|Any CPU
		{03799AD1-9FCF-48CB-8E6E-B233DF583B10}.Debug|ARM.ActiveCfg = Debug|Any CPU
		{03799AD1-9FCF-48CB-8E6E-B233DF583B10}.Debug|iPhone.ActiveCfg = Debug|Any CPU
		{03799AD1-9FCF-48CB-8E6E-B233DF583B10}.Debug|iPhoneSimulator.ActiveCfg = Debug|Any CPU
		{03799AD1-9FCF-48CB-8E6E-B233DF583B10}.Debug|Mixed Platforms.ActiveCfg = Debug|Any CPU
		{03799AD1-9FCF-48CB-8E6E-B233DF583B10}.Debug|Mixed Platforms.Build.0 = Debug|Any CPU
		{03799AD1-9FCF-48CB-8E6E-B233DF583B10}.Debug|x64.ActiveCfg = Debug|Any CPU
		{03799AD1-9FCF-48CB-8E6E-B233DF583B10}.Debug|x64.Build.0 = Debug|Any CPU
		{03799AD1-9FCF-48CB-8E6E-B233DF583B10}.Debug|x86.ActiveCfg = Debug|Any CPU
		{03799AD1-9FCF-48CB-8E6E-B233DF583B10}.Debug|x86.Build.0 = Debug|Any CPU
		{03799AD1-9FCF-48CB-8E6E-B233DF583B10}.Release|Any CPU.ActiveCfg = Release|Any CPU
		{03799AD1-9FCF-48CB-8E6E-B233DF583B10}.Release|Any CPU.Build.0 = Release|Any CPU
		{03799AD1-9FCF-48CB-8E6E-B233DF583B10}.Release|ARM.ActiveCfg = Release|Any CPU
		{03799AD1-9FCF-48CB-8E6E-B233DF583B10}.Release|iPhone.ActiveCfg = Release|Any CPU
		{03799AD1-9FCF-48CB-8E6E-B233DF583B10}.Release|iPhoneSimulator.ActiveCfg = Release|Any CPU
		{03799AD1-9FCF-48CB-8E6E-B233DF583B10}.Release|Mixed Platforms.ActiveCfg = Release|Any CPU
		{03799AD1-9FCF-48CB-8E6E-B233DF583B10}.Release|Mixed Platforms.Build.0 = Release|Any CPU
		{03799AD1-9FCF-48CB-8E6E-B233DF583B10}.Release|x64.ActiveCfg = Release|Any CPU
		{03799AD1-9FCF-48CB-8E6E-B233DF583B10}.Release|x64.Build.0 = Release|Any CPU
		{03799AD1-9FCF-48CB-8E6E-B233DF583B10}.Release|x86.ActiveCfg = Release|Any CPU
		{03799AD1-9FCF-48CB-8E6E-B233DF583B10}.Release|x86.Build.0 = Release|Any CPU
		{6891E212-AEEE-4763-AC6F-BD7213C13890}.Ad-Hoc|Any CPU.ActiveCfg = Release|Any CPU
		{6891E212-AEEE-4763-AC6F-BD7213C13890}.Ad-Hoc|Any CPU.Build.0 = Release|Any CPU
		{6891E212-AEEE-4763-AC6F-BD7213C13890}.Ad-Hoc|ARM.ActiveCfg = Release|ARM
		{6891E212-AEEE-4763-AC6F-BD7213C13890}.Ad-Hoc|ARM.Build.0 = Release|ARM
		{6891E212-AEEE-4763-AC6F-BD7213C13890}.Ad-Hoc|iPhone.ActiveCfg = Release|Any CPU
		{6891E212-AEEE-4763-AC6F-BD7213C13890}.Ad-Hoc|iPhoneSimulator.ActiveCfg = Release|Any CPU
		{6891E212-AEEE-4763-AC6F-BD7213C13890}.Ad-Hoc|Mixed Platforms.ActiveCfg = Release|x86
		{6891E212-AEEE-4763-AC6F-BD7213C13890}.Ad-Hoc|Mixed Platforms.Build.0 = Release|x86
		{6891E212-AEEE-4763-AC6F-BD7213C13890}.Ad-Hoc|x64.ActiveCfg = Release|x64
		{6891E212-AEEE-4763-AC6F-BD7213C13890}.Ad-Hoc|x64.Build.0 = Release|x64
		{6891E212-AEEE-4763-AC6F-BD7213C13890}.Ad-Hoc|x86.ActiveCfg = Release|x86
		{6891E212-AEEE-4763-AC6F-BD7213C13890}.Ad-Hoc|x86.Build.0 = Release|x86
		{6891E212-AEEE-4763-AC6F-BD7213C13890}.AppStore|Any CPU.ActiveCfg = Release|Any CPU
		{6891E212-AEEE-4763-AC6F-BD7213C13890}.AppStore|Any CPU.Build.0 = Release|Any CPU
		{6891E212-AEEE-4763-AC6F-BD7213C13890}.AppStore|ARM.ActiveCfg = Release|ARM
		{6891E212-AEEE-4763-AC6F-BD7213C13890}.AppStore|ARM.Build.0 = Release|ARM
		{6891E212-AEEE-4763-AC6F-BD7213C13890}.AppStore|iPhone.ActiveCfg = Release|Any CPU
		{6891E212-AEEE-4763-AC6F-BD7213C13890}.AppStore|iPhoneSimulator.ActiveCfg = Release|Any CPU
		{6891E212-AEEE-4763-AC6F-BD7213C13890}.AppStore|Mixed Platforms.ActiveCfg = Release|x86
		{6891E212-AEEE-4763-AC6F-BD7213C13890}.AppStore|Mixed Platforms.Build.0 = Release|x86
		{6891E212-AEEE-4763-AC6F-BD7213C13890}.AppStore|x64.ActiveCfg = Release|x64
		{6891E212-AEEE-4763-AC6F-BD7213C13890}.AppStore|x64.Build.0 = Release|x64
		{6891E212-AEEE-4763-AC6F-BD7213C13890}.AppStore|x86.ActiveCfg = Release|x86
		{6891E212-AEEE-4763-AC6F-BD7213C13890}.AppStore|x86.Build.0 = Release|x86
		{6891E212-AEEE-4763-AC6F-BD7213C13890}.Debug|Any CPU.ActiveCfg = Debug|Any CPU
		{6891E212-AEEE-4763-AC6F-BD7213C13890}.Debug|Any CPU.Build.0 = Debug|Any CPU
		{6891E212-AEEE-4763-AC6F-BD7213C13890}.Debug|ARM.ActiveCfg = Debug|ARM
		{6891E212-AEEE-4763-AC6F-BD7213C13890}.Debug|ARM.Build.0 = Debug|ARM
		{6891E212-AEEE-4763-AC6F-BD7213C13890}.Debug|iPhone.ActiveCfg = Debug|Any CPU
		{6891E212-AEEE-4763-AC6F-BD7213C13890}.Debug|iPhoneSimulator.ActiveCfg = Debug|Any CPU
		{6891E212-AEEE-4763-AC6F-BD7213C13890}.Debug|Mixed Platforms.ActiveCfg = Debug|x86
		{6891E212-AEEE-4763-AC6F-BD7213C13890}.Debug|Mixed Platforms.Build.0 = Debug|x86
		{6891E212-AEEE-4763-AC6F-BD7213C13890}.Debug|x64.ActiveCfg = Debug|x64
		{6891E212-AEEE-4763-AC6F-BD7213C13890}.Debug|x64.Build.0 = Debug|x64
		{6891E212-AEEE-4763-AC6F-BD7213C13890}.Debug|x86.ActiveCfg = Debug|x86
		{6891E212-AEEE-4763-AC6F-BD7213C13890}.Debug|x86.Build.0 = Debug|x86
		{6891E212-AEEE-4763-AC6F-BD7213C13890}.Release|Any CPU.ActiveCfg = Release|Any CPU
		{6891E212-AEEE-4763-AC6F-BD7213C13890}.Release|Any CPU.Build.0 = Release|Any CPU
		{6891E212-AEEE-4763-AC6F-BD7213C13890}.Release|ARM.ActiveCfg = Release|ARM
		{6891E212-AEEE-4763-AC6F-BD7213C13890}.Release|ARM.Build.0 = Release|ARM
		{6891E212-AEEE-4763-AC6F-BD7213C13890}.Release|iPhone.ActiveCfg = Release|Any CPU
		{6891E212-AEEE-4763-AC6F-BD7213C13890}.Release|iPhoneSimulator.ActiveCfg = Release|Any CPU
		{6891E212-AEEE-4763-AC6F-BD7213C13890}.Release|Mixed Platforms.ActiveCfg = Release|x86
		{6891E212-AEEE-4763-AC6F-BD7213C13890}.Release|Mixed Platforms.Build.0 = Release|x86
		{6891E212-AEEE-4763-AC6F-BD7213C13890}.Release|x64.ActiveCfg = Release|x64
		{6891E212-AEEE-4763-AC6F-BD7213C13890}.Release|x64.Build.0 = Release|x64
		{6891E212-AEEE-4763-AC6F-BD7213C13890}.Release|x86.ActiveCfg = Release|x86
		{6891E212-AEEE-4763-AC6F-BD7213C13890}.Release|x86.Build.0 = Release|x86
		{741521F8-F9D8-40F4-A5D4-AED4E26841ED}.Ad-Hoc|Any CPU.ActiveCfg = Release|Any CPU
		{741521F8-F9D8-40F4-A5D4-AED4E26841ED}.Ad-Hoc|Any CPU.Build.0 = Release|Any CPU
		{741521F8-F9D8-40F4-A5D4-AED4E26841ED}.Ad-Hoc|ARM.ActiveCfg = Release|ARM
		{741521F8-F9D8-40F4-A5D4-AED4E26841ED}.Ad-Hoc|ARM.Build.0 = Release|ARM
		{741521F8-F9D8-40F4-A5D4-AED4E26841ED}.Ad-Hoc|iPhone.ActiveCfg = Release|Any CPU
		{741521F8-F9D8-40F4-A5D4-AED4E26841ED}.Ad-Hoc|iPhoneSimulator.ActiveCfg = Release|Any CPU
		{741521F8-F9D8-40F4-A5D4-AED4E26841ED}.Ad-Hoc|Mixed Platforms.ActiveCfg = Release|x86
		{741521F8-F9D8-40F4-A5D4-AED4E26841ED}.Ad-Hoc|Mixed Platforms.Build.0 = Release|x86
		{741521F8-F9D8-40F4-A5D4-AED4E26841ED}.Ad-Hoc|x64.ActiveCfg = Release|Any CPU
		{741521F8-F9D8-40F4-A5D4-AED4E26841ED}.Ad-Hoc|x86.ActiveCfg = Release|x86
		{741521F8-F9D8-40F4-A5D4-AED4E26841ED}.Ad-Hoc|x86.Build.0 = Release|x86
		{741521F8-F9D8-40F4-A5D4-AED4E26841ED}.AppStore|Any CPU.ActiveCfg = Release|Any CPU
		{741521F8-F9D8-40F4-A5D4-AED4E26841ED}.AppStore|Any CPU.Build.0 = Release|Any CPU
		{741521F8-F9D8-40F4-A5D4-AED4E26841ED}.AppStore|ARM.ActiveCfg = Release|ARM
		{741521F8-F9D8-40F4-A5D4-AED4E26841ED}.AppStore|ARM.Build.0 = Release|ARM
		{741521F8-F9D8-40F4-A5D4-AED4E26841ED}.AppStore|iPhone.ActiveCfg = Release|Any CPU
		{741521F8-F9D8-40F4-A5D4-AED4E26841ED}.AppStore|iPhoneSimulator.ActiveCfg = Release|Any CPU
		{741521F8-F9D8-40F4-A5D4-AED4E26841ED}.AppStore|Mixed Platforms.ActiveCfg = Release|x86
		{741521F8-F9D8-40F4-A5D4-AED4E26841ED}.AppStore|Mixed Platforms.Build.0 = Release|x86
		{741521F8-F9D8-40F4-A5D4-AED4E26841ED}.AppStore|x64.ActiveCfg = Release|Any CPU
		{741521F8-F9D8-40F4-A5D4-AED4E26841ED}.AppStore|x86.ActiveCfg = Release|x86
		{741521F8-F9D8-40F4-A5D4-AED4E26841ED}.AppStore|x86.Build.0 = Release|x86
		{741521F8-F9D8-40F4-A5D4-AED4E26841ED}.Debug|Any CPU.ActiveCfg = Debug|Any CPU
		{741521F8-F9D8-40F4-A5D4-AED4E26841ED}.Debug|Any CPU.Build.0 = Debug|Any CPU
		{741521F8-F9D8-40F4-A5D4-AED4E26841ED}.Debug|ARM.ActiveCfg = Debug|ARM
		{741521F8-F9D8-40F4-A5D4-AED4E26841ED}.Debug|ARM.Build.0 = Debug|ARM
		{741521F8-F9D8-40F4-A5D4-AED4E26841ED}.Debug|iPhone.ActiveCfg = Debug|Any CPU
		{741521F8-F9D8-40F4-A5D4-AED4E26841ED}.Debug|iPhoneSimulator.ActiveCfg = Debug|Any CPU
		{741521F8-F9D8-40F4-A5D4-AED4E26841ED}.Debug|Mixed Platforms.ActiveCfg = Debug|x86
		{741521F8-F9D8-40F4-A5D4-AED4E26841ED}.Debug|Mixed Platforms.Build.0 = Debug|x86
		{741521F8-F9D8-40F4-A5D4-AED4E26841ED}.Debug|x64.ActiveCfg = Debug|Any CPU
		{741521F8-F9D8-40F4-A5D4-AED4E26841ED}.Debug|x64.Build.0 = Debug|Any CPU
		{741521F8-F9D8-40F4-A5D4-AED4E26841ED}.Debug|x86.ActiveCfg = Debug|x86
		{741521F8-F9D8-40F4-A5D4-AED4E26841ED}.Debug|x86.Build.0 = Debug|x86
		{741521F8-F9D8-40F4-A5D4-AED4E26841ED}.Release|Any CPU.ActiveCfg = Release|Any CPU
		{741521F8-F9D8-40F4-A5D4-AED4E26841ED}.Release|Any CPU.Build.0 = Release|Any CPU
		{741521F8-F9D8-40F4-A5D4-AED4E26841ED}.Release|ARM.ActiveCfg = Release|ARM
		{741521F8-F9D8-40F4-A5D4-AED4E26841ED}.Release|ARM.Build.0 = Release|ARM
		{741521F8-F9D8-40F4-A5D4-AED4E26841ED}.Release|iPhone.ActiveCfg = Release|Any CPU
		{741521F8-F9D8-40F4-A5D4-AED4E26841ED}.Release|iPhoneSimulator.ActiveCfg = Release|Any CPU
		{741521F8-F9D8-40F4-A5D4-AED4E26841ED}.Release|Mixed Platforms.ActiveCfg = Release|x86
		{741521F8-F9D8-40F4-A5D4-AED4E26841ED}.Release|Mixed Platforms.Build.0 = Release|x86
		{741521F8-F9D8-40F4-A5D4-AED4E26841ED}.Release|x64.ActiveCfg = Release|Any CPU
		{741521F8-F9D8-40F4-A5D4-AED4E26841ED}.Release|x86.ActiveCfg = Release|x86
		{741521F8-F9D8-40F4-A5D4-AED4E26841ED}.Release|x86.Build.0 = Release|x86
		{6377929D-6253-450D-BF4B-3E8ECE2564F7}.Ad-Hoc|Any CPU.ActiveCfg = Release|Any CPU
		{6377929D-6253-450D-BF4B-3E8ECE2564F7}.Ad-Hoc|Any CPU.Build.0 = Release|Any CPU
		{6377929D-6253-450D-BF4B-3E8ECE2564F7}.Ad-Hoc|ARM.ActiveCfg = Release|Any CPU
		{6377929D-6253-450D-BF4B-3E8ECE2564F7}.Ad-Hoc|iPhone.ActiveCfg = Release|Any CPU
		{6377929D-6253-450D-BF4B-3E8ECE2564F7}.Ad-Hoc|iPhone.Build.0 = Release|Any CPU
		{6377929D-6253-450D-BF4B-3E8ECE2564F7}.Ad-Hoc|iPhoneSimulator.ActiveCfg = Release|Any CPU
		{6377929D-6253-450D-BF4B-3E8ECE2564F7}.Ad-Hoc|iPhoneSimulator.Build.0 = Release|Any CPU
		{6377929D-6253-450D-BF4B-3E8ECE2564F7}.Ad-Hoc|Mixed Platforms.ActiveCfg = Release|Any CPU
		{6377929D-6253-450D-BF4B-3E8ECE2564F7}.Ad-Hoc|Mixed Platforms.Build.0 = Release|Any CPU
		{6377929D-6253-450D-BF4B-3E8ECE2564F7}.Ad-Hoc|x64.ActiveCfg = Release|Any CPU
		{6377929D-6253-450D-BF4B-3E8ECE2564F7}.Ad-Hoc|x86.ActiveCfg = Release|Any CPU
		{6377929D-6253-450D-BF4B-3E8ECE2564F7}.AppStore|Any CPU.ActiveCfg = Release|Any CPU
		{6377929D-6253-450D-BF4B-3E8ECE2564F7}.AppStore|Any CPU.Build.0 = Release|Any CPU
		{6377929D-6253-450D-BF4B-3E8ECE2564F7}.AppStore|ARM.ActiveCfg = Release|Any CPU
		{6377929D-6253-450D-BF4B-3E8ECE2564F7}.AppStore|iPhone.ActiveCfg = Release|Any CPU
		{6377929D-6253-450D-BF4B-3E8ECE2564F7}.AppStore|iPhoneSimulator.ActiveCfg = Release|Any CPU
		{6377929D-6253-450D-BF4B-3E8ECE2564F7}.AppStore|iPhoneSimulator.Build.0 = Release|Any CPU
		{6377929D-6253-450D-BF4B-3E8ECE2564F7}.AppStore|Mixed Platforms.ActiveCfg = Release|Any CPU
		{6377929D-6253-450D-BF4B-3E8ECE2564F7}.AppStore|Mixed Platforms.Build.0 = Release|Any CPU
		{6377929D-6253-450D-BF4B-3E8ECE2564F7}.AppStore|x64.ActiveCfg = Release|Any CPU
		{6377929D-6253-450D-BF4B-3E8ECE2564F7}.AppStore|x86.ActiveCfg = Release|Any CPU
		{6377929D-6253-450D-BF4B-3E8ECE2564F7}.Debug|Any CPU.ActiveCfg = Debug|Any CPU
		{6377929D-6253-450D-BF4B-3E8ECE2564F7}.Debug|Any CPU.Build.0 = Debug|Any CPU
		{6377929D-6253-450D-BF4B-3E8ECE2564F7}.Debug|ARM.ActiveCfg = Debug|Any CPU
		{6377929D-6253-450D-BF4B-3E8ECE2564F7}.Debug|iPhone.ActiveCfg = Debug|Any CPU
		{6377929D-6253-450D-BF4B-3E8ECE2564F7}.Debug|iPhone.Build.0 = Debug|Any CPU
		{6377929D-6253-450D-BF4B-3E8ECE2564F7}.Debug|iPhoneSimulator.ActiveCfg = Debug|Any CPU
		{6377929D-6253-450D-BF4B-3E8ECE2564F7}.Debug|iPhoneSimulator.Build.0 = Debug|Any CPU
		{6377929D-6253-450D-BF4B-3E8ECE2564F7}.Debug|Mixed Platforms.ActiveCfg = Debug|Any CPU
		{6377929D-6253-450D-BF4B-3E8ECE2564F7}.Debug|Mixed Platforms.Build.0 = Debug|Any CPU
		{6377929D-6253-450D-BF4B-3E8ECE2564F7}.Debug|x64.ActiveCfg = Debug|Any CPU
		{6377929D-6253-450D-BF4B-3E8ECE2564F7}.Debug|x86.ActiveCfg = Debug|Any CPU
		{6377929D-6253-450D-BF4B-3E8ECE2564F7}.Debug|x86.Build.0 = Debug|Any CPU
		{6377929D-6253-450D-BF4B-3E8ECE2564F7}.Release|Any CPU.ActiveCfg = Release|Any CPU
		{6377929D-6253-450D-BF4B-3E8ECE2564F7}.Release|Any CPU.Build.0 = Release|Any CPU
		{6377929D-6253-450D-BF4B-3E8ECE2564F7}.Release|ARM.ActiveCfg = Release|Any CPU
		{6377929D-6253-450D-BF4B-3E8ECE2564F7}.Release|iPhone.ActiveCfg = Release|Any CPU
		{6377929D-6253-450D-BF4B-3E8ECE2564F7}.Release|iPhone.Build.0 = Release|Any CPU
		{6377929D-6253-450D-BF4B-3E8ECE2564F7}.Release|iPhoneSimulator.ActiveCfg = Release|Any CPU
		{6377929D-6253-450D-BF4B-3E8ECE2564F7}.Release|iPhoneSimulator.Build.0 = Release|Any CPU
		{6377929D-6253-450D-BF4B-3E8ECE2564F7}.Release|Mixed Platforms.ActiveCfg = Release|Any CPU
		{6377929D-6253-450D-BF4B-3E8ECE2564F7}.Release|Mixed Platforms.Build.0 = Release|Any CPU
		{6377929D-6253-450D-BF4B-3E8ECE2564F7}.Release|x64.ActiveCfg = Release|Any CPU
		{6377929D-6253-450D-BF4B-3E8ECE2564F7}.Release|x86.ActiveCfg = Release|Any CPU
		{219700F0-5444-4250-87D6-0551B39CA402}.Ad-Hoc|Any CPU.ActiveCfg = Release|Any CPU
		{219700F0-5444-4250-87D6-0551B39CA402}.Ad-Hoc|Any CPU.Build.0 = Release|Any CPU
		{219700F0-5444-4250-87D6-0551B39CA402}.Ad-Hoc|ARM.ActiveCfg = Release|Any CPU
		{219700F0-5444-4250-87D6-0551B39CA402}.Ad-Hoc|iPhone.ActiveCfg = Release|Any CPU
		{219700F0-5444-4250-87D6-0551B39CA402}.Ad-Hoc|iPhoneSimulator.ActiveCfg = Release|Any CPU
		{219700F0-5444-4250-87D6-0551B39CA402}.Ad-Hoc|Mixed Platforms.ActiveCfg = Release|Any CPU
		{219700F0-5444-4250-87D6-0551B39CA402}.Ad-Hoc|Mixed Platforms.Build.0 = Release|Any CPU
		{219700F0-5444-4250-87D6-0551B39CA402}.Ad-Hoc|x64.ActiveCfg = Release|Any CPU
		{219700F0-5444-4250-87D6-0551B39CA402}.Ad-Hoc|x86.ActiveCfg = Release|Any CPU
		{219700F0-5444-4250-87D6-0551B39CA402}.AppStore|Any CPU.ActiveCfg = Release|Any CPU
		{219700F0-5444-4250-87D6-0551B39CA402}.AppStore|Any CPU.Build.0 = Release|Any CPU
		{219700F0-5444-4250-87D6-0551B39CA402}.AppStore|ARM.ActiveCfg = Release|Any CPU
		{219700F0-5444-4250-87D6-0551B39CA402}.AppStore|iPhone.ActiveCfg = Release|Any CPU
		{219700F0-5444-4250-87D6-0551B39CA402}.AppStore|iPhoneSimulator.ActiveCfg = Release|Any CPU
		{219700F0-5444-4250-87D6-0551B39CA402}.AppStore|Mixed Platforms.ActiveCfg = Release|Any CPU
		{219700F0-5444-4250-87D6-0551B39CA402}.AppStore|Mixed Platforms.Build.0 = Release|Any CPU
		{219700F0-5444-4250-87D6-0551B39CA402}.AppStore|x64.ActiveCfg = Release|Any CPU
		{219700F0-5444-4250-87D6-0551B39CA402}.AppStore|x86.ActiveCfg = Release|Any CPU
		{219700F0-5444-4250-87D6-0551B39CA402}.Debug|Any CPU.ActiveCfg = Debug|Any CPU
		{219700F0-5444-4250-87D6-0551B39CA402}.Debug|Any CPU.Build.0 = Debug|Any CPU
		{219700F0-5444-4250-87D6-0551B39CA402}.Debug|ARM.ActiveCfg = Debug|Any CPU
		{219700F0-5444-4250-87D6-0551B39CA402}.Debug|iPhone.ActiveCfg = Debug|Any CPU
		{219700F0-5444-4250-87D6-0551B39CA402}.Debug|iPhoneSimulator.ActiveCfg = Debug|Any CPU
		{219700F0-5444-4250-87D6-0551B39CA402}.Debug|Mixed Platforms.ActiveCfg = Debug|Any CPU
		{219700F0-5444-4250-87D6-0551B39CA402}.Debug|Mixed Platforms.Build.0 = Debug|Any CPU
		{219700F0-5444-4250-87D6-0551B39CA402}.Debug|x64.ActiveCfg = Debug|Any CPU
		{219700F0-5444-4250-87D6-0551B39CA402}.Debug|x86.ActiveCfg = Debug|Any CPU
		{219700F0-5444-4250-87D6-0551B39CA402}.Debug|x86.Build.0 = Debug|Any CPU
		{219700F0-5444-4250-87D6-0551B39CA402}.Release|Any CPU.ActiveCfg = Release|Any CPU
		{219700F0-5444-4250-87D6-0551B39CA402}.Release|Any CPU.Build.0 = Release|Any CPU
		{219700F0-5444-4250-87D6-0551B39CA402}.Release|ARM.ActiveCfg = Release|Any CPU
		{219700F0-5444-4250-87D6-0551B39CA402}.Release|iPhone.ActiveCfg = Release|Any CPU
		{219700F0-5444-4250-87D6-0551B39CA402}.Release|iPhoneSimulator.ActiveCfg = Release|Any CPU
		{219700F0-5444-4250-87D6-0551B39CA402}.Release|Mixed Platforms.ActiveCfg = Release|Any CPU
		{219700F0-5444-4250-87D6-0551B39CA402}.Release|Mixed Platforms.Build.0 = Release|Any CPU
		{219700F0-5444-4250-87D6-0551B39CA402}.Release|x64.ActiveCfg = Release|Any CPU
		{219700F0-5444-4250-87D6-0551B39CA402}.Release|x86.ActiveCfg = Release|Any CPU
		{F662E15A-8753-468E-A67E-3FCF45F12B89}.Ad-Hoc|Any CPU.ActiveCfg = Release|Any CPU
		{F662E15A-8753-468E-A67E-3FCF45F12B89}.Ad-Hoc|Any CPU.Build.0 = Release|Any CPU
		{F662E15A-8753-468E-A67E-3FCF45F12B89}.Ad-Hoc|ARM.ActiveCfg = Release|Any CPU
		{F662E15A-8753-468E-A67E-3FCF45F12B89}.Ad-Hoc|iPhone.ActiveCfg = Release|Any CPU
		{F662E15A-8753-468E-A67E-3FCF45F12B89}.Ad-Hoc|iPhoneSimulator.ActiveCfg = Release|Any CPU
		{F662E15A-8753-468E-A67E-3FCF45F12B89}.Ad-Hoc|Mixed Platforms.ActiveCfg = Release|Any CPU
		{F662E15A-8753-468E-A67E-3FCF45F12B89}.Ad-Hoc|Mixed Platforms.Build.0 = Release|Any CPU
		{F662E15A-8753-468E-A67E-3FCF45F12B89}.Ad-Hoc|x64.ActiveCfg = Release|Any CPU
		{F662E15A-8753-468E-A67E-3FCF45F12B89}.Ad-Hoc|x64.Build.0 = Release|Any CPU
		{F662E15A-8753-468E-A67E-3FCF45F12B89}.Ad-Hoc|x86.ActiveCfg = Release|Any CPU
		{F662E15A-8753-468E-A67E-3FCF45F12B89}.Ad-Hoc|x86.Build.0 = Release|Any CPU
		{F662E15A-8753-468E-A67E-3FCF45F12B89}.AppStore|Any CPU.ActiveCfg = Release|Any CPU
		{F662E15A-8753-468E-A67E-3FCF45F12B89}.AppStore|Any CPU.Build.0 = Release|Any CPU
		{F662E15A-8753-468E-A67E-3FCF45F12B89}.AppStore|ARM.ActiveCfg = Release|Any CPU
		{F662E15A-8753-468E-A67E-3FCF45F12B89}.AppStore|ARM.Build.0 = Release|Any CPU
		{F662E15A-8753-468E-A67E-3FCF45F12B89}.AppStore|iPhone.ActiveCfg = Release|Any CPU
		{F662E15A-8753-468E-A67E-3FCF45F12B89}.AppStore|iPhone.Build.0 = Release|Any CPU
		{F662E15A-8753-468E-A67E-3FCF45F12B89}.AppStore|iPhoneSimulator.ActiveCfg = Release|Any CPU
		{F662E15A-8753-468E-A67E-3FCF45F12B89}.AppStore|Mixed Platforms.ActiveCfg = Release|Any CPU
		{F662E15A-8753-468E-A67E-3FCF45F12B89}.AppStore|Mixed Platforms.Build.0 = Release|Any CPU
		{F662E15A-8753-468E-A67E-3FCF45F12B89}.AppStore|x64.ActiveCfg = Release|Any CPU
		{F662E15A-8753-468E-A67E-3FCF45F12B89}.AppStore|x64.Build.0 = Release|Any CPU
		{F662E15A-8753-468E-A67E-3FCF45F12B89}.AppStore|x86.ActiveCfg = Release|Any CPU
		{F662E15A-8753-468E-A67E-3FCF45F12B89}.AppStore|x86.Build.0 = Release|Any CPU
		{F662E15A-8753-468E-A67E-3FCF45F12B89}.Debug|Any CPU.ActiveCfg = Debug|Any CPU
		{F662E15A-8753-468E-A67E-3FCF45F12B89}.Debug|Any CPU.Build.0 = Debug|Any CPU
		{F662E15A-8753-468E-A67E-3FCF45F12B89}.Debug|ARM.ActiveCfg = Debug|Any CPU
		{F662E15A-8753-468E-A67E-3FCF45F12B89}.Debug|ARM.Build.0 = Debug|Any CPU
		{F662E15A-8753-468E-A67E-3FCF45F12B89}.Debug|iPhone.ActiveCfg = Debug|Any CPU
		{F662E15A-8753-468E-A67E-3FCF45F12B89}.Debug|iPhoneSimulator.ActiveCfg = Debug|Any CPU
		{F662E15A-8753-468E-A67E-3FCF45F12B89}.Debug|Mixed Platforms.ActiveCfg = Debug|Any CPU
		{F662E15A-8753-468E-A67E-3FCF45F12B89}.Debug|Mixed Platforms.Build.0 = Debug|Any CPU
		{F662E15A-8753-468E-A67E-3FCF45F12B89}.Debug|x64.ActiveCfg = Debug|Any CPU
		{F662E15A-8753-468E-A67E-3FCF45F12B89}.Debug|x64.Build.0 = Debug|Any CPU
		{F662E15A-8753-468E-A67E-3FCF45F12B89}.Debug|x86.ActiveCfg = Debug|Any CPU
		{F662E15A-8753-468E-A67E-3FCF45F12B89}.Debug|x86.Build.0 = Debug|Any CPU
		{F662E15A-8753-468E-A67E-3FCF45F12B89}.Release|Any CPU.ActiveCfg = Release|Any CPU
		{F662E15A-8753-468E-A67E-3FCF45F12B89}.Release|Any CPU.Build.0 = Release|Any CPU
		{F662E15A-8753-468E-A67E-3FCF45F12B89}.Release|ARM.ActiveCfg = Release|Any CPU
		{F662E15A-8753-468E-A67E-3FCF45F12B89}.Release|iPhone.ActiveCfg = Release|Any CPU
		{F662E15A-8753-468E-A67E-3FCF45F12B89}.Release|iPhoneSimulator.ActiveCfg = Release|Any CPU
		{F662E15A-8753-468E-A67E-3FCF45F12B89}.Release|iPhoneSimulator.Build.0 = Release|Any CPU
		{F662E15A-8753-468E-A67E-3FCF45F12B89}.Release|Mixed Platforms.ActiveCfg = Release|Any CPU
		{F662E15A-8753-468E-A67E-3FCF45F12B89}.Release|Mixed Platforms.Build.0 = Release|Any CPU
		{F662E15A-8753-468E-A67E-3FCF45F12B89}.Release|x64.ActiveCfg = Release|Any CPU
		{F662E15A-8753-468E-A67E-3FCF45F12B89}.Release|x64.Build.0 = Release|Any CPU
		{F662E15A-8753-468E-A67E-3FCF45F12B89}.Release|x86.ActiveCfg = Release|Any CPU
		{F662E15A-8753-468E-A67E-3FCF45F12B89}.Release|x86.Build.0 = Release|Any CPU
		{38AF8105-65B6-4A14-A258-1137D9E40EF1}.Ad-Hoc|Any CPU.ActiveCfg = Release|Any CPU
		{38AF8105-65B6-4A14-A258-1137D9E40EF1}.Ad-Hoc|Any CPU.Build.0 = Release|Any CPU
		{38AF8105-65B6-4A14-A258-1137D9E40EF1}.Ad-Hoc|ARM.ActiveCfg = Release|ARM
		{38AF8105-65B6-4A14-A258-1137D9E40EF1}.Ad-Hoc|ARM.Build.0 = Release|ARM
		{38AF8105-65B6-4A14-A258-1137D9E40EF1}.Ad-Hoc|iPhone.ActiveCfg = Release|Any CPU
		{38AF8105-65B6-4A14-A258-1137D9E40EF1}.Ad-Hoc|iPhoneSimulator.ActiveCfg = Release|Any CPU
		{38AF8105-65B6-4A14-A258-1137D9E40EF1}.Ad-Hoc|Mixed Platforms.ActiveCfg = Release|x86
		{38AF8105-65B6-4A14-A258-1137D9E40EF1}.Ad-Hoc|Mixed Platforms.Build.0 = Release|x86
		{38AF8105-65B6-4A14-A258-1137D9E40EF1}.Ad-Hoc|x64.ActiveCfg = Release|Any CPU
		{38AF8105-65B6-4A14-A258-1137D9E40EF1}.Ad-Hoc|x86.ActiveCfg = Release|x86
		{38AF8105-65B6-4A14-A258-1137D9E40EF1}.Ad-Hoc|x86.Build.0 = Release|x86
		{38AF8105-65B6-4A14-A258-1137D9E40EF1}.AppStore|Any CPU.ActiveCfg = Release|Any CPU
		{38AF8105-65B6-4A14-A258-1137D9E40EF1}.AppStore|Any CPU.Build.0 = Release|Any CPU
		{38AF8105-65B6-4A14-A258-1137D9E40EF1}.AppStore|ARM.ActiveCfg = Release|ARM
		{38AF8105-65B6-4A14-A258-1137D9E40EF1}.AppStore|ARM.Build.0 = Release|ARM
		{38AF8105-65B6-4A14-A258-1137D9E40EF1}.AppStore|iPhone.ActiveCfg = Release|Any CPU
		{38AF8105-65B6-4A14-A258-1137D9E40EF1}.AppStore|iPhoneSimulator.ActiveCfg = Release|Any CPU
		{38AF8105-65B6-4A14-A258-1137D9E40EF1}.AppStore|Mixed Platforms.ActiveCfg = Release|x86
		{38AF8105-65B6-4A14-A258-1137D9E40EF1}.AppStore|Mixed Platforms.Build.0 = Release|x86
		{38AF8105-65B6-4A14-A258-1137D9E40EF1}.AppStore|x64.ActiveCfg = Release|Any CPU
		{38AF8105-65B6-4A14-A258-1137D9E40EF1}.AppStore|x86.ActiveCfg = Release|x86
		{38AF8105-65B6-4A14-A258-1137D9E40EF1}.AppStore|x86.Build.0 = Release|x86
		{38AF8105-65B6-4A14-A258-1137D9E40EF1}.Debug|Any CPU.ActiveCfg = Debug|Any CPU
		{38AF8105-65B6-4A14-A258-1137D9E40EF1}.Debug|Any CPU.Build.0 = Debug|Any CPU
		{38AF8105-65B6-4A14-A258-1137D9E40EF1}.Debug|ARM.ActiveCfg = Debug|ARM
		{38AF8105-65B6-4A14-A258-1137D9E40EF1}.Debug|ARM.Build.0 = Debug|ARM
		{38AF8105-65B6-4A14-A258-1137D9E40EF1}.Debug|iPhone.ActiveCfg = Debug|Any CPU
		{38AF8105-65B6-4A14-A258-1137D9E40EF1}.Debug|iPhoneSimulator.ActiveCfg = Debug|Any CPU
		{38AF8105-65B6-4A14-A258-1137D9E40EF1}.Debug|Mixed Platforms.ActiveCfg = Debug|x86
		{38AF8105-65B6-4A14-A258-1137D9E40EF1}.Debug|Mixed Platforms.Build.0 = Debug|x86
		{38AF8105-65B6-4A14-A258-1137D9E40EF1}.Debug|x64.ActiveCfg = Debug|Any CPU
		{38AF8105-65B6-4A14-A258-1137D9E40EF1}.Debug|x64.Build.0 = Debug|Any CPU
		{38AF8105-65B6-4A14-A258-1137D9E40EF1}.Debug|x86.ActiveCfg = Debug|x86
		{38AF8105-65B6-4A14-A258-1137D9E40EF1}.Debug|x86.Build.0 = Debug|x86
		{38AF8105-65B6-4A14-A258-1137D9E40EF1}.Release|Any CPU.ActiveCfg = Release|Any CPU
		{38AF8105-65B6-4A14-A258-1137D9E40EF1}.Release|Any CPU.Build.0 = Release|Any CPU
		{38AF8105-65B6-4A14-A258-1137D9E40EF1}.Release|ARM.ActiveCfg = Release|ARM
		{38AF8105-65B6-4A14-A258-1137D9E40EF1}.Release|ARM.Build.0 = Release|ARM
		{38AF8105-65B6-4A14-A258-1137D9E40EF1}.Release|iPhone.ActiveCfg = Release|Any CPU
		{38AF8105-65B6-4A14-A258-1137D9E40EF1}.Release|iPhoneSimulator.ActiveCfg = Release|Any CPU
		{38AF8105-65B6-4A14-A258-1137D9E40EF1}.Release|Mixed Platforms.ActiveCfg = Release|x86
		{38AF8105-65B6-4A14-A258-1137D9E40EF1}.Release|Mixed Platforms.Build.0 = Release|x86
		{38AF8105-65B6-4A14-A258-1137D9E40EF1}.Release|x64.ActiveCfg = Release|Any CPU
		{38AF8105-65B6-4A14-A258-1137D9E40EF1}.Release|x86.ActiveCfg = Release|x86
		{38AF8105-65B6-4A14-A258-1137D9E40EF1}.Release|x86.Build.0 = Release|x86
		{3173703F-8B1F-4772-9AE3-44913F413FB1}.Ad-Hoc|Any CPU.ActiveCfg = Release|Any CPU
		{3173703F-8B1F-4772-9AE3-44913F413FB1}.Ad-Hoc|Any CPU.Build.0 = Release|Any CPU
		{3173703F-8B1F-4772-9AE3-44913F413FB1}.Ad-Hoc|ARM.ActiveCfg = Release|Any CPU
		{3173703F-8B1F-4772-9AE3-44913F413FB1}.Ad-Hoc|iPhone.ActiveCfg = Release|Any CPU
		{3173703F-8B1F-4772-9AE3-44913F413FB1}.Ad-Hoc|iPhone.Build.0 = Release|Any CPU
		{3173703F-8B1F-4772-9AE3-44913F413FB1}.Ad-Hoc|iPhoneSimulator.ActiveCfg = Release|Any CPU
		{3173703F-8B1F-4772-9AE3-44913F413FB1}.Ad-Hoc|iPhoneSimulator.Build.0 = Release|Any CPU
		{3173703F-8B1F-4772-9AE3-44913F413FB1}.Ad-Hoc|Mixed Platforms.ActiveCfg = Release|Any CPU
		{3173703F-8B1F-4772-9AE3-44913F413FB1}.Ad-Hoc|Mixed Platforms.Build.0 = Release|Any CPU
		{3173703F-8B1F-4772-9AE3-44913F413FB1}.Ad-Hoc|x64.ActiveCfg = Release|Any CPU
		{3173703F-8B1F-4772-9AE3-44913F413FB1}.Ad-Hoc|x86.ActiveCfg = Release|Any CPU
		{3173703F-8B1F-4772-9AE3-44913F413FB1}.Ad-Hoc|x86.Build.0 = Release|Any CPU
		{3173703F-8B1F-4772-9AE3-44913F413FB1}.AppStore|Any CPU.ActiveCfg = Release|Any CPU
		{3173703F-8B1F-4772-9AE3-44913F413FB1}.AppStore|Any CPU.Build.0 = Release|Any CPU
		{3173703F-8B1F-4772-9AE3-44913F413FB1}.AppStore|ARM.ActiveCfg = Release|Any CPU
		{3173703F-8B1F-4772-9AE3-44913F413FB1}.AppStore|ARM.Build.0 = Release|Any CPU
		{3173703F-8B1F-4772-9AE3-44913F413FB1}.AppStore|iPhone.ActiveCfg = Release|Any CPU
		{3173703F-8B1F-4772-9AE3-44913F413FB1}.AppStore|iPhone.Build.0 = Release|Any CPU
		{3173703F-8B1F-4772-9AE3-44913F413FB1}.AppStore|iPhoneSimulator.ActiveCfg = Release|Any CPU
		{3173703F-8B1F-4772-9AE3-44913F413FB1}.AppStore|iPhoneSimulator.Build.0 = Release|Any CPU
		{3173703F-8B1F-4772-9AE3-44913F413FB1}.AppStore|Mixed Platforms.ActiveCfg = Release|Any CPU
		{3173703F-8B1F-4772-9AE3-44913F413FB1}.AppStore|Mixed Platforms.Build.0 = Release|Any CPU
		{3173703F-8B1F-4772-9AE3-44913F413FB1}.AppStore|x64.ActiveCfg = Release|Any CPU
		{3173703F-8B1F-4772-9AE3-44913F413FB1}.AppStore|x64.Build.0 = Release|Any CPU
		{3173703F-8B1F-4772-9AE3-44913F413FB1}.AppStore|x86.ActiveCfg = Release|Any CPU
		{3173703F-8B1F-4772-9AE3-44913F413FB1}.AppStore|x86.Build.0 = Release|Any CPU
		{3173703F-8B1F-4772-9AE3-44913F413FB1}.Debug|Any CPU.ActiveCfg = Debug|Any CPU
		{3173703F-8B1F-4772-9AE3-44913F413FB1}.Debug|Any CPU.Build.0 = Debug|Any CPU
		{3173703F-8B1F-4772-9AE3-44913F413FB1}.Debug|ARM.ActiveCfg = Debug|Any CPU
		{3173703F-8B1F-4772-9AE3-44913F413FB1}.Debug|ARM.Build.0 = Debug|Any CPU
		{3173703F-8B1F-4772-9AE3-44913F413FB1}.Debug|iPhone.ActiveCfg = Debug|Any CPU
		{3173703F-8B1F-4772-9AE3-44913F413FB1}.Debug|iPhone.Build.0 = Debug|Any CPU
		{3173703F-8B1F-4772-9AE3-44913F413FB1}.Debug|iPhoneSimulator.ActiveCfg = Debug|Any CPU
		{3173703F-8B1F-4772-9AE3-44913F413FB1}.Debug|iPhoneSimulator.Build.0 = Debug|Any CPU
		{3173703F-8B1F-4772-9AE3-44913F413FB1}.Debug|Mixed Platforms.ActiveCfg = Debug|Any CPU
		{3173703F-8B1F-4772-9AE3-44913F413FB1}.Debug|Mixed Platforms.Build.0 = Debug|Any CPU
		{3173703F-8B1F-4772-9AE3-44913F413FB1}.Debug|x64.ActiveCfg = Debug|Any CPU
		{3173703F-8B1F-4772-9AE3-44913F413FB1}.Debug|x86.ActiveCfg = Debug|Any CPU
		{3173703F-8B1F-4772-9AE3-44913F413FB1}.Debug|x86.Build.0 = Debug|Any CPU
		{3173703F-8B1F-4772-9AE3-44913F413FB1}.Release|Any CPU.ActiveCfg = Release|Any CPU
		{3173703F-8B1F-4772-9AE3-44913F413FB1}.Release|Any CPU.Build.0 = Release|Any CPU
		{3173703F-8B1F-4772-9AE3-44913F413FB1}.Release|ARM.ActiveCfg = Release|Any CPU
		{3173703F-8B1F-4772-9AE3-44913F413FB1}.Release|iPhone.ActiveCfg = Release|Any CPU
		{3173703F-8B1F-4772-9AE3-44913F413FB1}.Release|iPhone.Build.0 = Release|Any CPU
		{3173703F-8B1F-4772-9AE3-44913F413FB1}.Release|iPhoneSimulator.ActiveCfg = Release|Any CPU
		{3173703F-8B1F-4772-9AE3-44913F413FB1}.Release|iPhoneSimulator.Build.0 = Release|Any CPU
		{3173703F-8B1F-4772-9AE3-44913F413FB1}.Release|Mixed Platforms.ActiveCfg = Release|Any CPU
		{3173703F-8B1F-4772-9AE3-44913F413FB1}.Release|Mixed Platforms.Build.0 = Release|Any CPU
		{3173703F-8B1F-4772-9AE3-44913F413FB1}.Release|x64.ActiveCfg = Release|Any CPU
		{3173703F-8B1F-4772-9AE3-44913F413FB1}.Release|x86.ActiveCfg = Release|Any CPU
		{03799AD1-9FCF-48CB-8E6E-B233DF583B11}.Ad-Hoc|Any CPU.ActiveCfg = Release|Any CPU
		{03799AD1-9FCF-48CB-8E6E-B233DF583B11}.Ad-Hoc|Any CPU.Build.0 = Release|Any CPU
		{03799AD1-9FCF-48CB-8E6E-B233DF583B11}.Ad-Hoc|ARM.ActiveCfg = Release|Any CPU
		{03799AD1-9FCF-48CB-8E6E-B233DF583B11}.Ad-Hoc|iPhone.ActiveCfg = Release|Any CPU
		{03799AD1-9FCF-48CB-8E6E-B233DF583B11}.Ad-Hoc|iPhoneSimulator.ActiveCfg = Release|Any CPU
		{03799AD1-9FCF-48CB-8E6E-B233DF583B11}.Ad-Hoc|Mixed Platforms.ActiveCfg = Release|Any CPU
		{03799AD1-9FCF-48CB-8E6E-B233DF583B11}.Ad-Hoc|Mixed Platforms.Build.0 = Release|Any CPU
		{03799AD1-9FCF-48CB-8E6E-B233DF583B11}.Ad-Hoc|x64.ActiveCfg = Release|Any CPU
		{03799AD1-9FCF-48CB-8E6E-B233DF583B11}.Ad-Hoc|x64.Build.0 = Release|Any CPU
		{03799AD1-9FCF-48CB-8E6E-B233DF583B11}.Ad-Hoc|x86.ActiveCfg = Release|Any CPU
		{03799AD1-9FCF-48CB-8E6E-B233DF583B11}.Ad-Hoc|x86.Build.0 = Release|Any CPU
		{03799AD1-9FCF-48CB-8E6E-B233DF583B11}.AppStore|Any CPU.ActiveCfg = Release|Any CPU
		{03799AD1-9FCF-48CB-8E6E-B233DF583B11}.AppStore|Any CPU.Build.0 = Release|Any CPU
		{03799AD1-9FCF-48CB-8E6E-B233DF583B11}.AppStore|ARM.ActiveCfg = Release|Any CPU
		{03799AD1-9FCF-48CB-8E6E-B233DF583B11}.AppStore|ARM.Build.0 = Release|Any CPU
		{03799AD1-9FCF-48CB-8E6E-B233DF583B11}.AppStore|iPhone.ActiveCfg = Release|Any CPU
		{03799AD1-9FCF-48CB-8E6E-B233DF583B11}.AppStore|iPhone.Build.0 = Release|Any CPU
		{03799AD1-9FCF-48CB-8E6E-B233DF583B11}.AppStore|iPhoneSimulator.ActiveCfg = Release|Any CPU
		{03799AD1-9FCF-48CB-8E6E-B233DF583B11}.AppStore|Mixed Platforms.ActiveCfg = Release|Any CPU
		{03799AD1-9FCF-48CB-8E6E-B233DF583B11}.AppStore|Mixed Platforms.Build.0 = Release|Any CPU
		{03799AD1-9FCF-48CB-8E6E-B233DF583B11}.AppStore|x64.ActiveCfg = Release|Any CPU
		{03799AD1-9FCF-48CB-8E6E-B233DF583B11}.AppStore|x64.Build.0 = Release|Any CPU
		{03799AD1-9FCF-48CB-8E6E-B233DF583B11}.AppStore|x86.ActiveCfg = Release|Any CPU
		{03799AD1-9FCF-48CB-8E6E-B233DF583B11}.AppStore|x86.Build.0 = Release|Any CPU
		{03799AD1-9FCF-48CB-8E6E-B233DF583B11}.Debug|Any CPU.ActiveCfg = Debug|Any CPU
		{03799AD1-9FCF-48CB-8E6E-B233DF583B11}.Debug|Any CPU.Build.0 = Debug|Any CPU
		{03799AD1-9FCF-48CB-8E6E-B233DF583B11}.Debug|ARM.ActiveCfg = Debug|Any CPU
		{03799AD1-9FCF-48CB-8E6E-B233DF583B11}.Debug|ARM.Build.0 = Debug|Any CPU
		{03799AD1-9FCF-48CB-8E6E-B233DF583B11}.Debug|iPhone.ActiveCfg = Debug|Any CPU
		{03799AD1-9FCF-48CB-8E6E-B233DF583B11}.Debug|iPhoneSimulator.ActiveCfg = Debug|Any CPU
		{03799AD1-9FCF-48CB-8E6E-B233DF583B11}.Debug|Mixed Platforms.ActiveCfg = Debug|Any CPU
		{03799AD1-9FCF-48CB-8E6E-B233DF583B11}.Debug|Mixed Platforms.Build.0 = Debug|Any CPU
		{03799AD1-9FCF-48CB-8E6E-B233DF583B11}.Debug|x64.ActiveCfg = Debug|Any CPU
		{03799AD1-9FCF-48CB-8E6E-B233DF583B11}.Debug|x64.Build.0 = Debug|Any CPU
		{03799AD1-9FCF-48CB-8E6E-B233DF583B11}.Debug|x86.ActiveCfg = Debug|Any CPU
		{03799AD1-9FCF-48CB-8E6E-B233DF583B11}.Debug|x86.Build.0 = Debug|Any CPU
		{03799AD1-9FCF-48CB-8E6E-B233DF583B11}.Release|Any CPU.ActiveCfg = Release|Any CPU
		{03799AD1-9FCF-48CB-8E6E-B233DF583B11}.Release|Any CPU.Build.0 = Release|Any CPU
		{03799AD1-9FCF-48CB-8E6E-B233DF583B11}.Release|ARM.ActiveCfg = Release|Any CPU
		{03799AD1-9FCF-48CB-8E6E-B233DF583B11}.Release|iPhone.ActiveCfg = Release|Any CPU
		{03799AD1-9FCF-48CB-8E6E-B233DF583B11}.Release|iPhoneSimulator.ActiveCfg = Release|Any CPU
		{03799AD1-9FCF-48CB-8E6E-B233DF583B11}.Release|iPhoneSimulator.Build.0 = Release|Any CPU
		{03799AD1-9FCF-48CB-8E6E-B233DF583B11}.Release|Mixed Platforms.ActiveCfg = Release|Any CPU
		{03799AD1-9FCF-48CB-8E6E-B233DF583B11}.Release|Mixed Platforms.Build.0 = Release|Any CPU
		{03799AD1-9FCF-48CB-8E6E-B233DF583B11}.Release|x64.ActiveCfg = Release|Any CPU
		{03799AD1-9FCF-48CB-8E6E-B233DF583B11}.Release|x64.Build.0 = Release|Any CPU
		{03799AD1-9FCF-48CB-8E6E-B233DF583B11}.Release|x86.ActiveCfg = Release|Any CPU
		{03799AD1-9FCF-48CB-8E6E-B233DF583B11}.Release|x86.Build.0 = Release|Any CPU
		{BFF4B373-2844-40AD-8994-2BA5AC42AEE0}.Ad-Hoc|Any CPU.ActiveCfg = Release|Any CPU
		{BFF4B373-2844-40AD-8994-2BA5AC42AEE0}.Ad-Hoc|Any CPU.Build.0 = Release|Any CPU
		{BFF4B373-2844-40AD-8994-2BA5AC42AEE0}.Ad-Hoc|ARM.ActiveCfg = Release|Any CPU
		{BFF4B373-2844-40AD-8994-2BA5AC42AEE0}.Ad-Hoc|iPhone.ActiveCfg = Release|Any CPU
		{BFF4B373-2844-40AD-8994-2BA5AC42AEE0}.Ad-Hoc|iPhoneSimulator.ActiveCfg = Release|Any CPU
		{BFF4B373-2844-40AD-8994-2BA5AC42AEE0}.Ad-Hoc|Mixed Platforms.ActiveCfg = Release|Any CPU
		{BFF4B373-2844-40AD-8994-2BA5AC42AEE0}.Ad-Hoc|Mixed Platforms.Build.0 = Release|Any CPU
		{BFF4B373-2844-40AD-8994-2BA5AC42AEE0}.Ad-Hoc|x64.ActiveCfg = Release|Any CPU
		{BFF4B373-2844-40AD-8994-2BA5AC42AEE0}.Ad-Hoc|x64.Build.0 = Release|Any CPU
		{BFF4B373-2844-40AD-8994-2BA5AC42AEE0}.Ad-Hoc|x86.ActiveCfg = Release|Any CPU
		{BFF4B373-2844-40AD-8994-2BA5AC42AEE0}.Ad-Hoc|x86.Build.0 = Release|Any CPU
		{BFF4B373-2844-40AD-8994-2BA5AC42AEE0}.AppStore|Any CPU.ActiveCfg = Release|Any CPU
		{BFF4B373-2844-40AD-8994-2BA5AC42AEE0}.AppStore|Any CPU.Build.0 = Release|Any CPU
		{BFF4B373-2844-40AD-8994-2BA5AC42AEE0}.AppStore|ARM.ActiveCfg = Release|Any CPU
		{BFF4B373-2844-40AD-8994-2BA5AC42AEE0}.AppStore|ARM.Build.0 = Release|Any CPU
		{BFF4B373-2844-40AD-8994-2BA5AC42AEE0}.AppStore|iPhone.ActiveCfg = Release|Any CPU
		{BFF4B373-2844-40AD-8994-2BA5AC42AEE0}.AppStore|iPhone.Build.0 = Release|Any CPU
		{BFF4B373-2844-40AD-8994-2BA5AC42AEE0}.AppStore|iPhoneSimulator.ActiveCfg = Release|Any CPU
		{BFF4B373-2844-40AD-8994-2BA5AC42AEE0}.AppStore|Mixed Platforms.ActiveCfg = Release|Any CPU
		{BFF4B373-2844-40AD-8994-2BA5AC42AEE0}.AppStore|Mixed Platforms.Build.0 = Release|Any CPU
		{BFF4B373-2844-40AD-8994-2BA5AC42AEE0}.AppStore|x64.ActiveCfg = Release|Any CPU
		{BFF4B373-2844-40AD-8994-2BA5AC42AEE0}.AppStore|x64.Build.0 = Release|Any CPU
		{BFF4B373-2844-40AD-8994-2BA5AC42AEE0}.AppStore|x86.ActiveCfg = Release|Any CPU
		{BFF4B373-2844-40AD-8994-2BA5AC42AEE0}.AppStore|x86.Build.0 = Release|Any CPU
		{BFF4B373-2844-40AD-8994-2BA5AC42AEE0}.Debug|Any CPU.ActiveCfg = Debug|Any CPU
		{BFF4B373-2844-40AD-8994-2BA5AC42AEE0}.Debug|Any CPU.Build.0 = Debug|Any CPU
		{BFF4B373-2844-40AD-8994-2BA5AC42AEE0}.Debug|ARM.ActiveCfg = Debug|Any CPU
		{BFF4B373-2844-40AD-8994-2BA5AC42AEE0}.Debug|ARM.Build.0 = Debug|Any CPU
		{BFF4B373-2844-40AD-8994-2BA5AC42AEE0}.Debug|iPhone.ActiveCfg = Debug|Any CPU
		{BFF4B373-2844-40AD-8994-2BA5AC42AEE0}.Debug|iPhoneSimulator.ActiveCfg = Debug|Any CPU
		{BFF4B373-2844-40AD-8994-2BA5AC42AEE0}.Debug|Mixed Platforms.ActiveCfg = Debug|Any CPU
		{BFF4B373-2844-40AD-8994-2BA5AC42AEE0}.Debug|Mixed Platforms.Build.0 = Debug|Any CPU
		{BFF4B373-2844-40AD-8994-2BA5AC42AEE0}.Debug|x64.ActiveCfg = Debug|Any CPU
		{BFF4B373-2844-40AD-8994-2BA5AC42AEE0}.Debug|x64.Build.0 = Debug|Any CPU
		{BFF4B373-2844-40AD-8994-2BA5AC42AEE0}.Debug|x86.ActiveCfg = Debug|Any CPU
		{BFF4B373-2844-40AD-8994-2BA5AC42AEE0}.Debug|x86.Build.0 = Debug|Any CPU
		{BFF4B373-2844-40AD-8994-2BA5AC42AEE0}.Release|Any CPU.ActiveCfg = Release|Any CPU
		{BFF4B373-2844-40AD-8994-2BA5AC42AEE0}.Release|Any CPU.Build.0 = Release|Any CPU
		{BFF4B373-2844-40AD-8994-2BA5AC42AEE0}.Release|ARM.ActiveCfg = Release|Any CPU
		{BFF4B373-2844-40AD-8994-2BA5AC42AEE0}.Release|iPhone.ActiveCfg = Release|Any CPU
		{BFF4B373-2844-40AD-8994-2BA5AC42AEE0}.Release|iPhoneSimulator.ActiveCfg = Release|Any CPU
		{BFF4B373-2844-40AD-8994-2BA5AC42AEE0}.Release|iPhoneSimulator.Build.0 = Release|Any CPU
		{BFF4B373-2844-40AD-8994-2BA5AC42AEE0}.Release|Mixed Platforms.ActiveCfg = Release|Any CPU
		{BFF4B373-2844-40AD-8994-2BA5AC42AEE0}.Release|Mixed Platforms.Build.0 = Release|Any CPU
		{BFF4B373-2844-40AD-8994-2BA5AC42AEE0}.Release|x64.ActiveCfg = Release|Any CPU
		{BFF4B373-2844-40AD-8994-2BA5AC42AEE0}.Release|x64.Build.0 = Release|Any CPU
		{BFF4B373-2844-40AD-8994-2BA5AC42AEE0}.Release|x86.ActiveCfg = Release|Any CPU
		{BFF4B373-2844-40AD-8994-2BA5AC42AEE0}.Release|x86.Build.0 = Release|Any CPU
		{4B386F57-D313-4842-AE9B-F54EDBF1EBD5}.Ad-Hoc|Any CPU.ActiveCfg = Ad-Hoc|iPhone
		{4B386F57-D313-4842-AE9B-F54EDBF1EBD5}.Ad-Hoc|Any CPU.Build.0 = Ad-Hoc|iPhone
		{4B386F57-D313-4842-AE9B-F54EDBF1EBD5}.Ad-Hoc|ARM.ActiveCfg = Ad-Hoc|iPhone
		{4B386F57-D313-4842-AE9B-F54EDBF1EBD5}.Ad-Hoc|iPhone.ActiveCfg = Ad-Hoc|iPhone
		{4B386F57-D313-4842-AE9B-F54EDBF1EBD5}.Ad-Hoc|iPhone.Build.0 = Ad-Hoc|iPhone
		{4B386F57-D313-4842-AE9B-F54EDBF1EBD5}.Ad-Hoc|iPhone.Deploy.0 = Ad-Hoc|iPhone
		{4B386F57-D313-4842-AE9B-F54EDBF1EBD5}.Ad-Hoc|iPhoneSimulator.ActiveCfg = Ad-Hoc|iPhoneSimulator
		{4B386F57-D313-4842-AE9B-F54EDBF1EBD5}.Ad-Hoc|iPhoneSimulator.Build.0 = Ad-Hoc|iPhoneSimulator
		{4B386F57-D313-4842-AE9B-F54EDBF1EBD5}.Ad-Hoc|iPhoneSimulator.Deploy.0 = Ad-Hoc|iPhoneSimulator
		{4B386F57-D313-4842-AE9B-F54EDBF1EBD5}.Ad-Hoc|Mixed Platforms.ActiveCfg = Ad-Hoc|iPhone
		{4B386F57-D313-4842-AE9B-F54EDBF1EBD5}.Ad-Hoc|Mixed Platforms.Build.0 = Ad-Hoc|iPhone
		{4B386F57-D313-4842-AE9B-F54EDBF1EBD5}.Ad-Hoc|Mixed Platforms.Deploy.0 = Ad-Hoc|iPhone
		{4B386F57-D313-4842-AE9B-F54EDBF1EBD5}.Ad-Hoc|x64.ActiveCfg = Ad-Hoc|iPhone
		{4B386F57-D313-4842-AE9B-F54EDBF1EBD5}.Ad-Hoc|x86.ActiveCfg = Ad-Hoc|iPhone
		{4B386F57-D313-4842-AE9B-F54EDBF1EBD5}.AppStore|Any CPU.ActiveCfg = AppStore|iPhone
		{4B386F57-D313-4842-AE9B-F54EDBF1EBD5}.AppStore|Any CPU.Build.0 = AppStore|iPhone
		{4B386F57-D313-4842-AE9B-F54EDBF1EBD5}.AppStore|ARM.ActiveCfg = AppStore|iPhone
		{4B386F57-D313-4842-AE9B-F54EDBF1EBD5}.AppStore|iPhone.ActiveCfg = AppStore|iPhone
		{4B386F57-D313-4842-AE9B-F54EDBF1EBD5}.AppStore|iPhone.Build.0 = AppStore|iPhone
		{4B386F57-D313-4842-AE9B-F54EDBF1EBD5}.AppStore|iPhone.Deploy.0 = AppStore|iPhone
		{4B386F57-D313-4842-AE9B-F54EDBF1EBD5}.AppStore|iPhoneSimulator.ActiveCfg = AppStore|iPhoneSimulator
		{4B386F57-D313-4842-AE9B-F54EDBF1EBD5}.AppStore|iPhoneSimulator.Build.0 = AppStore|iPhoneSimulator
		{4B386F57-D313-4842-AE9B-F54EDBF1EBD5}.AppStore|iPhoneSimulator.Deploy.0 = AppStore|iPhoneSimulator
		{4B386F57-D313-4842-AE9B-F54EDBF1EBD5}.AppStore|Mixed Platforms.ActiveCfg = AppStore|iPhone
		{4B386F57-D313-4842-AE9B-F54EDBF1EBD5}.AppStore|Mixed Platforms.Build.0 = AppStore|iPhone
		{4B386F57-D313-4842-AE9B-F54EDBF1EBD5}.AppStore|Mixed Platforms.Deploy.0 = AppStore|iPhone
		{4B386F57-D313-4842-AE9B-F54EDBF1EBD5}.AppStore|x64.ActiveCfg = AppStore|iPhone
		{4B386F57-D313-4842-AE9B-F54EDBF1EBD5}.AppStore|x86.ActiveCfg = AppStore|iPhone
		{4B386F57-D313-4842-AE9B-F54EDBF1EBD5}.Debug|Any CPU.ActiveCfg = Debug|iPhone
		{4B386F57-D313-4842-AE9B-F54EDBF1EBD5}.Debug|Any CPU.Build.0 = Debug|iPhone
		{4B386F57-D313-4842-AE9B-F54EDBF1EBD5}.Debug|ARM.ActiveCfg = Debug|iPhone
		{4B386F57-D313-4842-AE9B-F54EDBF1EBD5}.Debug|iPhone.ActiveCfg = Debug|iPhone
		{4B386F57-D313-4842-AE9B-F54EDBF1EBD5}.Debug|iPhone.Build.0 = Debug|iPhone
		{4B386F57-D313-4842-AE9B-F54EDBF1EBD5}.Debug|iPhone.Deploy.0 = Debug|iPhone
		{4B386F57-D313-4842-AE9B-F54EDBF1EBD5}.Debug|iPhoneSimulator.ActiveCfg = Debug|iPhoneSimulator
		{4B386F57-D313-4842-AE9B-F54EDBF1EBD5}.Debug|iPhoneSimulator.Build.0 = Debug|iPhoneSimulator
		{4B386F57-D313-4842-AE9B-F54EDBF1EBD5}.Debug|iPhoneSimulator.Deploy.0 = Debug|iPhoneSimulator
		{4B386F57-D313-4842-AE9B-F54EDBF1EBD5}.Debug|Mixed Platforms.ActiveCfg = Debug|iPhone
		{4B386F57-D313-4842-AE9B-F54EDBF1EBD5}.Debug|Mixed Platforms.Build.0 = Debug|iPhone
		{4B386F57-D313-4842-AE9B-F54EDBF1EBD5}.Debug|Mixed Platforms.Deploy.0 = Debug|iPhone
		{4B386F57-D313-4842-AE9B-F54EDBF1EBD5}.Debug|x64.ActiveCfg = Debug|iPhone
		{4B386F57-D313-4842-AE9B-F54EDBF1EBD5}.Debug|x86.ActiveCfg = Debug|iPhone
		{4B386F57-D313-4842-AE9B-F54EDBF1EBD5}.Debug|x86.Build.0 = Debug|iPhone
		{4B386F57-D313-4842-AE9B-F54EDBF1EBD5}.Release|Any CPU.ActiveCfg = Release|iPhone
		{4B386F57-D313-4842-AE9B-F54EDBF1EBD5}.Release|Any CPU.Build.0 = Release|iPhone
		{4B386F57-D313-4842-AE9B-F54EDBF1EBD5}.Release|ARM.ActiveCfg = Release|iPhone
		{4B386F57-D313-4842-AE9B-F54EDBF1EBD5}.Release|iPhone.ActiveCfg = Release|iPhone
		{4B386F57-D313-4842-AE9B-F54EDBF1EBD5}.Release|iPhone.Build.0 = Release|iPhone
		{4B386F57-D313-4842-AE9B-F54EDBF1EBD5}.Release|iPhone.Deploy.0 = Release|iPhone
		{4B386F57-D313-4842-AE9B-F54EDBF1EBD5}.Release|iPhoneSimulator.ActiveCfg = Release|iPhoneSimulator
		{4B386F57-D313-4842-AE9B-F54EDBF1EBD5}.Release|iPhoneSimulator.Build.0 = Release|iPhoneSimulator
		{4B386F57-D313-4842-AE9B-F54EDBF1EBD5}.Release|iPhoneSimulator.Deploy.0 = Release|iPhoneSimulator
		{4B386F57-D313-4842-AE9B-F54EDBF1EBD5}.Release|Mixed Platforms.ActiveCfg = Release|iPhone
		{4B386F57-D313-4842-AE9B-F54EDBF1EBD5}.Release|Mixed Platforms.Build.0 = Release|iPhone
		{4B386F57-D313-4842-AE9B-F54EDBF1EBD5}.Release|Mixed Platforms.Deploy.0 = Release|iPhone
		{4B386F57-D313-4842-AE9B-F54EDBF1EBD5}.Release|x64.ActiveCfg = Release|iPhone
		{4B386F57-D313-4842-AE9B-F54EDBF1EBD5}.Release|x86.ActiveCfg = Release|iPhone
		{5BB50827-ECC8-4BCD-9AFD-DCCA71F6D753}.Ad-Hoc|Any CPU.ActiveCfg = Release|Any CPU
		{5BB50827-ECC8-4BCD-9AFD-DCCA71F6D753}.Ad-Hoc|Any CPU.Build.0 = Release|Any CPU
		{5BB50827-ECC8-4BCD-9AFD-DCCA71F6D753}.Ad-Hoc|Any CPU.Deploy.0 = Release|Any CPU
		{5BB50827-ECC8-4BCD-9AFD-DCCA71F6D753}.Ad-Hoc|ARM.ActiveCfg = Release|ARM
		{5BB50827-ECC8-4BCD-9AFD-DCCA71F6D753}.Ad-Hoc|ARM.Build.0 = Release|ARM
		{5BB50827-ECC8-4BCD-9AFD-DCCA71F6D753}.Ad-Hoc|ARM.Deploy.0 = Release|ARM
		{5BB50827-ECC8-4BCD-9AFD-DCCA71F6D753}.Ad-Hoc|iPhone.ActiveCfg = Release|Any CPU
		{5BB50827-ECC8-4BCD-9AFD-DCCA71F6D753}.Ad-Hoc|iPhoneSimulator.ActiveCfg = Release|Any CPU
		{5BB50827-ECC8-4BCD-9AFD-DCCA71F6D753}.Ad-Hoc|Mixed Platforms.ActiveCfg = Release|x86
		{5BB50827-ECC8-4BCD-9AFD-DCCA71F6D753}.Ad-Hoc|Mixed Platforms.Build.0 = Release|x86
		{5BB50827-ECC8-4BCD-9AFD-DCCA71F6D753}.Ad-Hoc|Mixed Platforms.Deploy.0 = Release|x86
		{5BB50827-ECC8-4BCD-9AFD-DCCA71F6D753}.Ad-Hoc|x64.ActiveCfg = Release|x64
		{5BB50827-ECC8-4BCD-9AFD-DCCA71F6D753}.Ad-Hoc|x64.Build.0 = Release|x64
		{5BB50827-ECC8-4BCD-9AFD-DCCA71F6D753}.Ad-Hoc|x64.Deploy.0 = Release|x64
		{5BB50827-ECC8-4BCD-9AFD-DCCA71F6D753}.Ad-Hoc|x86.ActiveCfg = Release|x86
		{5BB50827-ECC8-4BCD-9AFD-DCCA71F6D753}.Ad-Hoc|x86.Build.0 = Release|x86
		{5BB50827-ECC8-4BCD-9AFD-DCCA71F6D753}.Ad-Hoc|x86.Deploy.0 = Release|x86
		{5BB50827-ECC8-4BCD-9AFD-DCCA71F6D753}.AppStore|Any CPU.ActiveCfg = Release|Any CPU
		{5BB50827-ECC8-4BCD-9AFD-DCCA71F6D753}.AppStore|Any CPU.Build.0 = Release|Any CPU
		{5BB50827-ECC8-4BCD-9AFD-DCCA71F6D753}.AppStore|Any CPU.Deploy.0 = Release|Any CPU
		{5BB50827-ECC8-4BCD-9AFD-DCCA71F6D753}.AppStore|ARM.ActiveCfg = Release|ARM
		{5BB50827-ECC8-4BCD-9AFD-DCCA71F6D753}.AppStore|ARM.Build.0 = Release|ARM
		{5BB50827-ECC8-4BCD-9AFD-DCCA71F6D753}.AppStore|ARM.Deploy.0 = Release|ARM
		{5BB50827-ECC8-4BCD-9AFD-DCCA71F6D753}.AppStore|iPhone.ActiveCfg = Release|Any CPU
		{5BB50827-ECC8-4BCD-9AFD-DCCA71F6D753}.AppStore|iPhoneSimulator.ActiveCfg = Release|Any CPU
		{5BB50827-ECC8-4BCD-9AFD-DCCA71F6D753}.AppStore|Mixed Platforms.ActiveCfg = Release|x86
		{5BB50827-ECC8-4BCD-9AFD-DCCA71F6D753}.AppStore|Mixed Platforms.Build.0 = Release|x86
		{5BB50827-ECC8-4BCD-9AFD-DCCA71F6D753}.AppStore|Mixed Platforms.Deploy.0 = Release|x86
		{5BB50827-ECC8-4BCD-9AFD-DCCA71F6D753}.AppStore|x64.ActiveCfg = Release|x64
		{5BB50827-ECC8-4BCD-9AFD-DCCA71F6D753}.AppStore|x64.Build.0 = Release|x64
		{5BB50827-ECC8-4BCD-9AFD-DCCA71F6D753}.AppStore|x64.Deploy.0 = Release|x64
		{5BB50827-ECC8-4BCD-9AFD-DCCA71F6D753}.AppStore|x86.ActiveCfg = Release|x86
		{5BB50827-ECC8-4BCD-9AFD-DCCA71F6D753}.AppStore|x86.Build.0 = Release|x86
		{5BB50827-ECC8-4BCD-9AFD-DCCA71F6D753}.AppStore|x86.Deploy.0 = Release|x86
		{5BB50827-ECC8-4BCD-9AFD-DCCA71F6D753}.Debug|Any CPU.ActiveCfg = Debug|Any CPU
		{5BB50827-ECC8-4BCD-9AFD-DCCA71F6D753}.Debug|Any CPU.Build.0 = Debug|Any CPU
		{5BB50827-ECC8-4BCD-9AFD-DCCA71F6D753}.Debug|Any CPU.Deploy.0 = Debug|Any CPU
		{5BB50827-ECC8-4BCD-9AFD-DCCA71F6D753}.Debug|ARM.ActiveCfg = Debug|ARM
		{5BB50827-ECC8-4BCD-9AFD-DCCA71F6D753}.Debug|ARM.Build.0 = Debug|ARM
		{5BB50827-ECC8-4BCD-9AFD-DCCA71F6D753}.Debug|ARM.Deploy.0 = Debug|ARM
		{5BB50827-ECC8-4BCD-9AFD-DCCA71F6D753}.Debug|iPhone.ActiveCfg = Debug|Any CPU
		{5BB50827-ECC8-4BCD-9AFD-DCCA71F6D753}.Debug|iPhoneSimulator.ActiveCfg = Debug|Any CPU
		{5BB50827-ECC8-4BCD-9AFD-DCCA71F6D753}.Debug|Mixed Platforms.ActiveCfg = Debug|x86
		{5BB50827-ECC8-4BCD-9AFD-DCCA71F6D753}.Debug|Mixed Platforms.Build.0 = Debug|x86
		{5BB50827-ECC8-4BCD-9AFD-DCCA71F6D753}.Debug|Mixed Platforms.Deploy.0 = Debug|x86
		{5BB50827-ECC8-4BCD-9AFD-DCCA71F6D753}.Debug|x64.ActiveCfg = Debug|x64
		{5BB50827-ECC8-4BCD-9AFD-DCCA71F6D753}.Debug|x64.Build.0 = Debug|x64
		{5BB50827-ECC8-4BCD-9AFD-DCCA71F6D753}.Debug|x64.Deploy.0 = Debug|x64
		{5BB50827-ECC8-4BCD-9AFD-DCCA71F6D753}.Debug|x86.ActiveCfg = Debug|x86
		{5BB50827-ECC8-4BCD-9AFD-DCCA71F6D753}.Debug|x86.Build.0 = Debug|x86
		{5BB50827-ECC8-4BCD-9AFD-DCCA71F6D753}.Debug|x86.Deploy.0 = Debug|x86
		{5BB50827-ECC8-4BCD-9AFD-DCCA71F6D753}.Release|Any CPU.ActiveCfg = Release|Any CPU
		{5BB50827-ECC8-4BCD-9AFD-DCCA71F6D753}.Release|Any CPU.Build.0 = Release|Any CPU
		{5BB50827-ECC8-4BCD-9AFD-DCCA71F6D753}.Release|Any CPU.Deploy.0 = Release|Any CPU
		{5BB50827-ECC8-4BCD-9AFD-DCCA71F6D753}.Release|ARM.ActiveCfg = Release|ARM
		{5BB50827-ECC8-4BCD-9AFD-DCCA71F6D753}.Release|ARM.Build.0 = Release|ARM
		{5BB50827-ECC8-4BCD-9AFD-DCCA71F6D753}.Release|ARM.Deploy.0 = Release|ARM
		{5BB50827-ECC8-4BCD-9AFD-DCCA71F6D753}.Release|iPhone.ActiveCfg = Release|Any CPU
		{5BB50827-ECC8-4BCD-9AFD-DCCA71F6D753}.Release|iPhoneSimulator.ActiveCfg = Release|Any CPU
		{5BB50827-ECC8-4BCD-9AFD-DCCA71F6D753}.Release|Mixed Platforms.ActiveCfg = Release|x86
		{5BB50827-ECC8-4BCD-9AFD-DCCA71F6D753}.Release|Mixed Platforms.Build.0 = Release|x86
		{5BB50827-ECC8-4BCD-9AFD-DCCA71F6D753}.Release|Mixed Platforms.Deploy.0 = Release|x86
		{5BB50827-ECC8-4BCD-9AFD-DCCA71F6D753}.Release|x64.ActiveCfg = Release|x64
		{5BB50827-ECC8-4BCD-9AFD-DCCA71F6D753}.Release|x64.Build.0 = Release|x64
		{5BB50827-ECC8-4BCD-9AFD-DCCA71F6D753}.Release|x64.Deploy.0 = Release|x64
		{5BB50827-ECC8-4BCD-9AFD-DCCA71F6D753}.Release|x86.ActiveCfg = Release|x86
		{5BB50827-ECC8-4BCD-9AFD-DCCA71F6D753}.Release|x86.Build.0 = Release|x86
		{5BB50827-ECC8-4BCD-9AFD-DCCA71F6D753}.Release|x86.Deploy.0 = Release|x86
		{2C3224FB-4513-4A16-B67F-3C4F1BDC7765}.Ad-Hoc|Any CPU.ActiveCfg = Release|Any CPU
		{2C3224FB-4513-4A16-B67F-3C4F1BDC7765}.Ad-Hoc|Any CPU.Build.0 = Release|Any CPU
		{2C3224FB-4513-4A16-B67F-3C4F1BDC7765}.Ad-Hoc|Any CPU.Deploy.0 = Release|Any CPU
		{2C3224FB-4513-4A16-B67F-3C4F1BDC7765}.Ad-Hoc|ARM.ActiveCfg = Release|Any CPU
		{2C3224FB-4513-4A16-B67F-3C4F1BDC7765}.Ad-Hoc|iPhone.ActiveCfg = Release|Any CPU
		{2C3224FB-4513-4A16-B67F-3C4F1BDC7765}.Ad-Hoc|iPhoneSimulator.ActiveCfg = Release|Any CPU
		{2C3224FB-4513-4A16-B67F-3C4F1BDC7765}.Ad-Hoc|Mixed Platforms.ActiveCfg = Release|Any CPU
		{2C3224FB-4513-4A16-B67F-3C4F1BDC7765}.Ad-Hoc|Mixed Platforms.Build.0 = Release|Any CPU
		{2C3224FB-4513-4A16-B67F-3C4F1BDC7765}.Ad-Hoc|Mixed Platforms.Deploy.0 = Release|Any CPU
		{2C3224FB-4513-4A16-B67F-3C4F1BDC7765}.Ad-Hoc|x64.ActiveCfg = Release|Any CPU
		{2C3224FB-4513-4A16-B67F-3C4F1BDC7765}.Ad-Hoc|x86.ActiveCfg = Release|Any CPU
		{2C3224FB-4513-4A16-B67F-3C4F1BDC7765}.AppStore|Any CPU.ActiveCfg = Release|Any CPU
		{2C3224FB-4513-4A16-B67F-3C4F1BDC7765}.AppStore|Any CPU.Build.0 = Release|Any CPU
		{2C3224FB-4513-4A16-B67F-3C4F1BDC7765}.AppStore|Any CPU.Deploy.0 = Release|Any CPU
		{2C3224FB-4513-4A16-B67F-3C4F1BDC7765}.AppStore|ARM.ActiveCfg = Release|Any CPU
		{2C3224FB-4513-4A16-B67F-3C4F1BDC7765}.AppStore|iPhone.ActiveCfg = Release|Any CPU
		{2C3224FB-4513-4A16-B67F-3C4F1BDC7765}.AppStore|iPhoneSimulator.ActiveCfg = Release|Any CPU
		{2C3224FB-4513-4A16-B67F-3C4F1BDC7765}.AppStore|Mixed Platforms.ActiveCfg = Release|Any CPU
		{2C3224FB-4513-4A16-B67F-3C4F1BDC7765}.AppStore|Mixed Platforms.Build.0 = Release|Any CPU
		{2C3224FB-4513-4A16-B67F-3C4F1BDC7765}.AppStore|Mixed Platforms.Deploy.0 = Release|Any CPU
		{2C3224FB-4513-4A16-B67F-3C4F1BDC7765}.AppStore|x64.ActiveCfg = Release|Any CPU
		{2C3224FB-4513-4A16-B67F-3C4F1BDC7765}.AppStore|x86.ActiveCfg = Release|Any CPU
		{2C3224FB-4513-4A16-B67F-3C4F1BDC7765}.Debug|Any CPU.ActiveCfg = Debug|Any CPU
		{2C3224FB-4513-4A16-B67F-3C4F1BDC7765}.Debug|Any CPU.Build.0 = Debug|Any CPU
		{2C3224FB-4513-4A16-B67F-3C4F1BDC7765}.Debug|Any CPU.Deploy.0 = Debug|Any CPU
		{2C3224FB-4513-4A16-B67F-3C4F1BDC7765}.Debug|ARM.ActiveCfg = Debug|Any CPU
		{2C3224FB-4513-4A16-B67F-3C4F1BDC7765}.Debug|iPhone.ActiveCfg = Debug|Any CPU
		{2C3224FB-4513-4A16-B67F-3C4F1BDC7765}.Debug|iPhoneSimulator.ActiveCfg = Debug|Any CPU
		{2C3224FB-4513-4A16-B67F-3C4F1BDC7765}.Debug|Mixed Platforms.ActiveCfg = Debug|Any CPU
		{2C3224FB-4513-4A16-B67F-3C4F1BDC7765}.Debug|Mixed Platforms.Build.0 = Debug|Any CPU
		{2C3224FB-4513-4A16-B67F-3C4F1BDC7765}.Debug|Mixed Platforms.Deploy.0 = Debug|Any CPU
		{2C3224FB-4513-4A16-B67F-3C4F1BDC7765}.Debug|x64.ActiveCfg = Debug|Any CPU
		{2C3224FB-4513-4A16-B67F-3C4F1BDC7765}.Debug|x86.ActiveCfg = Debug|Any CPU
		{2C3224FB-4513-4A16-B67F-3C4F1BDC7765}.Debug|x86.Build.0 = Debug|Any CPU
		{2C3224FB-4513-4A16-B67F-3C4F1BDC7765}.Release|Any CPU.ActiveCfg = Release|Any CPU
		{2C3224FB-4513-4A16-B67F-3C4F1BDC7765}.Release|Any CPU.Build.0 = Release|Any CPU
		{2C3224FB-4513-4A16-B67F-3C4F1BDC7765}.Release|Any CPU.Deploy.0 = Release|Any CPU
		{2C3224FB-4513-4A16-B67F-3C4F1BDC7765}.Release|ARM.ActiveCfg = Release|Any CPU
		{2C3224FB-4513-4A16-B67F-3C4F1BDC7765}.Release|iPhone.ActiveCfg = Release|Any CPU
		{2C3224FB-4513-4A16-B67F-3C4F1BDC7765}.Release|iPhoneSimulator.ActiveCfg = Release|Any CPU
		{2C3224FB-4513-4A16-B67F-3C4F1BDC7765}.Release|Mixed Platforms.ActiveCfg = Release|Any CPU
		{2C3224FB-4513-4A16-B67F-3C4F1BDC7765}.Release|Mixed Platforms.Build.0 = Release|Any CPU
		{2C3224FB-4513-4A16-B67F-3C4F1BDC7765}.Release|Mixed Platforms.Deploy.0 = Release|Any CPU
		{2C3224FB-4513-4A16-B67F-3C4F1BDC7765}.Release|x64.ActiveCfg = Release|Any CPU
		{2C3224FB-4513-4A16-B67F-3C4F1BDC7765}.Release|x86.ActiveCfg = Release|Any CPU
		{C129735F-5D4B-40BE-9410-F43E548FFF5E}.Ad-Hoc|Any CPU.ActiveCfg = Release|Any CPU
		{C129735F-5D4B-40BE-9410-F43E548FFF5E}.Ad-Hoc|Any CPU.Build.0 = Release|Any CPU
		{C129735F-5D4B-40BE-9410-F43E548FFF5E}.Ad-Hoc|ARM.ActiveCfg = Release|Any CPU
		{C129735F-5D4B-40BE-9410-F43E548FFF5E}.Ad-Hoc|iPhone.ActiveCfg = Release|Any CPU
		{C129735F-5D4B-40BE-9410-F43E548FFF5E}.Ad-Hoc|iPhoneSimulator.ActiveCfg = Release|Any CPU
		{C129735F-5D4B-40BE-9410-F43E548FFF5E}.Ad-Hoc|Mixed Platforms.ActiveCfg = Release|Any CPU
		{C129735F-5D4B-40BE-9410-F43E548FFF5E}.Ad-Hoc|Mixed Platforms.Build.0 = Release|Any CPU
		{C129735F-5D4B-40BE-9410-F43E548FFF5E}.Ad-Hoc|x64.ActiveCfg = Release|Any CPU
		{C129735F-5D4B-40BE-9410-F43E548FFF5E}.Ad-Hoc|x64.Build.0 = Release|Any CPU
		{C129735F-5D4B-40BE-9410-F43E548FFF5E}.Ad-Hoc|x86.ActiveCfg = Release|Any CPU
		{C129735F-5D4B-40BE-9410-F43E548FFF5E}.Ad-Hoc|x86.Build.0 = Release|Any CPU
		{C129735F-5D4B-40BE-9410-F43E548FFF5E}.AppStore|Any CPU.ActiveCfg = Release|Any CPU
		{C129735F-5D4B-40BE-9410-F43E548FFF5E}.AppStore|Any CPU.Build.0 = Release|Any CPU
		{C129735F-5D4B-40BE-9410-F43E548FFF5E}.AppStore|ARM.ActiveCfg = Release|Any CPU
		{C129735F-5D4B-40BE-9410-F43E548FFF5E}.AppStore|ARM.Build.0 = Release|Any CPU
		{C129735F-5D4B-40BE-9410-F43E548FFF5E}.AppStore|iPhone.ActiveCfg = Release|Any CPU
		{C129735F-5D4B-40BE-9410-F43E548FFF5E}.AppStore|iPhone.Build.0 = Release|Any CPU
		{C129735F-5D4B-40BE-9410-F43E548FFF5E}.AppStore|iPhoneSimulator.ActiveCfg = Release|Any CPU
		{C129735F-5D4B-40BE-9410-F43E548FFF5E}.AppStore|Mixed Platforms.ActiveCfg = Release|Any CPU
		{C129735F-5D4B-40BE-9410-F43E548FFF5E}.AppStore|Mixed Platforms.Build.0 = Release|Any CPU
		{C129735F-5D4B-40BE-9410-F43E548FFF5E}.AppStore|x64.ActiveCfg = Release|Any CPU
		{C129735F-5D4B-40BE-9410-F43E548FFF5E}.AppStore|x64.Build.0 = Release|Any CPU
		{C129735F-5D4B-40BE-9410-F43E548FFF5E}.AppStore|x86.ActiveCfg = Release|Any CPU
		{C129735F-5D4B-40BE-9410-F43E548FFF5E}.AppStore|x86.Build.0 = Release|Any CPU
		{C129735F-5D4B-40BE-9410-F43E548FFF5E}.Debug|Any CPU.ActiveCfg = Debug|Any CPU
		{C129735F-5D4B-40BE-9410-F43E548FFF5E}.Debug|Any CPU.Build.0 = Debug|Any CPU
		{C129735F-5D4B-40BE-9410-F43E548FFF5E}.Debug|ARM.ActiveCfg = Debug|Any CPU
		{C129735F-5D4B-40BE-9410-F43E548FFF5E}.Debug|ARM.Build.0 = Debug|Any CPU
		{C129735F-5D4B-40BE-9410-F43E548FFF5E}.Debug|iPhone.ActiveCfg = Debug|Any CPU
		{C129735F-5D4B-40BE-9410-F43E548FFF5E}.Debug|iPhoneSimulator.ActiveCfg = Debug|Any CPU
		{C129735F-5D4B-40BE-9410-F43E548FFF5E}.Debug|Mixed Platforms.ActiveCfg = Debug|Any CPU
		{C129735F-5D4B-40BE-9410-F43E548FFF5E}.Debug|Mixed Platforms.Build.0 = Debug|Any CPU
		{C129735F-5D4B-40BE-9410-F43E548FFF5E}.Debug|x64.ActiveCfg = Debug|Any CPU
		{C129735F-5D4B-40BE-9410-F43E548FFF5E}.Debug|x64.Build.0 = Debug|Any CPU
		{C129735F-5D4B-40BE-9410-F43E548FFF5E}.Debug|x86.ActiveCfg = Debug|Any CPU
		{C129735F-5D4B-40BE-9410-F43E548FFF5E}.Debug|x86.Build.0 = Debug|Any CPU
		{C129735F-5D4B-40BE-9410-F43E548FFF5E}.Release|Any CPU.ActiveCfg = Release|Any CPU
		{C129735F-5D4B-40BE-9410-F43E548FFF5E}.Release|Any CPU.Build.0 = Release|Any CPU
		{C129735F-5D4B-40BE-9410-F43E548FFF5E}.Release|ARM.ActiveCfg = Release|Any CPU
		{C129735F-5D4B-40BE-9410-F43E548FFF5E}.Release|iPhone.ActiveCfg = Release|Any CPU
		{C129735F-5D4B-40BE-9410-F43E548FFF5E}.Release|iPhoneSimulator.ActiveCfg = Release|Any CPU
		{C129735F-5D4B-40BE-9410-F43E548FFF5E}.Release|iPhoneSimulator.Build.0 = Release|Any CPU
		{C129735F-5D4B-40BE-9410-F43E548FFF5E}.Release|Mixed Platforms.ActiveCfg = Release|Any CPU
		{C129735F-5D4B-40BE-9410-F43E548FFF5E}.Release|Mixed Platforms.Build.0 = Release|Any CPU
		{C129735F-5D4B-40BE-9410-F43E548FFF5E}.Release|x64.ActiveCfg = Release|Any CPU
		{C129735F-5D4B-40BE-9410-F43E548FFF5E}.Release|x64.Build.0 = Release|Any CPU
		{C129735F-5D4B-40BE-9410-F43E548FFF5E}.Release|x86.ActiveCfg = Release|Any CPU
		{C129735F-5D4B-40BE-9410-F43E548FFF5E}.Release|x86.Build.0 = Release|Any CPU
		{46DF3E43-6B65-4C3D-8911-64FCC301040F}.Ad-Hoc|Any CPU.ActiveCfg = Release|x86
		{46DF3E43-6B65-4C3D-8911-64FCC301040F}.Ad-Hoc|ARM.ActiveCfg = Release|ARM
		{46DF3E43-6B65-4C3D-8911-64FCC301040F}.Ad-Hoc|ARM.Build.0 = Release|ARM
		{46DF3E43-6B65-4C3D-8911-64FCC301040F}.Ad-Hoc|ARM.Deploy.0 = Release|ARM
		{46DF3E43-6B65-4C3D-8911-64FCC301040F}.Ad-Hoc|iPhone.ActiveCfg = Release|x86
		{46DF3E43-6B65-4C3D-8911-64FCC301040F}.Ad-Hoc|iPhoneSimulator.ActiveCfg = Release|x86
		{46DF3E43-6B65-4C3D-8911-64FCC301040F}.Ad-Hoc|Mixed Platforms.ActiveCfg = Release|x86
		{46DF3E43-6B65-4C3D-8911-64FCC301040F}.Ad-Hoc|Mixed Platforms.Build.0 = Release|x86
		{46DF3E43-6B65-4C3D-8911-64FCC301040F}.Ad-Hoc|Mixed Platforms.Deploy.0 = Release|x86
		{46DF3E43-6B65-4C3D-8911-64FCC301040F}.Ad-Hoc|x64.ActiveCfg = Release|x86
		{46DF3E43-6B65-4C3D-8911-64FCC301040F}.Ad-Hoc|x86.ActiveCfg = Release|x86
		{46DF3E43-6B65-4C3D-8911-64FCC301040F}.Ad-Hoc|x86.Build.0 = Release|x86
		{46DF3E43-6B65-4C3D-8911-64FCC301040F}.Ad-Hoc|x86.Deploy.0 = Release|x86
		{46DF3E43-6B65-4C3D-8911-64FCC301040F}.AppStore|Any CPU.ActiveCfg = Release|x86
		{46DF3E43-6B65-4C3D-8911-64FCC301040F}.AppStore|ARM.ActiveCfg = Release|ARM
		{46DF3E43-6B65-4C3D-8911-64FCC301040F}.AppStore|ARM.Build.0 = Release|ARM
		{46DF3E43-6B65-4C3D-8911-64FCC301040F}.AppStore|ARM.Deploy.0 = Release|ARM
		{46DF3E43-6B65-4C3D-8911-64FCC301040F}.AppStore|iPhone.ActiveCfg = Release|x86
		{46DF3E43-6B65-4C3D-8911-64FCC301040F}.AppStore|iPhoneSimulator.ActiveCfg = Release|x86
		{46DF3E43-6B65-4C3D-8911-64FCC301040F}.AppStore|Mixed Platforms.ActiveCfg = Release|x86
		{46DF3E43-6B65-4C3D-8911-64FCC301040F}.AppStore|Mixed Platforms.Build.0 = Release|x86
		{46DF3E43-6B65-4C3D-8911-64FCC301040F}.AppStore|Mixed Platforms.Deploy.0 = Release|x86
		{46DF3E43-6B65-4C3D-8911-64FCC301040F}.AppStore|x64.ActiveCfg = Release|x86
		{46DF3E43-6B65-4C3D-8911-64FCC301040F}.AppStore|x86.ActiveCfg = Release|x86
		{46DF3E43-6B65-4C3D-8911-64FCC301040F}.AppStore|x86.Build.0 = Release|x86
		{46DF3E43-6B65-4C3D-8911-64FCC301040F}.AppStore|x86.Deploy.0 = Release|x86
		{46DF3E43-6B65-4C3D-8911-64FCC301040F}.Debug|Any CPU.ActiveCfg = Debug|x86
		{46DF3E43-6B65-4C3D-8911-64FCC301040F}.Debug|Any CPU.Build.0 = Debug|x86
		{46DF3E43-6B65-4C3D-8911-64FCC301040F}.Debug|ARM.ActiveCfg = Debug|ARM
		{46DF3E43-6B65-4C3D-8911-64FCC301040F}.Debug|ARM.Build.0 = Debug|ARM
		{46DF3E43-6B65-4C3D-8911-64FCC301040F}.Debug|ARM.Deploy.0 = Debug|ARM
		{46DF3E43-6B65-4C3D-8911-64FCC301040F}.Debug|iPhone.ActiveCfg = Debug|x86
		{46DF3E43-6B65-4C3D-8911-64FCC301040F}.Debug|iPhoneSimulator.ActiveCfg = Debug|x86
		{46DF3E43-6B65-4C3D-8911-64FCC301040F}.Debug|Mixed Platforms.ActiveCfg = Debug|x86
		{46DF3E43-6B65-4C3D-8911-64FCC301040F}.Debug|Mixed Platforms.Build.0 = Debug|x86
		{46DF3E43-6B65-4C3D-8911-64FCC301040F}.Debug|Mixed Platforms.Deploy.0 = Debug|x86
		{46DF3E43-6B65-4C3D-8911-64FCC301040F}.Debug|x64.ActiveCfg = Debug|x86
		{46DF3E43-6B65-4C3D-8911-64FCC301040F}.Debug|x86.ActiveCfg = Debug|x86
		{46DF3E43-6B65-4C3D-8911-64FCC301040F}.Debug|x86.Build.0 = Debug|x86
		{46DF3E43-6B65-4C3D-8911-64FCC301040F}.Debug|x86.Deploy.0 = Debug|x86
		{46DF3E43-6B65-4C3D-8911-64FCC301040F}.Release|Any CPU.ActiveCfg = Release|x86
		{46DF3E43-6B65-4C3D-8911-64FCC301040F}.Release|Any CPU.Build.0 = Release|x86
		{46DF3E43-6B65-4C3D-8911-64FCC301040F}.Release|ARM.ActiveCfg = Release|ARM
		{46DF3E43-6B65-4C3D-8911-64FCC301040F}.Release|ARM.Build.0 = Release|ARM
		{46DF3E43-6B65-4C3D-8911-64FCC301040F}.Release|ARM.Deploy.0 = Release|ARM
		{46DF3E43-6B65-4C3D-8911-64FCC301040F}.Release|iPhone.ActiveCfg = Release|x86
		{46DF3E43-6B65-4C3D-8911-64FCC301040F}.Release|iPhoneSimulator.ActiveCfg = Release|x86
		{46DF3E43-6B65-4C3D-8911-64FCC301040F}.Release|Mixed Platforms.ActiveCfg = Release|x86
		{46DF3E43-6B65-4C3D-8911-64FCC301040F}.Release|Mixed Platforms.Build.0 = Release|x86
		{46DF3E43-6B65-4C3D-8911-64FCC301040F}.Release|Mixed Platforms.Deploy.0 = Release|x86
		{46DF3E43-6B65-4C3D-8911-64FCC301040F}.Release|x64.ActiveCfg = Release|x86
		{46DF3E43-6B65-4C3D-8911-64FCC301040F}.Release|x86.ActiveCfg = Release|x86
		{46DF3E43-6B65-4C3D-8911-64FCC301040F}.Release|x86.Build.0 = Release|x86
		{46DF3E43-6B65-4C3D-8911-64FCC301040F}.Release|x86.Deploy.0 = Release|x86
		{0A947CD1-3C6F-415A-A122-233BAE3005FD}.Ad-Hoc|Any CPU.ActiveCfg = Ad-Hoc|iPhone
		{0A947CD1-3C6F-415A-A122-233BAE3005FD}.Ad-Hoc|Any CPU.Build.0 = Ad-Hoc|iPhone
		{0A947CD1-3C6F-415A-A122-233BAE3005FD}.Ad-Hoc|ARM.ActiveCfg = Ad-Hoc|iPhone
		{0A947CD1-3C6F-415A-A122-233BAE3005FD}.Ad-Hoc|iPhone.ActiveCfg = Ad-Hoc|iPhone
		{0A947CD1-3C6F-415A-A122-233BAE3005FD}.Ad-Hoc|iPhone.Build.0 = Ad-Hoc|iPhone
		{0A947CD1-3C6F-415A-A122-233BAE3005FD}.Ad-Hoc|iPhoneSimulator.ActiveCfg = Ad-Hoc|iPhone
		{0A947CD1-3C6F-415A-A122-233BAE3005FD}.Ad-Hoc|iPhoneSimulator.Build.0 = Ad-Hoc|iPhone
		{0A947CD1-3C6F-415A-A122-233BAE3005FD}.Ad-Hoc|Mixed Platforms.ActiveCfg = Ad-Hoc|iPhone
		{0A947CD1-3C6F-415A-A122-233BAE3005FD}.Ad-Hoc|Mixed Platforms.Build.0 = Ad-Hoc|iPhone
		{0A947CD1-3C6F-415A-A122-233BAE3005FD}.Ad-Hoc|x64.ActiveCfg = Ad-Hoc|iPhone
		{0A947CD1-3C6F-415A-A122-233BAE3005FD}.Ad-Hoc|x64.Build.0 = Ad-Hoc|iPhone
		{0A947CD1-3C6F-415A-A122-233BAE3005FD}.Ad-Hoc|x86.ActiveCfg = Ad-Hoc|iPhone
		{0A947CD1-3C6F-415A-A122-233BAE3005FD}.Ad-Hoc|x86.Build.0 = Ad-Hoc|iPhone
		{0A947CD1-3C6F-415A-A122-233BAE3005FD}.AppStore|Any CPU.ActiveCfg = AppStore|iPhone
		{0A947CD1-3C6F-415A-A122-233BAE3005FD}.AppStore|Any CPU.Build.0 = AppStore|iPhone
		{0A947CD1-3C6F-415A-A122-233BAE3005FD}.AppStore|ARM.ActiveCfg = AppStore|iPhone
		{0A947CD1-3C6F-415A-A122-233BAE3005FD}.AppStore|ARM.Build.0 = AppStore|iPhone
		{0A947CD1-3C6F-415A-A122-233BAE3005FD}.AppStore|iPhone.ActiveCfg = AppStore|iPhone
		{0A947CD1-3C6F-415A-A122-233BAE3005FD}.AppStore|iPhone.Build.0 = AppStore|iPhone
		{0A947CD1-3C6F-415A-A122-233BAE3005FD}.AppStore|iPhoneSimulator.ActiveCfg = Ad-Hoc|iPhone
		{0A947CD1-3C6F-415A-A122-233BAE3005FD}.AppStore|iPhoneSimulator.Build.0 = Ad-Hoc|iPhone
		{0A947CD1-3C6F-415A-A122-233BAE3005FD}.AppStore|Mixed Platforms.ActiveCfg = AppStore|iPhone
		{0A947CD1-3C6F-415A-A122-233BAE3005FD}.AppStore|Mixed Platforms.Build.0 = AppStore|iPhone
		{0A947CD1-3C6F-415A-A122-233BAE3005FD}.AppStore|x64.ActiveCfg = AppStore|iPhone
		{0A947CD1-3C6F-415A-A122-233BAE3005FD}.AppStore|x64.Build.0 = AppStore|iPhone
		{0A947CD1-3C6F-415A-A122-233BAE3005FD}.AppStore|x86.ActiveCfg = AppStore|iPhone
		{0A947CD1-3C6F-415A-A122-233BAE3005FD}.AppStore|x86.Build.0 = AppStore|iPhone
		{0A947CD1-3C6F-415A-A122-233BAE3005FD}.Debug|Any CPU.ActiveCfg = Debug|iPhone
		{0A947CD1-3C6F-415A-A122-233BAE3005FD}.Debug|Any CPU.Build.0 = Debug|iPhone
		{0A947CD1-3C6F-415A-A122-233BAE3005FD}.Debug|ARM.ActiveCfg = Debug|iPhone
		{0A947CD1-3C6F-415A-A122-233BAE3005FD}.Debug|ARM.Build.0 = Debug|iPhone
		{0A947CD1-3C6F-415A-A122-233BAE3005FD}.Debug|iPhone.ActiveCfg = Debug|iPhone
		{0A947CD1-3C6F-415A-A122-233BAE3005FD}.Debug|iPhone.Build.0 = Debug|iPhone
		{0A947CD1-3C6F-415A-A122-233BAE3005FD}.Debug|iPhoneSimulator.ActiveCfg = Debug|iPhoneSimulator
		{0A947CD1-3C6F-415A-A122-233BAE3005FD}.Debug|iPhoneSimulator.Build.0 = Debug|iPhoneSimulator
		{0A947CD1-3C6F-415A-A122-233BAE3005FD}.Debug|Mixed Platforms.ActiveCfg = Debug|iPhone
		{0A947CD1-3C6F-415A-A122-233BAE3005FD}.Debug|Mixed Platforms.Build.0 = Debug|iPhone
		{0A947CD1-3C6F-415A-A122-233BAE3005FD}.Debug|x64.ActiveCfg = Debug|iPhone
		{0A947CD1-3C6F-415A-A122-233BAE3005FD}.Debug|x86.ActiveCfg = Debug|iPhone
		{0A947CD1-3C6F-415A-A122-233BAE3005FD}.Debug|x86.Build.0 = Debug|iPhone
		{0A947CD1-3C6F-415A-A122-233BAE3005FD}.Release|Any CPU.ActiveCfg = Release|iPhone
		{0A947CD1-3C6F-415A-A122-233BAE3005FD}.Release|Any CPU.Build.0 = Release|iPhone
		{0A947CD1-3C6F-415A-A122-233BAE3005FD}.Release|ARM.ActiveCfg = Release|iPhone
		{0A947CD1-3C6F-415A-A122-233BAE3005FD}.Release|iPhone.ActiveCfg = Release|iPhone
		{0A947CD1-3C6F-415A-A122-233BAE3005FD}.Release|iPhone.Build.0 = Release|iPhone
		{0A947CD1-3C6F-415A-A122-233BAE3005FD}.Release|iPhoneSimulator.ActiveCfg = Release|iPhoneSimulator
		{0A947CD1-3C6F-415A-A122-233BAE3005FD}.Release|iPhoneSimulator.Build.0 = Release|iPhoneSimulator
		{0A947CD1-3C6F-415A-A122-233BAE3005FD}.Release|Mixed Platforms.ActiveCfg = Release|iPhone
		{0A947CD1-3C6F-415A-A122-233BAE3005FD}.Release|Mixed Platforms.Build.0 = Release|iPhone
		{0A947CD1-3C6F-415A-A122-233BAE3005FD}.Release|x64.ActiveCfg = Release|iPhone
		{0A947CD1-3C6F-415A-A122-233BAE3005FD}.Release|x86.ActiveCfg = Release|iPhone
		{8EA10208-DC51-48A1-A0FE-726FEE55DE79}.Ad-Hoc|Any CPU.ActiveCfg = Release|Any CPU
		{8EA10208-DC51-48A1-A0FE-726FEE55DE79}.Ad-Hoc|Any CPU.Build.0 = Release|Any CPU
		{8EA10208-DC51-48A1-A0FE-726FEE55DE79}.Ad-Hoc|ARM.ActiveCfg = Release|Any CPU
		{8EA10208-DC51-48A1-A0FE-726FEE55DE79}.Ad-Hoc|iPhone.ActiveCfg = Release|Any CPU
		{8EA10208-DC51-48A1-A0FE-726FEE55DE79}.Ad-Hoc|iPhoneSimulator.ActiveCfg = Release|Any CPU
		{8EA10208-DC51-48A1-A0FE-726FEE55DE79}.Ad-Hoc|Mixed Platforms.ActiveCfg = Release|Any CPU
		{8EA10208-DC51-48A1-A0FE-726FEE55DE79}.Ad-Hoc|Mixed Platforms.Build.0 = Release|Any CPU
		{8EA10208-DC51-48A1-A0FE-726FEE55DE79}.Ad-Hoc|x64.ActiveCfg = Release|Any CPU
		{8EA10208-DC51-48A1-A0FE-726FEE55DE79}.Ad-Hoc|x64.Build.0 = Release|Any CPU
		{8EA10208-DC51-48A1-A0FE-726FEE55DE79}.Ad-Hoc|x86.ActiveCfg = Release|Any CPU
		{8EA10208-DC51-48A1-A0FE-726FEE55DE79}.Ad-Hoc|x86.Build.0 = Release|Any CPU
		{8EA10208-DC51-48A1-A0FE-726FEE55DE79}.AppStore|Any CPU.ActiveCfg = Release|Any CPU
		{8EA10208-DC51-48A1-A0FE-726FEE55DE79}.AppStore|Any CPU.Build.0 = Release|Any CPU
		{8EA10208-DC51-48A1-A0FE-726FEE55DE79}.AppStore|ARM.ActiveCfg = Release|Any CPU
		{8EA10208-DC51-48A1-A0FE-726FEE55DE79}.AppStore|ARM.Build.0 = Release|Any CPU
		{8EA10208-DC51-48A1-A0FE-726FEE55DE79}.AppStore|iPhone.ActiveCfg = Release|Any CPU
		{8EA10208-DC51-48A1-A0FE-726FEE55DE79}.AppStore|iPhone.Build.0 = Release|Any CPU
		{8EA10208-DC51-48A1-A0FE-726FEE55DE79}.AppStore|iPhoneSimulator.ActiveCfg = Release|Any CPU
		{8EA10208-DC51-48A1-A0FE-726FEE55DE79}.AppStore|Mixed Platforms.ActiveCfg = Release|Any CPU
		{8EA10208-DC51-48A1-A0FE-726FEE55DE79}.AppStore|Mixed Platforms.Build.0 = Release|Any CPU
		{8EA10208-DC51-48A1-A0FE-726FEE55DE79}.AppStore|x64.ActiveCfg = Release|Any CPU
		{8EA10208-DC51-48A1-A0FE-726FEE55DE79}.AppStore|x64.Build.0 = Release|Any CPU
		{8EA10208-DC51-48A1-A0FE-726FEE55DE79}.AppStore|x86.ActiveCfg = Release|Any CPU
		{8EA10208-DC51-48A1-A0FE-726FEE55DE79}.AppStore|x86.Build.0 = Release|Any CPU
		{8EA10208-DC51-48A1-A0FE-726FEE55DE79}.Debug|Any CPU.ActiveCfg = Debug|Any CPU
		{8EA10208-DC51-48A1-A0FE-726FEE55DE79}.Debug|Any CPU.Build.0 = Debug|Any CPU
		{8EA10208-DC51-48A1-A0FE-726FEE55DE79}.Debug|ARM.ActiveCfg = Debug|Any CPU
		{8EA10208-DC51-48A1-A0FE-726FEE55DE79}.Debug|ARM.Build.0 = Debug|Any CPU
		{8EA10208-DC51-48A1-A0FE-726FEE55DE79}.Debug|iPhone.ActiveCfg = Debug|Any CPU
		{8EA10208-DC51-48A1-A0FE-726FEE55DE79}.Debug|iPhoneSimulator.ActiveCfg = Debug|Any CPU
		{8EA10208-DC51-48A1-A0FE-726FEE55DE79}.Debug|Mixed Platforms.ActiveCfg = Debug|Any CPU
		{8EA10208-DC51-48A1-A0FE-726FEE55DE79}.Debug|Mixed Platforms.Build.0 = Debug|Any CPU
		{8EA10208-DC51-48A1-A0FE-726FEE55DE79}.Debug|x64.ActiveCfg = Debug|Any CPU
		{8EA10208-DC51-48A1-A0FE-726FEE55DE79}.Debug|x64.Build.0 = Debug|Any CPU
		{8EA10208-DC51-48A1-A0FE-726FEE55DE79}.Debug|x86.ActiveCfg = Debug|Any CPU
		{8EA10208-DC51-48A1-A0FE-726FEE55DE79}.Debug|x86.Build.0 = Debug|Any CPU
		{8EA10208-DC51-48A1-A0FE-726FEE55DE79}.Release|Any CPU.ActiveCfg = Release|Any CPU
		{8EA10208-DC51-48A1-A0FE-726FEE55DE79}.Release|Any CPU.Build.0 = Release|Any CPU
		{8EA10208-DC51-48A1-A0FE-726FEE55DE79}.Release|ARM.ActiveCfg = Release|Any CPU
		{8EA10208-DC51-48A1-A0FE-726FEE55DE79}.Release|iPhone.ActiveCfg = Release|Any CPU
		{8EA10208-DC51-48A1-A0FE-726FEE55DE79}.Release|iPhoneSimulator.ActiveCfg = Release|Any CPU
		{8EA10208-DC51-48A1-A0FE-726FEE55DE79}.Release|iPhoneSimulator.Build.0 = Release|Any CPU
		{8EA10208-DC51-48A1-A0FE-726FEE55DE79}.Release|Mixed Platforms.ActiveCfg = Release|Any CPU
		{8EA10208-DC51-48A1-A0FE-726FEE55DE79}.Release|Mixed Platforms.Build.0 = Release|Any CPU
		{8EA10208-DC51-48A1-A0FE-726FEE55DE79}.Release|x64.ActiveCfg = Release|Any CPU
		{8EA10208-DC51-48A1-A0FE-726FEE55DE79}.Release|x64.Build.0 = Release|Any CPU
		{8EA10208-DC51-48A1-A0FE-726FEE55DE79}.Release|x86.ActiveCfg = Release|Any CPU
		{8EA10208-DC51-48A1-A0FE-726FEE55DE79}.Release|x86.Build.0 = Release|Any CPU
		{9E5D6B89-B69B-486B-9F7B-406BE8690589}.Ad-Hoc|Any CPU.ActiveCfg = Release|Any CPU
		{9E5D6B89-B69B-486B-9F7B-406BE8690589}.Ad-Hoc|Any CPU.Build.0 = Release|Any CPU
		{9E5D6B89-B69B-486B-9F7B-406BE8690589}.Ad-Hoc|ARM.ActiveCfg = Release|Any CPU
		{9E5D6B89-B69B-486B-9F7B-406BE8690589}.Ad-Hoc|iPhone.ActiveCfg = Release|Any CPU
		{9E5D6B89-B69B-486B-9F7B-406BE8690589}.Ad-Hoc|iPhoneSimulator.ActiveCfg = Release|Any CPU
		{9E5D6B89-B69B-486B-9F7B-406BE8690589}.Ad-Hoc|Mixed Platforms.ActiveCfg = Release|Any CPU
		{9E5D6B89-B69B-486B-9F7B-406BE8690589}.Ad-Hoc|Mixed Platforms.Build.0 = Release|Any CPU
		{9E5D6B89-B69B-486B-9F7B-406BE8690589}.Ad-Hoc|x64.ActiveCfg = Release|Any CPU
		{9E5D6B89-B69B-486B-9F7B-406BE8690589}.Ad-Hoc|x86.ActiveCfg = Release|Any CPU
		{9E5D6B89-B69B-486B-9F7B-406BE8690589}.AppStore|Any CPU.ActiveCfg = Release|Any CPU
		{9E5D6B89-B69B-486B-9F7B-406BE8690589}.AppStore|Any CPU.Build.0 = Release|Any CPU
		{9E5D6B89-B69B-486B-9F7B-406BE8690589}.AppStore|ARM.ActiveCfg = Release|Any CPU
		{9E5D6B89-B69B-486B-9F7B-406BE8690589}.AppStore|iPhone.ActiveCfg = Release|Any CPU
		{9E5D6B89-B69B-486B-9F7B-406BE8690589}.AppStore|iPhoneSimulator.ActiveCfg = Release|Any CPU
		{9E5D6B89-B69B-486B-9F7B-406BE8690589}.AppStore|Mixed Platforms.ActiveCfg = Release|Any CPU
		{9E5D6B89-B69B-486B-9F7B-406BE8690589}.AppStore|Mixed Platforms.Build.0 = Release|Any CPU
		{9E5D6B89-B69B-486B-9F7B-406BE8690589}.AppStore|x64.ActiveCfg = Release|Any CPU
		{9E5D6B89-B69B-486B-9F7B-406BE8690589}.AppStore|x86.ActiveCfg = Release|Any CPU
		{9E5D6B89-B69B-486B-9F7B-406BE8690589}.Debug|Any CPU.ActiveCfg = Debug|Any CPU
		{9E5D6B89-B69B-486B-9F7B-406BE8690589}.Debug|Any CPU.Build.0 = Debug|Any CPU
		{9E5D6B89-B69B-486B-9F7B-406BE8690589}.Debug|ARM.ActiveCfg = Debug|Any CPU
		{9E5D6B89-B69B-486B-9F7B-406BE8690589}.Debug|iPhone.ActiveCfg = Debug|Any CPU
		{9E5D6B89-B69B-486B-9F7B-406BE8690589}.Debug|iPhoneSimulator.ActiveCfg = Debug|Any CPU
		{9E5D6B89-B69B-486B-9F7B-406BE8690589}.Debug|Mixed Platforms.ActiveCfg = Debug|Any CPU
		{9E5D6B89-B69B-486B-9F7B-406BE8690589}.Debug|Mixed Platforms.Build.0 = Debug|Any CPU
		{9E5D6B89-B69B-486B-9F7B-406BE8690589}.Debug|x64.ActiveCfg = Debug|Any CPU
		{9E5D6B89-B69B-486B-9F7B-406BE8690589}.Debug|x86.ActiveCfg = Debug|Any CPU
		{9E5D6B89-B69B-486B-9F7B-406BE8690589}.Debug|x86.Build.0 = Debug|Any CPU
		{9E5D6B89-B69B-486B-9F7B-406BE8690589}.Release|Any CPU.ActiveCfg = Release|Any CPU
		{9E5D6B89-B69B-486B-9F7B-406BE8690589}.Release|Any CPU.Build.0 = Release|Any CPU
		{9E5D6B89-B69B-486B-9F7B-406BE8690589}.Release|ARM.ActiveCfg = Release|Any CPU
		{9E5D6B89-B69B-486B-9F7B-406BE8690589}.Release|iPhone.ActiveCfg = Release|Any CPU
		{9E5D6B89-B69B-486B-9F7B-406BE8690589}.Release|iPhoneSimulator.ActiveCfg = Release|Any CPU
		{9E5D6B89-B69B-486B-9F7B-406BE8690589}.Release|Mixed Platforms.ActiveCfg = Release|Any CPU
		{9E5D6B89-B69B-486B-9F7B-406BE8690589}.Release|Mixed Platforms.Build.0 = Release|Any CPU
		{9E5D6B89-B69B-486B-9F7B-406BE8690589}.Release|x64.ActiveCfg = Release|Any CPU
		{9E5D6B89-B69B-486B-9F7B-406BE8690589}.Release|x86.ActiveCfg = Release|Any CPU
		{4971D437-0694-4297-A8CC-146CE08C3BD9}.Ad-Hoc|Any CPU.ActiveCfg = Release|Any CPU
		{4971D437-0694-4297-A8CC-146CE08C3BD9}.Ad-Hoc|Any CPU.Build.0 = Release|Any CPU
		{4971D437-0694-4297-A8CC-146CE08C3BD9}.Ad-Hoc|ARM.ActiveCfg = Release|Any CPU
		{4971D437-0694-4297-A8CC-146CE08C3BD9}.Ad-Hoc|iPhone.ActiveCfg = Release|Any CPU
		{4971D437-0694-4297-A8CC-146CE08C3BD9}.Ad-Hoc|iPhone.Build.0 = Release|Any CPU
		{4971D437-0694-4297-A8CC-146CE08C3BD9}.Ad-Hoc|iPhoneSimulator.ActiveCfg = Release|Any CPU
		{4971D437-0694-4297-A8CC-146CE08C3BD9}.Ad-Hoc|iPhoneSimulator.Build.0 = Release|Any CPU
		{4971D437-0694-4297-A8CC-146CE08C3BD9}.Ad-Hoc|Mixed Platforms.ActiveCfg = Release|Any CPU
		{4971D437-0694-4297-A8CC-146CE08C3BD9}.Ad-Hoc|Mixed Platforms.Build.0 = Release|Any CPU
		{4971D437-0694-4297-A8CC-146CE08C3BD9}.Ad-Hoc|x64.ActiveCfg = Release|Any CPU
		{4971D437-0694-4297-A8CC-146CE08C3BD9}.Ad-Hoc|x64.Build.0 = Release|Any CPU
		{4971D437-0694-4297-A8CC-146CE08C3BD9}.Ad-Hoc|x86.ActiveCfg = Release|Any CPU
		{4971D437-0694-4297-A8CC-146CE08C3BD9}.AppStore|Any CPU.ActiveCfg = Release|Any CPU
		{4971D437-0694-4297-A8CC-146CE08C3BD9}.AppStore|Any CPU.Build.0 = Release|Any CPU
		{4971D437-0694-4297-A8CC-146CE08C3BD9}.AppStore|ARM.ActiveCfg = Release|Any CPU
		{4971D437-0694-4297-A8CC-146CE08C3BD9}.AppStore|iPhone.ActiveCfg = Release|Any CPU
		{4971D437-0694-4297-A8CC-146CE08C3BD9}.AppStore|iPhoneSimulator.ActiveCfg = Release|Any CPU
		{4971D437-0694-4297-A8CC-146CE08C3BD9}.AppStore|iPhoneSimulator.Build.0 = Release|Any CPU
		{4971D437-0694-4297-A8CC-146CE08C3BD9}.AppStore|Mixed Platforms.ActiveCfg = Release|Any CPU
		{4971D437-0694-4297-A8CC-146CE08C3BD9}.AppStore|Mixed Platforms.Build.0 = Release|Any CPU
		{4971D437-0694-4297-A8CC-146CE08C3BD9}.AppStore|x64.ActiveCfg = Release|Any CPU
		{4971D437-0694-4297-A8CC-146CE08C3BD9}.AppStore|x86.ActiveCfg = Release|Any CPU
		{4971D437-0694-4297-A8CC-146CE08C3BD9}.Debug|Any CPU.ActiveCfg = Debug|Any CPU
		{4971D437-0694-4297-A8CC-146CE08C3BD9}.Debug|Any CPU.Build.0 = Debug|Any CPU
		{4971D437-0694-4297-A8CC-146CE08C3BD9}.Debug|ARM.ActiveCfg = Debug|Any CPU
		{4971D437-0694-4297-A8CC-146CE08C3BD9}.Debug|iPhone.ActiveCfg = Debug|Any CPU
		{4971D437-0694-4297-A8CC-146CE08C3BD9}.Debug|iPhone.Build.0 = Debug|Any CPU
		{4971D437-0694-4297-A8CC-146CE08C3BD9}.Debug|iPhoneSimulator.ActiveCfg = Debug|Any CPU
		{4971D437-0694-4297-A8CC-146CE08C3BD9}.Debug|iPhoneSimulator.Build.0 = Debug|Any CPU
		{4971D437-0694-4297-A8CC-146CE08C3BD9}.Debug|Mixed Platforms.ActiveCfg = Debug|Any CPU
		{4971D437-0694-4297-A8CC-146CE08C3BD9}.Debug|Mixed Platforms.Build.0 = Debug|Any CPU
		{4971D437-0694-4297-A8CC-146CE08C3BD9}.Debug|x64.ActiveCfg = Debug|Any CPU
		{4971D437-0694-4297-A8CC-146CE08C3BD9}.Debug|x64.Build.0 = Debug|Any CPU
		{4971D437-0694-4297-A8CC-146CE08C3BD9}.Debug|x86.ActiveCfg = Debug|Any CPU
		{4971D437-0694-4297-A8CC-146CE08C3BD9}.Debug|x86.Build.0 = Debug|Any CPU
		{4971D437-0694-4297-A8CC-146CE08C3BD9}.Release|Any CPU.ActiveCfg = Release|Any CPU
		{4971D437-0694-4297-A8CC-146CE08C3BD9}.Release|Any CPU.Build.0 = Release|Any CPU
		{4971D437-0694-4297-A8CC-146CE08C3BD9}.Release|ARM.ActiveCfg = Release|Any CPU
		{4971D437-0694-4297-A8CC-146CE08C3BD9}.Release|ARM.Build.0 = Release|Any CPU
		{4971D437-0694-4297-A8CC-146CE08C3BD9}.Release|iPhone.ActiveCfg = Release|Any CPU
		{4971D437-0694-4297-A8CC-146CE08C3BD9}.Release|iPhone.Build.0 = Release|Any CPU
		{4971D437-0694-4297-A8CC-146CE08C3BD9}.Release|iPhoneSimulator.ActiveCfg = Release|Any CPU
		{4971D437-0694-4297-A8CC-146CE08C3BD9}.Release|iPhoneSimulator.Build.0 = Release|Any CPU
		{4971D437-0694-4297-A8CC-146CE08C3BD9}.Release|Mixed Platforms.ActiveCfg = Release|Any CPU
		{4971D437-0694-4297-A8CC-146CE08C3BD9}.Release|Mixed Platforms.Build.0 = Release|Any CPU
		{4971D437-0694-4297-A8CC-146CE08C3BD9}.Release|x64.ActiveCfg = Release|Any CPU
		{4971D437-0694-4297-A8CC-146CE08C3BD9}.Release|x64.Build.0 = Release|Any CPU
		{4971D437-0694-4297-A8CC-146CE08C3BD9}.Release|x86.ActiveCfg = Release|Any CPU
		{4971D437-0694-4297-A8CC-146CE08C3BD9}.Release|x86.Build.0 = Release|Any CPU
		{3AB34E91-8E1A-442F-8E66-2494B371A890}.Ad-Hoc|Any CPU.ActiveCfg = Release|Any CPU
		{3AB34E91-8E1A-442F-8E66-2494B371A890}.Ad-Hoc|Any CPU.Build.0 = Release|Any CPU
		{3AB34E91-8E1A-442F-8E66-2494B371A890}.Ad-Hoc|ARM.ActiveCfg = Release|Any CPU
		{3AB34E91-8E1A-442F-8E66-2494B371A890}.Ad-Hoc|iPhone.ActiveCfg = Release|Any CPU
		{3AB34E91-8E1A-442F-8E66-2494B371A890}.Ad-Hoc|iPhone.Build.0 = Release|Any CPU
		{3AB34E91-8E1A-442F-8E66-2494B371A890}.Ad-Hoc|iPhoneSimulator.ActiveCfg = Release|Any CPU
		{3AB34E91-8E1A-442F-8E66-2494B371A890}.Ad-Hoc|iPhoneSimulator.Build.0 = Release|Any CPU
		{3AB34E91-8E1A-442F-8E66-2494B371A890}.Ad-Hoc|Mixed Platforms.ActiveCfg = Release|Any CPU
		{3AB34E91-8E1A-442F-8E66-2494B371A890}.Ad-Hoc|Mixed Platforms.Build.0 = Release|Any CPU
		{3AB34E91-8E1A-442F-8E66-2494B371A890}.Ad-Hoc|x64.ActiveCfg = Release|Any CPU
		{3AB34E91-8E1A-442F-8E66-2494B371A890}.Ad-Hoc|x64.Build.0 = Release|Any CPU
		{3AB34E91-8E1A-442F-8E66-2494B371A890}.Ad-Hoc|x86.ActiveCfg = Release|Any CPU
		{3AB34E91-8E1A-442F-8E66-2494B371A890}.AppStore|Any CPU.ActiveCfg = Release|Any CPU
		{3AB34E91-8E1A-442F-8E66-2494B371A890}.AppStore|Any CPU.Build.0 = Release|Any CPU
		{3AB34E91-8E1A-442F-8E66-2494B371A890}.AppStore|ARM.ActiveCfg = Release|Any CPU
		{3AB34E91-8E1A-442F-8E66-2494B371A890}.AppStore|iPhone.ActiveCfg = Release|Any CPU
		{3AB34E91-8E1A-442F-8E66-2494B371A890}.AppStore|iPhoneSimulator.ActiveCfg = Release|Any CPU
		{3AB34E91-8E1A-442F-8E66-2494B371A890}.AppStore|iPhoneSimulator.Build.0 = Release|Any CPU
		{3AB34E91-8E1A-442F-8E66-2494B371A890}.AppStore|Mixed Platforms.ActiveCfg = Release|Any CPU
		{3AB34E91-8E1A-442F-8E66-2494B371A890}.AppStore|Mixed Platforms.Build.0 = Release|Any CPU
		{3AB34E91-8E1A-442F-8E66-2494B371A890}.AppStore|x64.ActiveCfg = Release|Any CPU
		{3AB34E91-8E1A-442F-8E66-2494B371A890}.AppStore|x86.ActiveCfg = Release|Any CPU
		{3AB34E91-8E1A-442F-8E66-2494B371A890}.Debug|Any CPU.ActiveCfg = Debug|Any CPU
		{3AB34E91-8E1A-442F-8E66-2494B371A890}.Debug|Any CPU.Build.0 = Debug|Any CPU
		{3AB34E91-8E1A-442F-8E66-2494B371A890}.Debug|ARM.ActiveCfg = Debug|Any CPU
		{3AB34E91-8E1A-442F-8E66-2494B371A890}.Debug|iPhone.ActiveCfg = Debug|Any CPU
		{3AB34E91-8E1A-442F-8E66-2494B371A890}.Debug|iPhone.Build.0 = Debug|Any CPU
		{3AB34E91-8E1A-442F-8E66-2494B371A890}.Debug|iPhoneSimulator.ActiveCfg = Debug|Any CPU
		{3AB34E91-8E1A-442F-8E66-2494B371A890}.Debug|iPhoneSimulator.Build.0 = Debug|Any CPU
		{3AB34E91-8E1A-442F-8E66-2494B371A890}.Debug|Mixed Platforms.ActiveCfg = Debug|Any CPU
		{3AB34E91-8E1A-442F-8E66-2494B371A890}.Debug|Mixed Platforms.Build.0 = Debug|Any CPU
		{3AB34E91-8E1A-442F-8E66-2494B371A890}.Debug|x64.ActiveCfg = Debug|Any CPU
		{3AB34E91-8E1A-442F-8E66-2494B371A890}.Debug|x64.Build.0 = Debug|Any CPU
		{3AB34E91-8E1A-442F-8E66-2494B371A890}.Debug|x86.ActiveCfg = Debug|Any CPU
		{3AB34E91-8E1A-442F-8E66-2494B371A890}.Debug|x86.Build.0 = Debug|Any CPU
		{3AB34E91-8E1A-442F-8E66-2494B371A890}.Release|Any CPU.ActiveCfg = Release|Any CPU
		{3AB34E91-8E1A-442F-8E66-2494B371A890}.Release|Any CPU.Build.0 = Release|Any CPU
		{3AB34E91-8E1A-442F-8E66-2494B371A890}.Release|ARM.ActiveCfg = Release|Any CPU
		{3AB34E91-8E1A-442F-8E66-2494B371A890}.Release|ARM.Build.0 = Release|Any CPU
		{3AB34E91-8E1A-442F-8E66-2494B371A890}.Release|iPhone.ActiveCfg = Release|Any CPU
		{3AB34E91-8E1A-442F-8E66-2494B371A890}.Release|iPhone.Build.0 = Release|Any CPU
		{3AB34E91-8E1A-442F-8E66-2494B371A890}.Release|iPhoneSimulator.ActiveCfg = Release|Any CPU
		{3AB34E91-8E1A-442F-8E66-2494B371A890}.Release|iPhoneSimulator.Build.0 = Release|Any CPU
		{3AB34E91-8E1A-442F-8E66-2494B371A890}.Release|Mixed Platforms.ActiveCfg = Release|Any CPU
		{3AB34E91-8E1A-442F-8E66-2494B371A890}.Release|Mixed Platforms.Build.0 = Release|Any CPU
		{3AB34E91-8E1A-442F-8E66-2494B371A890}.Release|x64.ActiveCfg = Release|Any CPU
		{3AB34E91-8E1A-442F-8E66-2494B371A890}.Release|x64.Build.0 = Release|Any CPU
		{3AB34E91-8E1A-442F-8E66-2494B371A890}.Release|x86.ActiveCfg = Release|Any CPU
		{3AB34E91-8E1A-442F-8E66-2494B371A890}.Release|x86.Build.0 = Release|Any CPU
	EndGlobalSection
	GlobalSection(SolutionProperties) = preSolution
		HideSolutionNode = FALSE
	EndGlobalSection
	GlobalSection(NestedProjects) = preSolution
		{03799AD1-9FCF-48CB-8E6E-B233DF583B10} = {59584026-7610-4CD5-A74E-D2B0A2E1CE87}
		{6891E212-AEEE-4763-AC6F-BD7213C13890} = {59584026-7610-4CD5-A74E-D2B0A2E1CE87}
		{741521F8-F9D8-40F4-A5D4-AED4E26841ED} = {59584026-7610-4CD5-A74E-D2B0A2E1CE87}
		{6377929D-6253-450D-BF4B-3E8ECE2564F7} = {59584026-7610-4CD5-A74E-D2B0A2E1CE87}
		{219700F0-5444-4250-87D6-0551B39CA402} = {59584026-7610-4CD5-A74E-D2B0A2E1CE87}
		{F662E15A-8753-468E-A67E-3FCF45F12B89} = {59584026-7610-4CD5-A74E-D2B0A2E1CE87}
		{38AF8105-65B6-4A14-A258-1137D9E40EF1} = {59584026-7610-4CD5-A74E-D2B0A2E1CE87}
		{3173703F-8B1F-4772-9AE3-44913F413FB1} = {59584026-7610-4CD5-A74E-D2B0A2E1CE87}
		{03799AD1-9FCF-48CB-8E6E-B233DF583B11} = {59584026-7610-4CD5-A74E-D2B0A2E1CE87}
		{BFF4B373-2844-40AD-8994-2BA5AC42AEE0} = {0C4021EF-617B-4620-ADD3-A702B4F9FA86}
		{4B386F57-D313-4842-AE9B-F54EDBF1EBD5} = {0C4021EF-617B-4620-ADD3-A702B4F9FA86}
		{5BB50827-ECC8-4BCD-9AFD-DCCA71F6D753} = {0C4021EF-617B-4620-ADD3-A702B4F9FA86}
		{2C3224FB-4513-4A16-B67F-3C4F1BDC7765} = {0C4021EF-617B-4620-ADD3-A702B4F9FA86}
		{C129735F-5D4B-40BE-9410-F43E548FFF5E} = {0C4021EF-617B-4620-ADD3-A702B4F9FA86}
		{46DF3E43-6B65-4C3D-8911-64FCC301040F} = {0C4021EF-617B-4620-ADD3-A702B4F9FA86}
		{0A947CD1-3C6F-415A-A122-233BAE3005FD} = {0C4021EF-617B-4620-ADD3-A702B4F9FA86}
		{8EA10208-DC51-48A1-A0FE-726FEE55DE79} = {0C4021EF-617B-4620-ADD3-A702B4F9FA86}
		{9E5D6B89-B69B-486B-9F7B-406BE8690589} = {49C7015B-F41A-47A6-8200-B925902E74E9}
	EndGlobalSection
EndGlobal
