
Microsoft Visual Studio Solution File, Format Version 12.00
# Visual Studio 2013
VisualStudioVersion = 12.0.30723.0
MinimumVisualStudioVersion = 10.0.40219.1
Project("{2150E333-8FDC-42A3-9474-1A3956D46DE8}") = "Platforms", "Platforms", "{59584026-7610-4CD5-A74E-D2B0A2E1CE87}"
EndProject
Project("{FAE04EC0-301F-11D3-BF4B-00C04F79EFBC}") = "SQLite.Net.Platform.Win32", "src\SQLite.Net.Platform.Win32\SQLite.Net.Platform.Win32.csproj", "{03799AD1-9FCF-48CB-8E6E-B233DF583B10}"
EndProject
Project("{2150E333-8FDC-42A3-9474-1A3956D46DE8}") = "Tests", "Tests", "{0C4021EF-617B-4620-ADD3-A702B4F9FA86}"
EndProject
Project("{FAE04EC0-301F-11D3-BF4B-00C04F79EFBC}") = "SQLite.Net.Tests.Win32", "tests\SQLite.Net.Tests.Win32\SQLite.Net.Tests.Win32.csproj", "{BFF4B373-2844-40AD-8994-2BA5AC42AEE0}"
EndProject
Project("{FAE04EC0-301F-11D3-BF4B-00C04F79EFBC}") = "SQLite.Net.Platform.Generic", "src\SQLite.Net.Platform.Generic\SQLite.Net.Platform.Generic.csproj", "{F662E15A-8753-468E-A67E-3FCF45F12B89}"
EndProject
Project("{FAE04EC0-301F-11D3-BF4B-00C04F79EFBC}") = "SQLite.Net.Tests.Generic", "tests\SQLite.Net.Tests.Generic\SQLite.Net.Tests.Generic.csproj", "{C129735F-5D4B-40BE-9410-F43E548FFF5E}"
EndProject
Project("{2150E333-8FDC-42A3-9474-1A3956D46DE8}") = "Examples", "Examples", "{49C7015B-F41A-47A6-8200-B925902E74E9}"
EndProject
Project("{FAE04EC0-301F-11D3-BF4B-00C04F79EFBC}") = "Stocks", "examples\Stocks\Stocks.csproj", "{9E5D6B89-B69B-486B-9F7B-406BE8690589}"
EndProject
Project("{2150E333-8FDC-42A3-9474-1A3956D46DE8}") = ".nuget", ".nuget", "{5BD976ED-6E22-44A3-A5A1-D6C6633BAADD}"
	ProjectSection(SolutionItems) = preProject
		.nuget\NuGet.Config = .nuget\NuGet.Config
		.nuget\NuGet.exe = .nuget\NuGet.exe
		.nuget\NuGet.targets = .nuget\NuGet.targets
	EndProjectSection
EndProject
Project("{FAE04EC0-301F-11D3-BF4B-00C04F79EFBC}") = "SQLite.Net", "src\SQLite.Net\SQLite.Net.csproj", "{4971D437-0694-4297-A8CC-146CE08C3BD9}"
EndProject
Project("{FAE04EC0-301F-11D3-BF4B-00C04F79EFBC}") = "SQLite.Net.Async", "src\SQLite.Net.Async\SQLite.Net.Async.csproj", "{3AB34E91-8E1A-442F-8E66-2494B371A890}"
EndProject
Global
	GlobalSection(SolutionConfigurationPlatforms) = preSolution
		Ad-Hoc|Any CPU = Ad-Hoc|Any CPU
		Ad-Hoc|ARM = Ad-Hoc|ARM
		Ad-Hoc|iPhone = Ad-Hoc|iPhone
		Ad-Hoc|iPhoneSimulator = Ad-Hoc|iPhoneSimulator
		Ad-Hoc|Mixed Platforms = Ad-Hoc|Mixed Platforms
		Ad-Hoc|x64 = Ad-Hoc|x64
		Ad-Hoc|x86 = Ad-Hoc|x86
		AppStore|Any CPU = AppStore|Any CPU
		AppStore|ARM = AppStore|ARM
		AppStore|iPhone = AppStore|iPhone
		AppStore|iPhoneSimulator = AppStore|iPhoneSimulator
		AppStore|Mixed Platforms = AppStore|Mixed Platforms
		AppStore|x64 = AppStore|x64
		AppStore|x86 = AppStore|x86
		Debug|Any CPU = Debug|Any CPU
		Debug|ARM = Debug|ARM
		Debug|iPhone = Debug|iPhone
		Debug|iPhoneSimulator = Debug|iPhoneSimulator
		Debug|Mixed Platforms = Debug|Mixed Platforms
		Debug|x64 = Debug|x64
		Debug|x86 = Debug|x86
		Release|Any CPU = Release|Any CPU
		Release|ARM = Release|ARM
		Release|iPhone = Release|iPhone
		Release|iPhoneSimulator = Release|iPhoneSimulator
		Release|Mixed Platforms = Release|Mixed Platforms
		Release|x64 = Release|x64
		Release|x86 = Release|x86
	EndGlobalSection
	GlobalSection(ProjectConfigurationPlatforms) = postSolution
		{03799AD1-9FCF-48CB-8E6E-B233DF583B10}.Ad-Hoc|Any CPU.ActiveCfg = Release|Any CPU
		{03799AD1-9FCF-48CB-8E6E-B233DF583B10}.Ad-Hoc|Any CPU.Build.0 = Release|Any CPU
		{03799AD1-9FCF-48CB-8E6E-B233DF583B10}.Ad-Hoc|ARM.ActiveCfg = Release|Any CPU
		{03799AD1-9FCF-48CB-8E6E-B233DF583B10}.Ad-Hoc|iPhone.ActiveCfg = Release|Any CPU
		{03799AD1-9FCF-48CB-8E6E-B233DF583B10}.Ad-Hoc|iPhoneSimulator.ActiveCfg = Release|Any CPU
		{03799AD1-9FCF-48CB-8E6E-B233DF583B10}.Ad-Hoc|Mixed Platforms.ActiveCfg = Release|Any CPU
		{03799AD1-9FCF-48CB-8E6E-B233DF583B10}.Ad-Hoc|Mixed Platforms.Build.0 = Release|Any CPU
		{03799AD1-9FCF-48CB-8E6E-B233DF583B10}.Ad-Hoc|x64.ActiveCfg = Release|Any CPU
		{03799AD1-9FCF-48CB-8E6E-B233DF583B10}.Ad-Hoc|x86.ActiveCfg = Release|Any CPU
		{03799AD1-9FCF-48CB-8E6E-B233DF583B10}.AppStore|Any CPU.ActiveCfg = Release|Any CPU
		{03799AD1-9FCF-48CB-8E6E-B233DF583B10}.AppStore|Any CPU.Build.0 = Release|Any CPU
		{03799AD1-9FCF-48CB-8E6E-B233DF583B10}.AppStore|ARM.ActiveCfg = Release|Any CPU
		{03799AD1-9FCF-48CB-8E6E-B233DF583B10}.AppStore|iPhone.ActiveCfg = Release|Any CPU
		{03799AD1-9FCF-48CB-8E6E-B233DF583B10}.AppStore|iPhoneSimulator.ActiveCfg = Release|Any CPU
		{03799AD1-9FCF-48CB-8E6E-B233DF583B10}.AppStore|Mixed Platforms.ActiveCfg = Release|Any CPU
		{03799AD1-9FCF-48CB-8E6E-B233DF583B10}.AppStore|Mixed Platforms.Build.0 = Release|Any CPU
		{03799AD1-9FCF-48CB-8E6E-B233DF583B10}.AppStore|x64.ActiveCfg = Release|Any CPU
		{03799AD1-9FCF-48CB-8E6E-B233DF583B10}.AppStore|x86.ActiveCfg = Release|Any CPU
		{03799AD1-9FCF-48CB-8E6E-B233DF583B10}.Debug|Any CPU.ActiveCfg = Debug|Any CPU
		{03799AD1-9FCF-48CB-8E6E-B233DF583B10}.Debug|Any CPU.Build.0 = Debug|Any CPU
		{03799AD1-9FCF-48CB-8E6E-B233DF583B10}.Debug|ARM.ActiveCfg = Debug|Any CPU
		{03799AD1-9FCF-48CB-8E6E-B233DF583B10}.Debug|iPhone.ActiveCfg = Debug|Any CPU
		{03799AD1-9FCF-48CB-8E6E-B233DF583B10}.Debug|iPhoneSimulator.ActiveCfg = Debug|Any CPU
		{03799AD1-9FCF-48CB-8E6E-B233DF583B10}.Debug|Mixed Platforms.ActiveCfg = Debug|Any CPU
		{03799AD1-9FCF-48CB-8E6E-B233DF583B10}.Debug|Mixed Platforms.Build.0 = Debug|Any CPU
		{03799AD1-9FCF-48CB-8E6E-B233DF583B10}.Debug|x64.ActiveCfg = Debug|Any CPU
		{03799AD1-9FCF-48CB-8E6E-B233DF583B10}.Debug|x86.ActiveCfg = Debug|Any CPU
		{03799AD1-9FCF-48CB-8E6E-B233DF583B10}.Release|Any CPU.ActiveCfg = Release|Any CPU
		{03799AD1-9FCF-48CB-8E6E-B233DF583B10}.Release|Any CPU.Build.0 = Release|Any CPU
		{03799AD1-9FCF-48CB-8E6E-B233DF583B10}.Release|ARM.ActiveCfg = Release|Any CPU
		{03799AD1-9FCF-48CB-8E6E-B233DF583B10}.Release|iPhone.ActiveCfg = Release|Any CPU
		{03799AD1-9FCF-48CB-8E6E-B233DF583B10}.Release|iPhoneSimulator.ActiveCfg = Release|Any CPU
		{03799AD1-9FCF-48CB-8E6E-B233DF583B10}.Release|Mixed Platforms.ActiveCfg = Release|Any CPU
		{03799AD1-9FCF-48CB-8E6E-B233DF583B10}.Release|Mixed Platforms.Build.0 = Release|Any CPU
		{03799AD1-9FCF-48CB-8E6E-B233DF583B10}.Release|x64.ActiveCfg = Release|Any CPU
		{03799AD1-9FCF-48CB-8E6E-B233DF583B10}.Release|x86.ActiveCfg = Release|Any CPU
		{BFF4B373-2844-40AD-8994-2BA5AC42AEE0}.Ad-Hoc|Any CPU.ActiveCfg = Release|Any CPU
		{BFF4B373-2844-40AD-8994-2BA5AC42AEE0}.Ad-Hoc|Any CPU.Build.0 = Release|Any CPU
		{BFF4B373-2844-40AD-8994-2BA5AC42AEE0}.Ad-Hoc|ARM.ActiveCfg = Release|Any CPU
		{BFF4B373-2844-40AD-8994-2BA5AC42AEE0}.Ad-Hoc|iPhone.ActiveCfg = Release|Any CPU
		{BFF4B373-2844-40AD-8994-2BA5AC42AEE0}.Ad-Hoc|iPhoneSimulator.ActiveCfg = Release|Any CPU
		{BFF4B373-2844-40AD-8994-2BA5AC42AEE0}.Ad-Hoc|Mixed Platforms.ActiveCfg = Release|Any CPU
		{BFF4B373-2844-40AD-8994-2BA5AC42AEE0}.Ad-Hoc|Mixed Platforms.Build.0 = Release|Any CPU
		{BFF4B373-2844-40AD-8994-2BA5AC42AEE0}.Ad-Hoc|x64.ActiveCfg = Release|Any CPU
		{BFF4B373-2844-40AD-8994-2BA5AC42AEE0}.Ad-Hoc|x86.ActiveCfg = Release|Any CPU
		{BFF4B373-2844-40AD-8994-2BA5AC42AEE0}.AppStore|Any CPU.ActiveCfg = Release|Any CPU
		{BFF4B373-2844-40AD-8994-2BA5AC42AEE0}.AppStore|Any CPU.Build.0 = Release|Any CPU
		{BFF4B373-2844-40AD-8994-2BA5AC42AEE0}.AppStore|ARM.ActiveCfg = Release|Any CPU
		{BFF4B373-2844-40AD-8994-2BA5AC42AEE0}.AppStore|iPhone.ActiveCfg = Release|Any CPU
		{BFF4B373-2844-40AD-8994-2BA5AC42AEE0}.AppStore|iPhoneSimulator.ActiveCfg = Release|Any CPU
		{BFF4B373-2844-40AD-8994-2BA5AC42AEE0}.AppStore|Mixed Platforms.ActiveCfg = Release|Any CPU
		{BFF4B373-2844-40AD-8994-2BA5AC42AEE0}.AppStore|Mixed Platforms.Build.0 = Release|Any CPU
		{BFF4B373-2844-40AD-8994-2BA5AC42AEE0}.AppStore|x64.ActiveCfg = Release|Any CPU
		{BFF4B373-2844-40AD-8994-2BA5AC42AEE0}.AppStore|x86.ActiveCfg = Release|Any CPU
		{BFF4B373-2844-40AD-8994-2BA5AC42AEE0}.Debug|Any CPU.ActiveCfg = Debug|Any CPU
		{BFF4B373-2844-40AD-8994-2BA5AC42AEE0}.Debug|Any CPU.Build.0 = Debug|Any CPU
		{BFF4B373-2844-40AD-8994-2BA5AC42AEE0}.Debug|ARM.ActiveCfg = Debug|Any CPU
		{BFF4B373-2844-40AD-8994-2BA5AC42AEE0}.Debug|iPhone.ActiveCfg = Debug|Any CPU
		{BFF4B373-2844-40AD-8994-2BA5AC42AEE0}.Debug|iPhoneSimulator.ActiveCfg = Debug|Any CPU
		{BFF4B373-2844-40AD-8994-2BA5AC42AEE0}.Debug|Mixed Platforms.ActiveCfg = Debug|Any CPU
		{BFF4B373-2844-40AD-8994-2BA5AC42AEE0}.Debug|Mixed Platforms.Build.0 = Debug|Any CPU
		{BFF4B373-2844-40AD-8994-2BA5AC42AEE0}.Debug|x64.ActiveCfg = Debug|Any CPU
		{BFF4B373-2844-40AD-8994-2BA5AC42AEE0}.Debug|x86.ActiveCfg = Debug|Any CPU
		{BFF4B373-2844-40AD-8994-2BA5AC42AEE0}.Release|Any CPU.ActiveCfg = Release|Any CPU
		{BFF4B373-2844-40AD-8994-2BA5AC42AEE0}.Release|Any CPU.Build.0 = Release|Any CPU
		{BFF4B373-2844-40AD-8994-2BA5AC42AEE0}.Release|ARM.ActiveCfg = Release|Any CPU
		{BFF4B373-2844-40AD-8994-2BA5AC42AEE0}.Release|iPhone.ActiveCfg = Release|Any CPU
		{BFF4B373-2844-40AD-8994-2BA5AC42AEE0}.Release|iPhoneSimulator.ActiveCfg = Release|Any CPU
		{BFF4B373-2844-40AD-8994-2BA5AC42AEE0}.Release|Mixed Platforms.ActiveCfg = Release|Any CPU
		{BFF4B373-2844-40AD-8994-2BA5AC42AEE0}.Release|Mixed Platforms.Build.0 = Release|Any CPU
		{BFF4B373-2844-40AD-8994-2BA5AC42AEE0}.Release|x64.ActiveCfg = Release|Any CPU
		{BFF4B373-2844-40AD-8994-2BA5AC42AEE0}.Release|x86.ActiveCfg = Release|Any CPU
		{F662E15A-8753-468E-A67E-3FCF45F12B89}.Ad-Hoc|Any CPU.ActiveCfg = Release|Any CPU
		{F662E15A-8753-468E-A67E-3FCF45F12B89}.Ad-Hoc|Any CPU.Build.0 = Release|Any CPU
		{F662E15A-8753-468E-A67E-3FCF45F12B89}.Ad-Hoc|ARM.ActiveCfg = Release|Any CPU
		{F662E15A-8753-468E-A67E-3FCF45F12B89}.Ad-Hoc|ARM.Build.0 = Release|Any CPU
		{F662E15A-8753-468E-A67E-3FCF45F12B89}.Ad-Hoc|iPhone.ActiveCfg = Release|Any CPU
		{F662E15A-8753-468E-A67E-3FCF45F12B89}.Ad-Hoc|iPhone.Build.0 = Release|Any CPU
		{F662E15A-8753-468E-A67E-3FCF45F12B89}.Ad-Hoc|iPhoneSimulator.ActiveCfg = Release|Any CPU
		{F662E15A-8753-468E-A67E-3FCF45F12B89}.Ad-Hoc|iPhoneSimulator.Build.0 = Release|Any CPU
		{F662E15A-8753-468E-A67E-3FCF45F12B89}.Ad-Hoc|Mixed Platforms.ActiveCfg = Release|Any CPU
		{F662E15A-8753-468E-A67E-3FCF45F12B89}.Ad-Hoc|Mixed Platforms.Build.0 = Release|Any CPU
		{F662E15A-8753-468E-A67E-3FCF45F12B89}.Ad-Hoc|x64.ActiveCfg = Release|Any CPU
		{F662E15A-8753-468E-A67E-3FCF45F12B89}.Ad-Hoc|x64.Build.0 = Release|Any CPU
		{F662E15A-8753-468E-A67E-3FCF45F12B89}.Ad-Hoc|x86.ActiveCfg = Release|Any CPU
		{F662E15A-8753-468E-A67E-3FCF45F12B89}.Ad-Hoc|x86.Build.0 = Release|Any CPU
		{F662E15A-8753-468E-A67E-3FCF45F12B89}.AppStore|Any CPU.ActiveCfg = Release|Any CPU
		{F662E15A-8753-468E-A67E-3FCF45F12B89}.AppStore|Any CPU.Build.0 = Release|Any CPU
		{F662E15A-8753-468E-A67E-3FCF45F12B89}.AppStore|ARM.ActiveCfg = Release|Any CPU
		{F662E15A-8753-468E-A67E-3FCF45F12B89}.AppStore|ARM.Build.0 = Release|Any CPU
		{F662E15A-8753-468E-A67E-3FCF45F12B89}.AppStore|iPhone.ActiveCfg = Release|Any CPU
		{F662E15A-8753-468E-A67E-3FCF45F12B89}.AppStore|iPhone.Build.0 = Release|Any CPU
		{F662E15A-8753-468E-A67E-3FCF45F12B89}.AppStore|iPhoneSimulator.ActiveCfg = Release|Any CPU
		{F662E15A-8753-468E-A67E-3FCF45F12B89}.AppStore|iPhoneSimulator.Build.0 = Release|Any CPU
		{F662E15A-8753-468E-A67E-3FCF45F12B89}.AppStore|Mixed Platforms.ActiveCfg = Release|Any CPU
		{F662E15A-8753-468E-A67E-3FCF45F12B89}.AppStore|Mixed Platforms.Build.0 = Release|Any CPU
		{F662E15A-8753-468E-A67E-3FCF45F12B89}.AppStore|x64.ActiveCfg = Release|Any CPU
		{F662E15A-8753-468E-A67E-3FCF45F12B89}.AppStore|x64.Build.0 = Release|Any CPU
		{F662E15A-8753-468E-A67E-3FCF45F12B89}.AppStore|x86.ActiveCfg = Release|Any CPU
		{F662E15A-8753-468E-A67E-3FCF45F12B89}.AppStore|x86.Build.0 = Release|Any CPU
		{F662E15A-8753-468E-A67E-3FCF45F12B89}.Debug|Any CPU.ActiveCfg = Debug|Any CPU
		{F662E15A-8753-468E-A67E-3FCF45F12B89}.Debug|Any CPU.Build.0 = Debug|Any CPU
		{F662E15A-8753-468E-A67E-3FCF45F12B89}.Debug|ARM.ActiveCfg = Debug|Any CPU
		{F662E15A-8753-468E-A67E-3FCF45F12B89}.Debug|ARM.Build.0 = Debug|Any CPU
		{F662E15A-8753-468E-A67E-3FCF45F12B89}.Debug|iPhone.ActiveCfg = Debug|Any CPU
		{F662E15A-8753-468E-A67E-3FCF45F12B89}.Debug|iPhone.Build.0 = Debug|Any CPU
		{F662E15A-8753-468E-A67E-3FCF45F12B89}.Debug|iPhoneSimulator.ActiveCfg = Debug|Any CPU
		{F662E15A-8753-468E-A67E-3FCF45F12B89}.Debug|iPhoneSimulator.Build.0 = Debug|Any CPU
		{F662E15A-8753-468E-A67E-3FCF45F12B89}.Debug|Mixed Platforms.ActiveCfg = Debug|Any CPU
		{F662E15A-8753-468E-A67E-3FCF45F12B89}.Debug|Mixed Platforms.Build.0 = Debug|Any CPU
		{F662E15A-8753-468E-A67E-3FCF45F12B89}.Debug|x64.ActiveCfg = Debug|Any CPU
		{F662E15A-8753-468E-A67E-3FCF45F12B89}.Debug|x64.Build.0 = Debug|Any CPU
		{F662E15A-8753-468E-A67E-3FCF45F12B89}.Debug|x86.ActiveCfg = Debug|Any CPU
		{F662E15A-8753-468E-A67E-3FCF45F12B89}.Debug|x86.Build.0 = Debug|Any CPU
		{F662E15A-8753-468E-A67E-3FCF45F12B89}.Release|Any CPU.ActiveCfg = Release|Any CPU
		{F662E15A-8753-468E-A67E-3FCF45F12B89}.Release|Any CPU.Build.0 = Release|Any CPU
		{F662E15A-8753-468E-A67E-3FCF45F12B89}.Release|ARM.ActiveCfg = Release|Any CPU
		{F662E15A-8753-468E-A67E-3FCF45F12B89}.Release|ARM.Build.0 = Release|Any CPU
		{F662E15A-8753-468E-A67E-3FCF45F12B89}.Release|iPhone.ActiveCfg = Release|Any CPU
		{F662E15A-8753-468E-A67E-3FCF45F12B89}.Release|iPhone.Build.0 = Release|Any CPU
		{F662E15A-8753-468E-A67E-3FCF45F12B89}.Release|iPhoneSimulator.ActiveCfg = Release|Any CPU
		{F662E15A-8753-468E-A67E-3FCF45F12B89}.Release|iPhoneSimulator.Build.0 = Release|Any CPU
		{F662E15A-8753-468E-A67E-3FCF45F12B89}.Release|Mixed Platforms.ActiveCfg = Release|Any CPU
		{F662E15A-8753-468E-A67E-3FCF45F12B89}.Release|Mixed Platforms.Build.0 = Release|Any CPU
		{F662E15A-8753-468E-A67E-3FCF45F12B89}.Release|x64.ActiveCfg = Release|Any CPU
		{F662E15A-8753-468E-A67E-3FCF45F12B89}.Release|x64.Build.0 = Release|Any CPU
		{F662E15A-8753-468E-A67E-3FCF45F12B89}.Release|x86.ActiveCfg = Release|Any CPU
		{F662E15A-8753-468E-A67E-3FCF45F12B89}.Release|x86.Build.0 = Release|Any CPU
		{C129735F-5D4B-40BE-9410-F43E548FFF5E}.Ad-Hoc|Any CPU.ActiveCfg = Release|Any CPU
		{C129735F-5D4B-40BE-9410-F43E548FFF5E}.Ad-Hoc|Any CPU.Build.0 = Release|Any CPU
		{C129735F-5D4B-40BE-9410-F43E548FFF5E}.Ad-Hoc|ARM.ActiveCfg = Release|Any CPU
		{C129735F-5D4B-40BE-9410-F43E548FFF5E}.Ad-Hoc|ARM.Build.0 = Release|Any CPU
		{C129735F-5D4B-40BE-9410-F43E548FFF5E}.Ad-Hoc|iPhone.ActiveCfg = Release|Any CPU
		{C129735F-5D4B-40BE-9410-F43E548FFF5E}.Ad-Hoc|iPhone.Build.0 = Release|Any CPU
		{C129735F-5D4B-40BE-9410-F43E548FFF5E}.Ad-Hoc|iPhoneSimulator.ActiveCfg = Release|Any CPU
		{C129735F-5D4B-40BE-9410-F43E548FFF5E}.Ad-Hoc|iPhoneSimulator.Build.0 = Release|Any CPU
		{C129735F-5D4B-40BE-9410-F43E548FFF5E}.Ad-Hoc|Mixed Platforms.ActiveCfg = Release|Any CPU
		{C129735F-5D4B-40BE-9410-F43E548FFF5E}.Ad-Hoc|Mixed Platforms.Build.0 = Release|Any CPU
		{C129735F-5D4B-40BE-9410-F43E548FFF5E}.Ad-Hoc|x64.ActiveCfg = Release|Any CPU
		{C129735F-5D4B-40BE-9410-F43E548FFF5E}.Ad-Hoc|x64.Build.0 = Release|Any CPU
		{C129735F-5D4B-40BE-9410-F43E548FFF5E}.Ad-Hoc|x86.ActiveCfg = Release|Any CPU
		{C129735F-5D4B-40BE-9410-F43E548FFF5E}.Ad-Hoc|x86.Build.0 = Release|Any CPU
		{C129735F-5D4B-40BE-9410-F43E548FFF5E}.AppStore|Any CPU.ActiveCfg = Release|Any CPU
		{C129735F-5D4B-40BE-9410-F43E548FFF5E}.AppStore|Any CPU.Build.0 = Release|Any CPU
		{C129735F-5D4B-40BE-9410-F43E548FFF5E}.AppStore|ARM.ActiveCfg = Release|Any CPU
		{C129735F-5D4B-40BE-9410-F43E548FFF5E}.AppStore|ARM.Build.0 = Release|Any CPU
		{C129735F-5D4B-40BE-9410-F43E548FFF5E}.AppStore|iPhone.ActiveCfg = Release|Any CPU
		{C129735F-5D4B-40BE-9410-F43E548FFF5E}.AppStore|iPhone.Build.0 = Release|Any CPU
		{C129735F-5D4B-40BE-9410-F43E548FFF5E}.AppStore|iPhoneSimulator.ActiveCfg = Release|Any CPU
		{C129735F-5D4B-40BE-9410-F43E548FFF5E}.AppStore|iPhoneSimulator.Build.0 = Release|Any CPU
		{C129735F-5D4B-40BE-9410-F43E548FFF5E}.AppStore|Mixed Platforms.ActiveCfg = Release|Any CPU
		{C129735F-5D4B-40BE-9410-F43E548FFF5E}.AppStore|Mixed Platforms.Build.0 = Release|Any CPU
		{C129735F-5D4B-40BE-9410-F43E548FFF5E}.AppStore|x64.ActiveCfg = Release|Any CPU
		{C129735F-5D4B-40BE-9410-F43E548FFF5E}.AppStore|x64.Build.0 = Release|Any CPU
		{C129735F-5D4B-40BE-9410-F43E548FFF5E}.AppStore|x86.ActiveCfg = Release|Any CPU
		{C129735F-5D4B-40BE-9410-F43E548FFF5E}.AppStore|x86.Build.0 = Release|Any CPU
		{C129735F-5D4B-40BE-9410-F43E548FFF5E}.Debug|Any CPU.ActiveCfg = Debug|Any CPU
		{C129735F-5D4B-40BE-9410-F43E548FFF5E}.Debug|Any CPU.Build.0 = Debug|Any CPU
		{C129735F-5D4B-40BE-9410-F43E548FFF5E}.Debug|ARM.ActiveCfg = Debug|Any CPU
		{C129735F-5D4B-40BE-9410-F43E548FFF5E}.Debug|ARM.Build.0 = Debug|Any CPU
		{C129735F-5D4B-40BE-9410-F43E548FFF5E}.Debug|iPhone.ActiveCfg = Debug|Any CPU
		{C129735F-5D4B-40BE-9410-F43E548FFF5E}.Debug|iPhone.Build.0 = Debug|Any CPU
		{C129735F-5D4B-40BE-9410-F43E548FFF5E}.Debug|iPhoneSimulator.ActiveCfg = Debug|Any CPU
		{C129735F-5D4B-40BE-9410-F43E548FFF5E}.Debug|iPhoneSimulator.Build.0 = Debug|Any CPU
		{C129735F-5D4B-40BE-9410-F43E548FFF5E}.Debug|Mixed Platforms.ActiveCfg = Debug|Any CPU
		{C129735F-5D4B-40BE-9410-F43E548FFF5E}.Debug|Mixed Platforms.Build.0 = Debug|Any CPU
		{C129735F-5D4B-40BE-9410-F43E548FFF5E}.Debug|x64.ActiveCfg = Debug|Any CPU
		{C129735F-5D4B-40BE-9410-F43E548FFF5E}.Debug|x64.Build.0 = Debug|Any CPU
		{C129735F-5D4B-40BE-9410-F43E548FFF5E}.Debug|x86.ActiveCfg = Debug|Any CPU
		{C129735F-5D4B-40BE-9410-F43E548FFF5E}.Debug|x86.Build.0 = Debug|Any CPU
		{C129735F-5D4B-40BE-9410-F43E548FFF5E}.Release|Any CPU.ActiveCfg = Release|Any CPU
		{C129735F-5D4B-40BE-9410-F43E548FFF5E}.Release|Any CPU.Build.0 = Release|Any CPU
		{C129735F-5D4B-40BE-9410-F43E548FFF5E}.Release|ARM.ActiveCfg = Release|Any CPU
		{C129735F-5D4B-40BE-9410-F43E548FFF5E}.Release|ARM.Build.0 = Release|Any CPU
		{C129735F-5D4B-40BE-9410-F43E548FFF5E}.Release|iPhone.ActiveCfg = Release|Any CPU
		{C129735F-5D4B-40BE-9410-F43E548FFF5E}.Release|iPhone.Build.0 = Release|Any CPU
		{C129735F-5D4B-40BE-9410-F43E548FFF5E}.Release|iPhoneSimulator.ActiveCfg = Release|Any CPU
		{C129735F-5D4B-40BE-9410-F43E548FFF5E}.Release|iPhoneSimulator.Build.0 = Release|Any CPU
		{C129735F-5D4B-40BE-9410-F43E548FFF5E}.Release|Mixed Platforms.ActiveCfg = Release|Any CPU
		{C129735F-5D4B-40BE-9410-F43E548FFF5E}.Release|Mixed Platforms.Build.0 = Release|Any CPU
		{C129735F-5D4B-40BE-9410-F43E548FFF5E}.Release|x64.ActiveCfg = Release|Any CPU
		{C129735F-5D4B-40BE-9410-F43E548FFF5E}.Release|x64.Build.0 = Release|Any CPU
		{C129735F-5D4B-40BE-9410-F43E548FFF5E}.Release|x86.ActiveCfg = Release|Any CPU
		{C129735F-5D4B-40BE-9410-F43E548FFF5E}.Release|x86.Build.0 = Release|Any CPU
		{9E5D6B89-B69B-486B-9F7B-406BE8690589}.Ad-Hoc|Any CPU.ActiveCfg = Release|Any CPU
		{9E5D6B89-B69B-486B-9F7B-406BE8690589}.Ad-Hoc|Any CPU.Build.0 = Release|Any CPU
		{9E5D6B89-B69B-486B-9F7B-406BE8690589}.Ad-Hoc|ARM.ActiveCfg = Release|Any CPU
		{9E5D6B89-B69B-486B-9F7B-406BE8690589}.Ad-Hoc|iPhone.ActiveCfg = Release|Any CPU
		{9E5D6B89-B69B-486B-9F7B-406BE8690589}.Ad-Hoc|iPhoneSimulator.ActiveCfg = Release|Any CPU
		{9E5D6B89-B69B-486B-9F7B-406BE8690589}.Ad-Hoc|Mixed Platforms.ActiveCfg = Release|Any CPU
		{9E5D6B89-B69B-486B-9F7B-406BE8690589}.Ad-Hoc|Mixed Platforms.Build.0 = Release|Any CPU
		{9E5D6B89-B69B-486B-9F7B-406BE8690589}.Ad-Hoc|x64.ActiveCfg = Release|Any CPU
		{9E5D6B89-B69B-486B-9F7B-406BE8690589}.Ad-Hoc|x86.ActiveCfg = Release|Any CPU
		{9E5D6B89-B69B-486B-9F7B-406BE8690589}.AppStore|Any CPU.ActiveCfg = Release|Any CPU
		{9E5D6B89-B69B-486B-9F7B-406BE8690589}.AppStore|Any CPU.Build.0 = Release|Any CPU
		{9E5D6B89-B69B-486B-9F7B-406BE8690589}.AppStore|ARM.ActiveCfg = Release|Any CPU
		{9E5D6B89-B69B-486B-9F7B-406BE8690589}.AppStore|iPhone.ActiveCfg = Release|Any CPU
		{9E5D6B89-B69B-486B-9F7B-406BE8690589}.AppStore|iPhoneSimulator.ActiveCfg = Release|Any CPU
		{9E5D6B89-B69B-486B-9F7B-406BE8690589}.AppStore|Mixed Platforms.ActiveCfg = Release|Any CPU
		{9E5D6B89-B69B-486B-9F7B-406BE8690589}.AppStore|Mixed Platforms.Build.0 = Release|Any CPU
		{9E5D6B89-B69B-486B-9F7B-406BE8690589}.AppStore|x64.ActiveCfg = Release|Any CPU
		{9E5D6B89-B69B-486B-9F7B-406BE8690589}.AppStore|x86.ActiveCfg = Release|Any CPU
		{9E5D6B89-B69B-486B-9F7B-406BE8690589}.Debug|Any CPU.ActiveCfg = Debug|Any CPU
		{9E5D6B89-B69B-486B-9F7B-406BE8690589}.Debug|Any CPU.Build.0 = Debug|Any CPU
		{9E5D6B89-B69B-486B-9F7B-406BE8690589}.Debug|ARM.ActiveCfg = Debug|Any CPU
		{9E5D6B89-B69B-486B-9F7B-406BE8690589}.Debug|iPhone.ActiveCfg = Debug|Any CPU
		{9E5D6B89-B69B-486B-9F7B-406BE8690589}.Debug|iPhoneSimulator.ActiveCfg = Debug|Any CPU
		{9E5D6B89-B69B-486B-9F7B-406BE8690589}.Debug|Mixed Platforms.ActiveCfg = Debug|Any CPU
		{9E5D6B89-B69B-486B-9F7B-406BE8690589}.Debug|Mixed Platforms.Build.0 = Debug|Any CPU
		{9E5D6B89-B69B-486B-9F7B-406BE8690589}.Debug|x64.ActiveCfg = Debug|Any CPU
		{9E5D6B89-B69B-486B-9F7B-406BE8690589}.Debug|x86.ActiveCfg = Debug|Any CPU
		{9E5D6B89-B69B-486B-9F7B-406BE8690589}.Release|Any CPU.ActiveCfg = Release|Any CPU
		{9E5D6B89-B69B-486B-9F7B-406BE8690589}.Release|Any CPU.Build.0 = Release|Any CPU
		{9E5D6B89-B69B-486B-9F7B-406BE8690589}.Release|ARM.ActiveCfg = Release|Any CPU
		{9E5D6B89-B69B-486B-9F7B-406BE8690589}.Release|iPhone.ActiveCfg = Release|Any CPU
		{9E5D6B89-B69B-486B-9F7B-406BE8690589}.Release|iPhoneSimulator.ActiveCfg = Release|Any CPU
		{9E5D6B89-B69B-486B-9F7B-406BE8690589}.Release|Mixed Platforms.ActiveCfg = Release|Any CPU
		{9E5D6B89-B69B-486B-9F7B-406BE8690589}.Release|Mixed Platforms.Build.0 = Release|Any CPU
		{9E5D6B89-B69B-486B-9F7B-406BE8690589}.Release|x64.ActiveCfg = Release|Any CPU
		{9E5D6B89-B69B-486B-9F7B-406BE8690589}.Release|x86.ActiveCfg = Release|Any CPU
		{4971D437-0694-4297-A8CC-146CE08C3BD9}.Ad-Hoc|Any CPU.ActiveCfg = Release|Any CPU
		{4971D437-0694-4297-A8CC-146CE08C3BD9}.Ad-Hoc|Any CPU.Build.0 = Release|Any CPU
		{4971D437-0694-4297-A8CC-146CE08C3BD9}.Ad-Hoc|ARM.ActiveCfg = Release|Any CPU
		{4971D437-0694-4297-A8CC-146CE08C3BD9}.Ad-Hoc|iPhone.ActiveCfg = Release|Any CPU
		{4971D437-0694-4297-A8CC-146CE08C3BD9}.Ad-Hoc|iPhoneSimulator.ActiveCfg = Release|Any CPU
		{4971D437-0694-4297-A8CC-146CE08C3BD9}.Ad-Hoc|Mixed Platforms.ActiveCfg = Release|Any CPU
		{4971D437-0694-4297-A8CC-146CE08C3BD9}.Ad-Hoc|Mixed Platforms.Build.0 = Release|Any CPU
		{4971D437-0694-4297-A8CC-146CE08C3BD9}.Ad-Hoc|x64.ActiveCfg = Release|Any CPU
		{4971D437-0694-4297-A8CC-146CE08C3BD9}.Ad-Hoc|x86.ActiveCfg = Release|Any CPU
		{4971D437-0694-4297-A8CC-146CE08C3BD9}.AppStore|Any CPU.ActiveCfg = Release|Any CPU
		{4971D437-0694-4297-A8CC-146CE08C3BD9}.AppStore|Any CPU.Build.0 = Release|Any CPU
		{4971D437-0694-4297-A8CC-146CE08C3BD9}.AppStore|ARM.ActiveCfg = Release|Any CPU
		{4971D437-0694-4297-A8CC-146CE08C3BD9}.AppStore|iPhone.ActiveCfg = Release|Any CPU
		{4971D437-0694-4297-A8CC-146CE08C3BD9}.AppStore|iPhoneSimulator.ActiveCfg = Release|Any CPU
		{4971D437-0694-4297-A8CC-146CE08C3BD9}.AppStore|Mixed Platforms.ActiveCfg = Release|Any CPU
		{4971D437-0694-4297-A8CC-146CE08C3BD9}.AppStore|Mixed Platforms.Build.0 = Release|Any CPU
		{4971D437-0694-4297-A8CC-146CE08C3BD9}.AppStore|x64.ActiveCfg = Release|Any CPU
		{4971D437-0694-4297-A8CC-146CE08C3BD9}.AppStore|x86.ActiveCfg = Release|Any CPU
		{4971D437-0694-4297-A8CC-146CE08C3BD9}.Debug|Any CPU.ActiveCfg = Debug|Any CPU
		{4971D437-0694-4297-A8CC-146CE08C3BD9}.Debug|Any CPU.Build.0 = Debug|Any CPU
		{4971D437-0694-4297-A8CC-146CE08C3BD9}.Debug|ARM.ActiveCfg = Debug|Any CPU
		{4971D437-0694-4297-A8CC-146CE08C3BD9}.Debug|iPhone.ActiveCfg = Debug|Any CPU
		{4971D437-0694-4297-A8CC-146CE08C3BD9}.Debug|iPhoneSimulator.ActiveCfg = Debug|Any CPU
		{4971D437-0694-4297-A8CC-146CE08C3BD9}.Debug|iPhoneSimulator.Build.0 = Debug|Any CPU
		{4971D437-0694-4297-A8CC-146CE08C3BD9}.Debug|Mixed Platforms.ActiveCfg = Debug|Any CPU
		{4971D437-0694-4297-A8CC-146CE08C3BD9}.Debug|Mixed Platforms.Build.0 = Debug|Any CPU
		{4971D437-0694-4297-A8CC-146CE08C3BD9}.Debug|x64.ActiveCfg = Debug|Any CPU
		{4971D437-0694-4297-A8CC-146CE08C3BD9}.Debug|x86.ActiveCfg = Debug|Any CPU
		{4971D437-0694-4297-A8CC-146CE08C3BD9}.Release|Any CPU.ActiveCfg = Release|Any CPU
		{4971D437-0694-4297-A8CC-146CE08C3BD9}.Release|Any CPU.Build.0 = Release|Any CPU
		{4971D437-0694-4297-A8CC-146CE08C3BD9}.Release|ARM.ActiveCfg = Release|Any CPU
		{4971D437-0694-4297-A8CC-146CE08C3BD9}.Release|iPhone.ActiveCfg = Release|Any CPU
		{4971D437-0694-4297-A8CC-146CE08C3BD9}.Release|iPhoneSimulator.ActiveCfg = Release|Any CPU
		{4971D437-0694-4297-A8CC-146CE08C3BD9}.Release|Mixed Platforms.ActiveCfg = Release|Any CPU
		{4971D437-0694-4297-A8CC-146CE08C3BD9}.Release|Mixed Platforms.Build.0 = Release|Any CPU
		{4971D437-0694-4297-A8CC-146CE08C3BD9}.Release|x64.ActiveCfg = Release|Any CPU
		{4971D437-0694-4297-A8CC-146CE08C3BD9}.Release|x86.ActiveCfg = Release|Any CPU
		{3AB34E91-8E1A-442F-8E66-2494B371A890}.Ad-Hoc|Any CPU.ActiveCfg = Release|Any CPU
		{3AB34E91-8E1A-442F-8E66-2494B371A890}.Ad-Hoc|Any CPU.Build.0 = Release|Any CPU
		{3AB34E91-8E1A-442F-8E66-2494B371A890}.Ad-Hoc|ARM.ActiveCfg = Release|Any CPU
		{3AB34E91-8E1A-442F-8E66-2494B371A890}.Ad-Hoc|iPhone.ActiveCfg = Release|Any CPU
		{3AB34E91-8E1A-442F-8E66-2494B371A890}.Ad-Hoc|iPhoneSimulator.ActiveCfg = Release|Any CPU
		{3AB34E91-8E1A-442F-8E66-2494B371A890}.Ad-Hoc|Mixed Platforms.ActiveCfg = Release|Any CPU
		{3AB34E91-8E1A-442F-8E66-2494B371A890}.Ad-Hoc|Mixed Platforms.Build.0 = Release|Any CPU
		{3AB34E91-8E1A-442F-8E66-2494B371A890}.Ad-Hoc|x64.ActiveCfg = Release|Any CPU
		{3AB34E91-8E1A-442F-8E66-2494B371A890}.Ad-Hoc|x86.ActiveCfg = Release|Any CPU
		{3AB34E91-8E1A-442F-8E66-2494B371A890}.AppStore|Any CPU.ActiveCfg = Release|Any CPU
		{3AB34E91-8E1A-442F-8E66-2494B371A890}.AppStore|Any CPU.Build.0 = Release|Any CPU
		{3AB34E91-8E1A-442F-8E66-2494B371A890}.AppStore|ARM.ActiveCfg = Release|Any CPU
		{3AB34E91-8E1A-442F-8E66-2494B371A890}.AppStore|iPhone.ActiveCfg = Release|Any CPU
		{3AB34E91-8E1A-442F-8E66-2494B371A890}.AppStore|iPhoneSimulator.ActiveCfg = Release|Any CPU
		{3AB34E91-8E1A-442F-8E66-2494B371A890}.AppStore|Mixed Platforms.ActiveCfg = Release|Any CPU
		{3AB34E91-8E1A-442F-8E66-2494B371A890}.AppStore|Mixed Platforms.Build.0 = Release|Any CPU
		{3AB34E91-8E1A-442F-8E66-2494B371A890}.AppStore|x64.ActiveCfg = Release|Any CPU
		{3AB34E91-8E1A-442F-8E66-2494B371A890}.AppStore|x86.ActiveCfg = Release|Any CPU
		{3AB34E91-8E1A-442F-8E66-2494B371A890}.Debug|Any CPU.ActiveCfg = Debug|Any CPU
		{3AB34E91-8E1A-442F-8E66-2494B371A890}.Debug|Any CPU.Build.0 = Debug|Any CPU
		{3AB34E91-8E1A-442F-8E66-2494B371A890}.Debug|ARM.ActiveCfg = Debug|Any CPU
		{3AB34E91-8E1A-442F-8E66-2494B371A890}.Debug|iPhone.ActiveCfg = Debug|Any CPU
		{3AB34E91-8E1A-442F-8E66-2494B371A890}.Debug|iPhoneSimulator.ActiveCfg = Debug|Any CPU
		{3AB34E91-8E1A-442F-8E66-2494B371A890}.Debug|iPhoneSimulator.Build.0 = Debug|Any CPU
		{3AB34E91-8E1A-442F-8E66-2494B371A890}.Debug|Mixed Platforms.ActiveCfg = Debug|Any CPU
		{3AB34E91-8E1A-442F-8E66-2494B371A890}.Debug|Mixed Platforms.Build.0 = Debug|Any CPU
		{3AB34E91-8E1A-442F-8E66-2494B371A890}.Debug|x64.ActiveCfg = Debug|Any CPU
		{3AB34E91-8E1A-442F-8E66-2494B371A890}.Debug|x86.ActiveCfg = Debug|Any CPU
		{3AB34E91-8E1A-442F-8E66-2494B371A890}.Release|Any CPU.ActiveCfg = Release|Any CPU
		{3AB34E91-8E1A-442F-8E66-2494B371A890}.Release|Any CPU.Build.0 = Release|Any CPU
		{3AB34E91-8E1A-442F-8E66-2494B371A890}.Release|ARM.ActiveCfg = Release|Any CPU
		{3AB34E91-8E1A-442F-8E66-2494B371A890}.Release|iPhone.ActiveCfg = Release|Any CPU
		{3AB34E91-8E1A-442F-8E66-2494B371A890}.Release|iPhoneSimulator.ActiveCfg = Release|Any CPU
		{3AB34E91-8E1A-442F-8E66-2494B371A890}.Release|Mixed Platforms.ActiveCfg = Release|Any CPU
		{3AB34E91-8E1A-442F-8E66-2494B371A890}.Release|Mixed Platforms.Build.0 = Release|Any CPU
		{3AB34E91-8E1A-442F-8E66-2494B371A890}.Release|x64.ActiveCfg = Release|Any CPU
		{3AB34E91-8E1A-442F-8E66-2494B371A890}.Release|x86.ActiveCfg = Release|Any CPU
	EndGlobalSection
	GlobalSection(SolutionProperties) = preSolution
		HideSolutionNode = FALSE
	EndGlobalSection
	GlobalSection(NestedProjects) = preSolution
		{03799AD1-9FCF-48CB-8E6E-B233DF583B10} = {59584026-7610-4CD5-A74E-D2B0A2E1CE87}
		{BFF4B373-2844-40AD-8994-2BA5AC42AEE0} = {0C4021EF-617B-4620-ADD3-A702B4F9FA86}
		{F662E15A-8753-468E-A67E-3FCF45F12B89} = {59584026-7610-4CD5-A74E-D2B0A2E1CE87}
		{C129735F-5D4B-40BE-9410-F43E548FFF5E} = {0C4021EF-617B-4620-ADD3-A702B4F9FA86}
		{9E5D6B89-B69B-486B-9F7B-406BE8690589} = {49C7015B-F41A-47A6-8200-B925902E74E9}
	EndGlobalSection
EndGlobal
