
Microsoft Visual Studio Solution File, Format Version 11.00
# Visual Studio 2010
Project("{FAE04EC0-301F-11D3-BF4B-00C04F79EFBC}") = "StocksTouch", "StocksTouch.csproj", "{082A4687-D717-4879-8AB1-3CE2BE1F16A0}"
EndProject
Global
	GlobalSection(SolutionConfigurationPlatforms) = preSolution
		Debug|iPhoneSimulator = Debug|iPhoneSimulator
		Release|iPhoneSimulator = Release|iPhoneSimulator
		Debug|iPhone = Debug|iPhone
		Release|iPhone = Release|iPhone
	EndGlobalSection
	GlobalSection(ProjectConfigurationPlatforms) = postSolution
		{082A4687-D717-4879-8AB1-3CE2BE1F16A0}.Debug|iPhone.ActiveCfg = Debug|iPhone
		{082A4687-D717-4879-8AB1-3CE2BE1F16A0}.Debug|iPhone.Build.0 = Debug|iPhone
		{082A4687-D717-4879-8AB1-3CE2BE1F16A0}.Debug|iPhoneSimulator.ActiveCfg = Debug|iPhoneSimulator
		{082A4687-D717-4879-8AB1-3CE2BE1F16A0}.Debug|iPhoneSimulator.Build.0 = Debug|iPhoneSimulator
		{082A4687-D717-4879-8AB1-3CE2BE1F16A0}.Release|iPhone.ActiveCfg = Release|iPhone
		{082A4687-D717-4879-8AB1-3CE2BE1F16A0}.Release|iPhone.Build.0 = Release|iPhone
		{082A4687-D717-4879-8AB1-3CE2BE1F16A0}.Release|iPhoneSimulator.ActiveCfg = Release|iPhoneSimulator
		{082A4687-D717-4879-8AB1-3CE2BE1F16A0}.Release|iPhoneSimulator.Build.0 = Release|iPhoneSimulator
	EndGlobalSection
	GlobalSection(MonoDevelopProperties) = preSolution
		StartupItem = StocksTouch.csproj
	EndGlobalSection
EndGlobal
