
Microsoft Visual Studio Solution File, Format Version 10.00
# Visual Studio 2008
Project("{FAE04EC0-301F-11D3-BF4B-00C04F79EFBC}") = "Stocks", "Stocks.csproj", "{9E5D6B89-B69B-486B-9F7B-406BE8690589}"
EndProject
Global
	GlobalSection(SolutionConfigurationPlatforms) = preSolution
		Debug|Any CPU = Debug|Any CPU
		Release|Any CPU = Release|Any CPU
	EndGlobalSection
	GlobalSection(ProjectConfigurationPlatforms) = postSolution
		{9E5D6B89-B69B-486B-9F7B-406BE8690589}.Debug|Any CPU.ActiveCfg = Debug|Any CPU
		{9E5D6B89-B69B-486B-9F7B-406BE8690589}.Debug|Any CPU.Build.0 = Debug|Any CPU
		{9E5D6B89-B69B-486B-9F7B-406BE8690589}.Release|Any CPU.ActiveCfg = Release|Any CPU
		{9E5D6B89-B69B-486B-9F7B-406BE8690589}.Release|Any CPU.Build.0 = Release|Any CPU
	EndGlobalSection
	GlobalSection(MonoDevelopProperties) = preSolution
		StartupItem = Stocks.csproj
	EndGlobalSection
EndGlobal
